// !$*UTF8*$!
{
	archiveVersion = 1;
	classes = {
	};
	objectVersion = 46;
	objects = {

/* Begin PBXBuildFile section */
		B2054D831AF477C700DC2C00 /* LanternTests.swift in Sources */ = {isa = PBXBuildFile; fileRef = B2054D821AF477C700DC2C00 /* LanternTests.swift */; };
		B2054DB11AF494A300DC2C00 /* PageInfoRequest.swift in Sources */ = {isa = PBXBuildFile; fileRef = B2054DB01AF494A300DC2C00 /* PageInfoRequest.swift */; };
		B20DB3881B0F020500E57532 /* Fabric.framework in Frameworks */ = {isa = PBXBuildFile; fileRef = B20DB3861B0F020500E57532 /* Fabric.framework */; };
		B20DB3891B0F020500E57532 /* Fabric.framework in Frameworks */ = {isa = PBXBuildFile; fileRef = B20DB3861B0F020500E57532 /* Fabric.framework */; };
		B20DB38A1B0F020500E57532 /* Crashlytics.framework in Frameworks */ = {isa = PBXBuildFile; fileRef = B20DB3871B0F020500E57532 /* Crashlytics.framework */; };
		B20DB38B1B0F020500E57532 /* Crashlytics.framework in Frameworks */ = {isa = PBXBuildFile; fileRef = B20DB3871B0F020500E57532 /* Crashlytics.framework */; };
		B2134AAC1AE9F5D800ACDDE3 /* StatsViewController.swift in Sources */ = {isa = PBXBuildFile; fileRef = B2134AAB1AE9F5D800ACDDE3 /* StatsViewController.swift */; };
		B22425F81AC8F8B200809EF0 /* HoverlyticsModel.h in Headers */ = {isa = PBXBuildFile; fileRef = B22425F71AC8F8B200809EF0 /* HoverlyticsModel.h */; settings = {ATTRIBUTES = (Public, ); }; };
		B22425FE1AC8F8B200809EF0 /* LanternModel.framework in Frameworks */ = {isa = PBXBuildFile; fileRef = B22425F31AC8F8B200809EF0 /* LanternModel.framework */; };
		B22426071AC8F8B200809EF0 /* HoverlyticsModelTests.swift in Sources */ = {isa = PBXBuildFile; fileRef = B22426061AC8F8B200809EF0 /* HoverlyticsModelTests.swift */; };
		B224260A1AC8F8B200809EF0 /* LanternModel.framework in Frameworks */ = {isa = PBXBuildFile; fileRef = B22425F31AC8F8B200809EF0 /* LanternModel.framework */; };
		B22426141AC8F8DB00809EF0 /* Site.swift in Sources */ = {isa = PBXBuildFile; fileRef = B22426131AC8F8DB00809EF0 /* Site.swift */; };
		B22766261AEE62060083FE8C /* SourcePreviewViewController.swift in Sources */ = {isa = PBXBuildFile; fileRef = B22766251AEE62060083FE8C /* SourcePreviewViewController.swift */; };
		B22766281AEF36DA0083FE8C /* PageMapper+Filtering.swift in Sources */ = {isa = PBXBuildFile; fileRef = B22766271AEF36DA0083FE8C /* PageMapper+Filtering.swift */; };
		B22766291AEF37360083FE8C /* PageMapper.swift in Sources */ = {isa = PBXBuildFile; fileRef = B2134AAD1AE9F97F00ACDDE3 /* PageMapper.swift */; };
		B227662D1AEF382E0083FE8C /* PageMapper+InfoPresenting.swift in Sources */ = {isa = PBXBuildFile; fileRef = B227662C1AEF382E0083FE8C /* PageMapper+InfoPresenting.swift */; };
		B227662F1AEF42A90083FE8C /* ValidatedStringValue.swift in Sources */ = {isa = PBXBuildFile; fileRef = B227662E1AEF42A90083FE8C /* ValidatedStringValue.swift */; };
		B22766311AEF4DFC0083FE8C /* PageMapper+Validating.swift in Sources */ = {isa = PBXBuildFile; fileRef = B22766301AEF4DFC0083FE8C /* PageMapper+Validating.swift */; };
		B22766331AEF51430083FE8C /* PageInfo.swift in Sources */ = {isa = PBXBuildFile; fileRef = B22766321AEF51430083FE8C /* PageInfo.swift */; };
		B22766351AEF67920083FE8C /* UniqueURLArray.swift in Sources */ = {isa = PBXBuildFile; fileRef = B22766341AEF67920083FE8C /* UniqueURLArray.swift */; };
		B227663A1AEFB6DB0083FE8C /* Dictionary+UpdateClosure.swift in Sources */ = {isa = PBXBuildFile; fileRef = B22766391AEFB6DB0083FE8C /* Dictionary+UpdateClosure.swift */; };
		B22876251AF3A3CD00A8A4A2 /* MainState.swift in Sources */ = {isa = PBXBuildFile; fileRef = B2C4A9401ACA3203000F1566 /* MainState.swift */; };
		B22876271AF3A4D800A8A4A2 /* SiteMenuItem.swift in Sources */ = {isa = PBXBuildFile; fileRef = B22876261AF3A4D800A8A4A2 /* SiteMenuItem.swift */; };
		B22B7D951AC6B9090026AEDB /* AppDelegate.swift in Sources */ = {isa = PBXBuildFile; fileRef = B22B7D941AC6B9090026AEDB /* AppDelegate.swift */; };
		B22B7D971AC6B9090026AEDB /* ViewController.swift in Sources */ = {isa = PBXBuildFile; fileRef = B22B7D961AC6B9090026AEDB /* ViewController.swift */; };
		B22B7D991AC6B9090026AEDB /* Images.xcassets in Resources */ = {isa = PBXBuildFile; fileRef = B22B7D981AC6B9090026AEDB /* Images.xcassets */; };
		B22B7D9C1AC6B9090026AEDB /* Main.storyboard in Resources */ = {isa = PBXBuildFile; fileRef = B22B7D9A1AC6B9090026AEDB /* Main.storyboard */; };
		B22B7DA81AC6B9090026AEDB /* Hoverlytics_for_MacTests.swift in Sources */ = {isa = PBXBuildFile; fileRef = B22B7DA71AC6B9090026AEDB /* Hoverlytics_for_MacTests.swift */; };
		B22B7DB41AC6B9870026AEDB /* NSViewController+PGWSConstraintConvenience.m in Sources */ = {isa = PBXBuildFile; fileRef = B22B7DB31AC6B9870026AEDB /* NSViewController+PGWSConstraintConvenience.m */; };
		B22B7DB71AC77CAC0026AEDB /* MainWindowController.swift in Sources */ = {isa = PBXBuildFile; fileRef = B22B7DB61AC77CAC0026AEDB /* MainWindowController.swift */; };
		B22B7DB91AC77D420026AEDB /* PageViewController.swift in Sources */ = {isa = PBXBuildFile; fileRef = B22B7DB81AC77D420026AEDB /* PageViewController.swift */; };
		B22B7DBB1AC77EF20026AEDB /* Page.storyboard in Resources */ = {isa = PBXBuildFile; fileRef = B22B7DBA1AC77EF20026AEDB /* Page.storyboard */; };
		B22B7DBD1AC782DD0026AEDB /* insertHoverlytics.js in Resources */ = {isa = PBXBuildFile; fileRef = B22B7DBC1AC782DD0026AEDB /* insertHoverlytics.js */; };
		B23966E01ACD316E00C6A420 /* windowClose.js in Resources */ = {isa = PBXBuildFile; fileRef = B23966DF1ACD316E00C6A420 /* windowClose.js */; };
		B23966E21ACD36FF00C6A420 /* userAgent.js in Resources */ = {isa = PBXBuildFile; fileRef = B23966E11ACD36FF00C6A420 /* userAgent.js */; };
		B23966EA1ACD45BD00C6A420 /* panelAuthorizationChanged.js in Resources */ = {isa = PBXBuildFile; fileRef = B23966E91ACD45BC00C6A420 /* panelAuthorizationChanged.js */; };
		B23966EC1ACD518E00C6A420 /* setPanelAuthorizationToken.js in Resources */ = {isa = PBXBuildFile; fileRef = B23966EB1ACD518E00C6A420 /* setPanelAuthorizationToken.js */; };
		B23E29EA1AE73DF6009A94E5 /* console.js in Resources */ = {isa = PBXBuildFile; fileRef = B23E29E91AE73DF6009A94E5 /* console.js */; };
		B23E29EC1AE73F03009A94E5 /* WKUserContentController+bundledScripts.swift in Sources */ = {isa = PBXBuildFile; fileRef = B23E29EB1AE73F03009A94E5 /* WKUserContentController+bundledScripts.swift */; };
		B23EA59E1ACA5F6A009B4032 /* ValueValidation.swift in Sources */ = {isa = PBXBuildFile; fileRef = B23EA59D1ACA5F6A009B4032 /* ValueValidation.swift */; };
		B250205D1B01AE8700ABAE96 /* CrawlerPreferences.swift in Sources */ = {isa = PBXBuildFile; fileRef = B25020581B01AD3600ABAE96 /* CrawlerPreferences.swift */; };
		B25020611B01B66400ABAE96 /* CrawlerMenuController.swift in Sources */ = {isa = PBXBuildFile; fileRef = B250205E1B01B3AE00ABAE96 /* CrawlerMenuController.swift */; };
		B25020631B01C15900ABAE96 /* LanternModel.framework in Frameworks */ = {isa = PBXBuildFile; fileRef = B22425F31AC8F8B200809EF0 /* LanternModel.framework */; };
		B25020681B01F4E000ABAE96 /* LanternModel.framework in Embed Frameworks */ = {isa = PBXBuildFile; fileRef = B22425F31AC8F8B200809EF0 /* LanternModel.framework */; settings = {ATTRIBUTES = (CodeSignOnCopy, RemoveHeadersOnCopy, ); }; };
		B25033121AF5C2C7006A2AE7 /* Ono.framework in Frameworks */ = {isa = PBXBuildFile; fileRef = B25033111AF5C2C7006A2AE7 /* Ono.framework */; };
		B25033151AF5C789006A2AE7 /* LanternModel.framework in Embed Frameworks */ = {isa = PBXBuildFile; fileRef = B22425F31AC8F8B200809EF0 /* LanternModel.framework */; settings = {ATTRIBUTES = (CodeSignOnCopy, RemoveHeadersOnCopy, ); }; };
		B25033181AF5C9A5006A2AE7 /* libxml2.dylib in Frameworks */ = {isa = PBXBuildFile; fileRef = B25033131AF5C2D0006A2AE7 /* libxml2.dylib */; };
		B250331D1AF5E2FB006A2AE7 /* Alamofire.framework in CopyFiles */ = {isa = PBXBuildFile; fileRef = B2D563221AF5BF8A006DE202 /* Alamofire.framework */; settings = {ATTRIBUTES = (CodeSignOnCopy, RemoveHeadersOnCopy, ); }; };
		B250331E1AF5E30B006A2AE7 /* Ono.framework in CopyFiles */ = {isa = PBXBuildFile; fileRef = B25033111AF5C2C7006A2AE7 /* Ono.framework */; settings = {ATTRIBUTES = (CodeSignOnCopy, RemoveHeadersOnCopy, ); }; };
		B25033461AF5E5B0006A2AE7 /* Main.storyboard in Resources */ = {isa = PBXBuildFile; fileRef = B22B7D9A1AC6B9090026AEDB /* Main.storyboard */; };
		B25033471AF5E5B0006A2AE7 /* MainView.storyboard in Resources */ = {isa = PBXBuildFile; fileRef = B2E2693C1AE9E9200044BE04 /* MainView.storyboard */; };
		B25033481AF5E5B0006A2AE7 /* ContentPreview.storyboard in Resources */ = {isa = PBXBuildFile; fileRef = B2B542C61AF0A09600073464 /* ContentPreview.storyboard */; };
		B25033491AF5E5B0006A2AE7 /* windowClose.js in Resources */ = {isa = PBXBuildFile; fileRef = B23966DF1ACD316E00C6A420 /* windowClose.js */; };
		B250334A1AF5E5B0006A2AE7 /* Images.xcassets in Resources */ = {isa = PBXBuildFile; fileRef = B2054D731AF477C700DC2C00 /* Images.xcassets */; };
		B250334B1AF5E5B0006A2AE7 /* SiteSettings.storyboard in Resources */ = {isa = PBXBuildFile; fileRef = B2A63B5E1AC8DAA0004CEBE1 /* SiteSettings.storyboard */; };
		B250334C1AF5E5B0006A2AE7 /* userAgent.js in Resources */ = {isa = PBXBuildFile; fileRef = B23966E11ACD36FF00C6A420 /* userAgent.js */; };
		B250334D1AF5E5B0006A2AE7 /* console.js in Resources */ = {isa = PBXBuildFile; fileRef = B23E29E91AE73DF6009A94E5 /* console.js */; };
		B250334E1AF5E5B0006A2AE7 /* Page.storyboard in Resources */ = {isa = PBXBuildFile; fileRef = B22B7DBA1AC77EF20026AEDB /* Page.storyboard */; };
		B25033591AF5E79F006A2AE7 /* AppDelegate.swift in Sources */ = {isa = PBXBuildFile; fileRef = B22B7D941AC6B9090026AEDB /* AppDelegate.swift */; };
		B250335A1AF5E7A7006A2AE7 /* MainWindowController.swift in Sources */ = {isa = PBXBuildFile; fileRef = B22B7DB61AC77CAC0026AEDB /* MainWindowController.swift */; };
		B250335B1AF5E7AF006A2AE7 /* MainState.swift in Sources */ = {isa = PBXBuildFile; fileRef = B2C4A9401ACA3203000F1566 /* MainState.swift */; };
		B250335C1AF5E7AF006A2AE7 /* MainSection.swift in Sources */ = {isa = PBXBuildFile; fileRef = B2E2693A1AE9E5130044BE04 /* MainSection.swift */; };
		B250335D1AF5E7B5006A2AE7 /* ViewController.swift in Sources */ = {isa = PBXBuildFile; fileRef = B22B7D961AC6B9090026AEDB /* ViewController.swift */; };
		B250335E1AF5E7BC006A2AE7 /* PageViewController.swift in Sources */ = {isa = PBXBuildFile; fileRef = B22B7DB81AC77D420026AEDB /* PageViewController.swift */; };
		B25033601AF5E7C4006A2AE7 /* SourcePreviewViewController.swift in Sources */ = {isa = PBXBuildFile; fileRef = B22766251AEE62060083FE8C /* SourcePreviewViewController.swift */; };
		B25033611AF5E7CD006A2AE7 /* WKUserContentController+bundledScripts.swift in Sources */ = {isa = PBXBuildFile; fileRef = B23E29EB1AE73F03009A94E5 /* WKUserContentController+bundledScripts.swift */; };
		B25033621AF5E7D7006A2AE7 /* SiteMenuItem.swift in Sources */ = {isa = PBXBuildFile; fileRef = B22876261AF3A4D800A8A4A2 /* SiteMenuItem.swift */; };
		B25033631AF5E7D7006A2AE7 /* SiteSettingsViewController.swift in Sources */ = {isa = PBXBuildFile; fileRef = B2A63B601AC8DACD004CEBE1 /* SiteSettingsViewController.swift */; };
		B268DC971B1B569C0095BBB9 /* EnabledFeatures.swift in Sources */ = {isa = PBXBuildFile; fileRef = B268DC961B1B569C0095BBB9 /* EnabledFeatures.swift */; };
		B27F48C91B64D25B003F1215 /* ValueStorable.swift in Sources */ = {isa = PBXBuildFile; fileRef = B27F48C81B64D25B003F1215 /* ValueStorable.swift */; };
		B27F48CD1B64DF8A003F1215 /* BurntFoundation.framework in Frameworks */ = {isa = PBXBuildFile; fileRef = B27F48CB1B64DF8A003F1215 /* BurntFoundation.framework */; };
		B27F48CE1B64E452003F1215 /* BurntCocoaUI.framework in Frameworks */ = {isa = PBXBuildFile; fileRef = B27F48CA1B64DF8A003F1215 /* BurntCocoaUI.framework */; };
		B27F48CF1B64E452003F1215 /* BurntCocoaUI.framework in Embed Frameworks */ = {isa = PBXBuildFile; fileRef = B27F48CA1B64DF8A003F1215 /* BurntCocoaUI.framework */; settings = {ATTRIBUTES = (CodeSignOnCopy, RemoveHeadersOnCopy, ); }; };
		B27F48D11B64E452003F1215 /* BurntFoundation.framework in Embed Frameworks */ = {isa = PBXBuildFile; fileRef = B27F48CB1B64DF8A003F1215 /* BurntFoundation.framework */; settings = {ATTRIBUTES = (CodeSignOnCopy, RemoveHeadersOnCopy, ); }; };
		B2A63B5F1AC8DAA0004CEBE1 /* SiteSettings.storyboard in Resources */ = {isa = PBXBuildFile; fileRef = B2A63B5E1AC8DAA0004CEBE1 /* SiteSettings.storyboard */; };
		B2A63B611AC8DACD004CEBE1 /* SiteSettingsViewController.swift in Sources */ = {isa = PBXBuildFile; fileRef = B2A63B601AC8DACD004CEBE1 /* SiteSettingsViewController.swift */; };
		B2B542C11AF0980E00073464 /* NSData+ONOXMLDocument.swift in Sources */ = {isa = PBXBuildFile; fileRef = B2B542C01AF0980E00073464 /* NSData+ONOXMLDocument.swift */; };
		B2B542C31AF09C0000073464 /* ONOXMLDocument+StringEncoding.swift in Sources */ = {isa = PBXBuildFile; fileRef = B2B542C21AF09C0000073464 /* ONOXMLDocument+StringEncoding.swift */; };
		B2B542C71AF0A09600073464 /* ContentPreview.storyboard in Resources */ = {isa = PBXBuildFile; fileRef = B2B542C61AF0A09600073464 /* ContentPreview.storyboard */; };
		B2C4A93F1ACA31F0000F1566 /* ModelManager.swift in Sources */ = {isa = PBXBuildFile; fileRef = B2C4A93E1ACA31F0000F1566 /* ModelManager.swift */; };
		B2D39B001AF5ECEB003D6738 /* StatsViewController.swift in Sources */ = {isa = PBXBuildFile; fileRef = B2134AAB1AE9F5D800ACDDE3 /* StatsViewController.swift */; };
		B2D39B041AF5F074003D6738 /* NSViewController+PGWSConstraintConvenience.m in Sources */ = {isa = PBXBuildFile; fileRef = B22B7DB31AC6B9870026AEDB /* NSViewController+PGWSConstraintConvenience.m */; };
		B2D39B0B1AF64533003D6738 /* PageMapper+LinkFiltering.swift in Sources */ = {isa = PBXBuildFile; fileRef = B2D39B0A1AF64533003D6738 /* PageMapper+LinkFiltering.swift */; };
		B2D39B0E1AF64F3C003D6738 /* ContentPreview.swift in Sources */ = {isa = PBXBuildFile; fileRef = B2D39B0C1AF64EB5003D6738 /* ContentPreview.swift */; };
		B2D39B111AF650A1003D6738 /* MultipleStringPreviewViewController.swift in Sources */ = {isa = PBXBuildFile; fileRef = B2D39B0F1AF64FB6003D6738 /* MultipleStringPreviewViewController.swift */; };
		B2D39B131AF65188003D6738 /* ValidatedStringValue+Presentation.swift in Sources */ = {isa = PBXBuildFile; fileRef = B2D39B121AF65188003D6738 /* ValidatedStringValue+Presentation.swift */; };
		B2D39B141AF65188003D6738 /* ValidatedStringValue+Presentation.swift in Sources */ = {isa = PBXBuildFile; fileRef = B2D39B121AF65188003D6738 /* ValidatedStringValue+Presentation.swift */; };
		B2D39B161AF665D5003D6738 /* TableView-OutlineView-Subclass.swift in Sources */ = {isa = PBXBuildFile; fileRef = B2D39B151AF665D5003D6738 /* TableView-OutlineView-Subclass.swift */; };
		B2D39B171AF665D5003D6738 /* TableView-OutlineView-Subclass.swift in Sources */ = {isa = PBXBuildFile; fileRef = B2D39B151AF665D5003D6738 /* TableView-OutlineView-Subclass.swift */; };
		B2D39B461AF6F494003D6738 /* ImagePreviewViewController.swift in Sources */ = {isa = PBXBuildFile; fileRef = B2D39B451AF6F494003D6738 /* ImagePreviewViewController.swift */; };
		B2D39B471AF6F494003D6738 /* ImagePreviewViewController.swift in Sources */ = {isa = PBXBuildFile; fileRef = B2D39B451AF6F494003D6738 /* ImagePreviewViewController.swift */; };
		B2D563241AF5BF8A006DE202 /* Alamofire.framework in Frameworks */ = {isa = PBXBuildFile; fileRef = B2D563221AF5BF8A006DE202 /* Alamofire.framework */; };
		B2E000001B007F500073CB8A /* BrowserMenuController.swift in Sources */ = {isa = PBXBuildFile; fileRef = B2E0FFFF1B007F500073CB8A /* BrowserMenuController.swift */; };
		B2E0FFFC1AFB37580073CB8A /* SiteEssentialsInfo.swift in Sources */ = {isa = PBXBuildFile; fileRef = B2E0FFFB1AFB37580073CB8A /* SiteEssentialsInfo.swift */; };
		B2E0FFFE1B0078590073CB8A /* BrowserPreferences.swift in Sources */ = {isa = PBXBuildFile; fileRef = B2E0FFFD1B0078580073CB8A /* BrowserPreferences.swift */; };
		B2E2693B1AE9E5130044BE04 /* MainSection.swift in Sources */ = {isa = PBXBuildFile; fileRef = B2E2693A1AE9E5130044BE04 /* MainSection.swift */; };
		B2E2693D1AE9E9200044BE04 /* MainView.storyboard in Resources */ = {isa = PBXBuildFile; fileRef = B2E2693C1AE9E9200044BE04 /* MainView.storyboard */; };
		B2EAB9121AF74D8000A1F185 /* NSEvent+extension.swift in Sources */ = {isa = PBXBuildFile; fileRef = B2EAB9111AF74D8000A1F185 /* NSEvent+extension.swift */; };
		B2EAB9131AF74DDD00A1F185 /* NSEvent+extension.swift in Sources */ = {isa = PBXBuildFile; fileRef = B2EAB9111AF74D8000A1F185 /* NSEvent+extension.swift */; };
		B2EAB9151AF7A12F00A1F185 /* Credits.rtf in Resources */ = {isa = PBXBuildFile; fileRef = B2EAB9141AF7A12F00A1F185 /* Credits.rtf */; };
		B2ECF3231B1B523800A96024 /* BurntList.framework in Frameworks */ = {isa = PBXBuildFile; fileRef = B2ECF3221B1B523800A96024 /* BurntList.framework */; };
		B2ECF3241B1B523800A96024 /* BurntList.framework in Embed Frameworks */ = {isa = PBXBuildFile; fileRef = B2ECF3221B1B523800A96024 /* BurntList.framework */; settings = {ATTRIBUTES = (CodeSignOnCopy, RemoveHeadersOnCopy, ); }; };
/* End PBXBuildFile section */

/* Begin PBXContainerItemProxy section */
		B22425FF1AC8F8B200809EF0 /* PBXContainerItemProxy */ = {
			isa = PBXContainerItemProxy;
			containerPortal = B22B7D871AC6B9090026AEDB /* Project object */;
			proxyType = 1;
			remoteGlobalIDString = B22425F21AC8F8B200809EF0;
			remoteInfo = HoverlyticsModel;
		};
		B22426011AC8F8B200809EF0 /* PBXContainerItemProxy */ = {
			isa = PBXContainerItemProxy;
			containerPortal = B22B7D871AC6B9090026AEDB /* Project object */;
			proxyType = 1;
			remoteGlobalIDString = B22B7D8E1AC6B9090026AEDB;
			remoteInfo = Hoverlytics;
		};
		B22426081AC8F8B200809EF0 /* PBXContainerItemProxy */ = {
			isa = PBXContainerItemProxy;
			containerPortal = B22B7D871AC6B9090026AEDB /* Project object */;
			proxyType = 1;
			remoteGlobalIDString = B22425F21AC8F8B200809EF0;
			remoteInfo = HoverlyticsModel;
		};
		B22B7DA21AC6B9090026AEDB /* PBXContainerItemProxy */ = {
			isa = PBXContainerItemProxy;
			containerPortal = B22B7D871AC6B9090026AEDB /* Project object */;
			proxyType = 1;
			remoteGlobalIDString = B22B7D8E1AC6B9090026AEDB;
			remoteInfo = "Hoverlytics for Mac";
		};
		B25020651B01C15900ABAE96 /* PBXContainerItemProxy */ = {
			isa = PBXContainerItemProxy;
			containerPortal = B22B7D871AC6B9090026AEDB /* Project object */;
			proxyType = 1;
			remoteGlobalIDString = B22425F21AC8F8B200809EF0;
			remoteInfo = HoverlyticsModel;
		};
		B25033571AF5E73E006A2AE7 /* PBXContainerItemProxy */ = {
			isa = PBXContainerItemProxy;
			containerPortal = B22B7D871AC6B9090026AEDB /* Project object */;
			proxyType = 1;
			remoteGlobalIDString = B25033301AF5E5B0006A2AE7;
			remoteInfo = Lantern;
		};
		B2D39AFE1AF5EBA3003D6738 /* PBXContainerItemProxy */ = {
			isa = PBXContainerItemProxy;
			containerPortal = B22B7D871AC6B9090026AEDB /* Project object */;
			proxyType = 1;
			remoteGlobalIDString = B25033301AF5E5B0006A2AE7;
			remoteInfo = Lantern;
		};
/* End PBXContainerItemProxy section */

/* Begin PBXCopyFilesBuildPhase section */
		B22425E91AC8F7CB00809EF0 /* Embed Frameworks */ = {
			isa = PBXCopyFilesBuildPhase;
			buildActionMask = 2147483647;
			dstPath = "";
			dstSubfolderSpec = 10;
			files = (
				B25033151AF5C789006A2AE7 /* LanternModel.framework in Embed Frameworks */,
			);
			name = "Embed Frameworks";
			runOnlyForDeploymentPostprocessing = 0;
		};
		B25020671B01C15A00ABAE96 /* Embed Frameworks */ = {
			isa = PBXCopyFilesBuildPhase;
			buildActionMask = 2147483647;
			dstPath = "";
			dstSubfolderSpec = 10;
			files = (
				B2ECF3241B1B523800A96024 /* BurntList.framework in Embed Frameworks */,
				B27F48CF1B64E452003F1215 /* BurntCocoaUI.framework in Embed Frameworks */,
				B25020681B01F4E000ABAE96 /* LanternModel.framework in Embed Frameworks */,
				B27F48D11B64E452003F1215 /* BurntFoundation.framework in Embed Frameworks */,
			);
			name = "Embed Frameworks";
			runOnlyForDeploymentPostprocessing = 0;
		};
		B250331C1AF5E2F0006A2AE7 /* CopyFiles */ = {
			isa = PBXCopyFilesBuildPhase;
			buildActionMask = 2147483647;
			dstPath = "";
			dstSubfolderSpec = 10;
			files = (
				B250331E1AF5E30B006A2AE7 /* Ono.framework in CopyFiles */,
				B250331D1AF5E2FB006A2AE7 /* Alamofire.framework in CopyFiles */,
			);
			runOnlyForDeploymentPostprocessing = 0;
		};
/* End PBXCopyFilesBuildPhase section */

/* Begin PBXFileReference section */
		B2054D6E1AF477C700DC2C00 /* Info.plist */ = {isa = PBXFileReference; lastKnownFileType = text.plist.xml; path = Info.plist; sourceTree = "<group>"; };
		B2054D731AF477C700DC2C00 /* Images.xcassets */ = {isa = PBXFileReference; lastKnownFileType = folder.assetcatalog; path = Images.xcassets; sourceTree = "<group>"; };
		B2054D7C1AF477C700DC2C00 /* LanternTests.xctest */ = {isa = PBXFileReference; explicitFileType = wrapper.cfbundle; includeInIndex = 0; path = LanternTests.xctest; sourceTree = BUILT_PRODUCTS_DIR; };
		B2054D811AF477C700DC2C00 /* Info.plist */ = {isa = PBXFileReference; lastKnownFileType = text.plist.xml; path = Info.plist; sourceTree = "<group>"; };
		B2054D821AF477C700DC2C00 /* LanternTests.swift */ = {isa = PBXFileReference; lastKnownFileType = sourcecode.swift; path = LanternTests.swift; sourceTree = "<group>"; };
		B2054D8F1AF4780500DC2C00 /* Lantern.entitlements */ = {isa = PBXFileReference; lastKnownFileType = text.xml; path = Lantern.entitlements; sourceTree = "<group>"; };
		B2054DB01AF494A300DC2C00 /* PageInfoRequest.swift */ = {isa = PBXFileReference; fileEncoding = 4; lastKnownFileType = sourcecode.swift; path = PageInfoRequest.swift; sourceTree = "<group>"; };
		B20DB3861B0F020500E57532 /* Fabric.framework */ = {isa = PBXFileReference; lastKnownFileType = wrapper.framework; path = Fabric.framework; sourceTree = "<group>"; };
		B20DB3871B0F020500E57532 /* Crashlytics.framework */ = {isa = PBXFileReference; lastKnownFileType = wrapper.framework; path = Crashlytics.framework; sourceTree = "<group>"; };
		B2134AAB1AE9F5D800ACDDE3 /* StatsViewController.swift */ = {isa = PBXFileReference; fileEncoding = 4; lastKnownFileType = sourcecode.swift; name = StatsViewController.swift; path = ../Hoverlytics/StatsViewController.swift; sourceTree = "<group>"; };
		B2134AAD1AE9F97F00ACDDE3 /* PageMapper.swift */ = {isa = PBXFileReference; fileEncoding = 4; lastKnownFileType = sourcecode.swift; path = PageMapper.swift; sourceTree = "<group>"; };
		B22425F31AC8F8B200809EF0 /* LanternModel.framework */ = {isa = PBXFileReference; explicitFileType = wrapper.framework; includeInIndex = 0; path = LanternModel.framework; sourceTree = BUILT_PRODUCTS_DIR; };
		B22425F61AC8F8B200809EF0 /* Info.plist */ = {isa = PBXFileReference; lastKnownFileType = text.plist.xml; path = Info.plist; sourceTree = "<group>"; };
		B22425F71AC8F8B200809EF0 /* HoverlyticsModel.h */ = {isa = PBXFileReference; lastKnownFileType = sourcecode.c.h; path = HoverlyticsModel.h; sourceTree = "<group>"; };
		B22425FD1AC8F8B200809EF0 /* LanternModelTests.xctest */ = {isa = PBXFileReference; explicitFileType = wrapper.cfbundle; includeInIndex = 0; path = LanternModelTests.xctest; sourceTree = BUILT_PRODUCTS_DIR; };
		B22426051AC8F8B200809EF0 /* Info.plist */ = {isa = PBXFileReference; lastKnownFileType = text.plist.xml; path = Info.plist; sourceTree = "<group>"; };
		B22426061AC8F8B200809EF0 /* HoverlyticsModelTests.swift */ = {isa = PBXFileReference; lastKnownFileType = sourcecode.swift; path = HoverlyticsModelTests.swift; sourceTree = "<group>"; };
		B22426131AC8F8DB00809EF0 /* Site.swift */ = {isa = PBXFileReference; fileEncoding = 4; lastKnownFileType = sourcecode.swift; path = Site.swift; sourceTree = "<group>"; };
		B22766251AEE62060083FE8C /* SourcePreviewViewController.swift */ = {isa = PBXFileReference; fileEncoding = 4; lastKnownFileType = sourcecode.swift; path = SourcePreviewViewController.swift; sourceTree = "<group>"; };
		B22766271AEF36DA0083FE8C /* PageMapper+Filtering.swift */ = {isa = PBXFileReference; fileEncoding = 4; lastKnownFileType = sourcecode.swift; path = "PageMapper+Filtering.swift"; sourceTree = "<group>"; };
		B227662C1AEF382E0083FE8C /* PageMapper+InfoPresenting.swift */ = {isa = PBXFileReference; fileEncoding = 4; lastKnownFileType = sourcecode.swift; path = "PageMapper+InfoPresenting.swift"; sourceTree = "<group>"; };
		B227662E1AEF42A90083FE8C /* ValidatedStringValue.swift */ = {isa = PBXFileReference; fileEncoding = 4; lastKnownFileType = sourcecode.swift; path = ValidatedStringValue.swift; sourceTree = "<group>"; };
		B22766301AEF4DFC0083FE8C /* PageMapper+Validating.swift */ = {isa = PBXFileReference; fileEncoding = 4; lastKnownFileType = sourcecode.swift; path = "PageMapper+Validating.swift"; sourceTree = "<group>"; };
		B22766321AEF51430083FE8C /* PageInfo.swift */ = {isa = PBXFileReference; fileEncoding = 4; lastKnownFileType = sourcecode.swift; path = PageInfo.swift; sourceTree = "<group>"; };
		B22766341AEF67920083FE8C /* UniqueURLArray.swift */ = {isa = PBXFileReference; fileEncoding = 4; lastKnownFileType = sourcecode.swift; path = UniqueURLArray.swift; sourceTree = "<group>"; };
		B22766391AEFB6DB0083FE8C /* Dictionary+UpdateClosure.swift */ = {isa = PBXFileReference; fileEncoding = 4; lastKnownFileType = sourcecode.swift; path = "Dictionary+UpdateClosure.swift"; sourceTree = "<group>"; };
		B22876261AF3A4D800A8A4A2 /* SiteMenuItem.swift */ = {isa = PBXFileReference; fileEncoding = 4; lastKnownFileType = sourcecode.swift; name = SiteMenuItem.swift; path = ../Hoverlytics/SiteMenuItem.swift; sourceTree = "<group>"; };
		B22B7D8F1AC6B9090026AEDB /* Hoverlytics.app */ = {isa = PBXFileReference; explicitFileType = wrapper.application; includeInIndex = 0; path = Hoverlytics.app; sourceTree = BUILT_PRODUCTS_DIR; };
		B22B7D931AC6B9090026AEDB /* Info.plist */ = {isa = PBXFileReference; lastKnownFileType = text.plist.xml; path = Info.plist; sourceTree = "<group>"; };
		B22B7D941AC6B9090026AEDB /* AppDelegate.swift */ = {isa = PBXFileReference; lastKnownFileType = sourcecode.swift; name = AppDelegate.swift; path = ../Hoverlytics/AppDelegate.swift; sourceTree = "<group>"; };
		B22B7D961AC6B9090026AEDB /* ViewController.swift */ = {isa = PBXFileReference; lastKnownFileType = sourcecode.swift; name = ViewController.swift; path = ../Hoverlytics/ViewController.swift; sourceTree = "<group>"; };
		B22B7D981AC6B9090026AEDB /* Images.xcassets */ = {isa = PBXFileReference; lastKnownFileType = folder.assetcatalog; path = Images.xcassets; sourceTree = "<group>"; };
		B22B7D9B1AC6B9090026AEDB /* Base */ = {isa = PBXFileReference; lastKnownFileType = file.storyboard; name = Base; path = Base.lproj/Main.storyboard; sourceTree = "<group>"; };
		B22B7DA11AC6B9090026AEDB /* HoverlyticsTests.xctest */ = {isa = PBXFileReference; explicitFileType = wrapper.cfbundle; includeInIndex = 0; path = HoverlyticsTests.xctest; sourceTree = BUILT_PRODUCTS_DIR; };
		B22B7DA61AC6B9090026AEDB /* Info.plist */ = {isa = PBXFileReference; lastKnownFileType = text.plist.xml; path = Info.plist; sourceTree = "<group>"; };
		B22B7DA71AC6B9090026AEDB /* Hoverlytics_for_MacTests.swift */ = {isa = PBXFileReference; lastKnownFileType = sourcecode.swift; path = Hoverlytics_for_MacTests.swift; sourceTree = "<group>"; };
		B22B7DB11AC6B9860026AEDB /* Lantern-Bridging-Header.h */ = {isa = PBXFileReference; lastKnownFileType = sourcecode.c.h; name = "Lantern-Bridging-Header.h"; path = "../Hoverlytics/Lantern-Bridging-Header.h"; sourceTree = "<group>"; };
		B22B7DB21AC6B9870026AEDB /* NSViewController+PGWSConstraintConvenience.h */ = {isa = PBXFileReference; fileEncoding = 4; lastKnownFileType = sourcecode.c.h; path = "NSViewController+PGWSConstraintConvenience.h"; sourceTree = "<group>"; };
		B22B7DB31AC6B9870026AEDB /* NSViewController+PGWSConstraintConvenience.m */ = {isa = PBXFileReference; fileEncoding = 4; lastKnownFileType = sourcecode.c.objc; path = "NSViewController+PGWSConstraintConvenience.m"; sourceTree = "<group>"; };
		B22B7DB61AC77CAC0026AEDB /* MainWindowController.swift */ = {isa = PBXFileReference; fileEncoding = 4; lastKnownFileType = sourcecode.swift; name = MainWindowController.swift; path = ../Hoverlytics/MainWindowController.swift; sourceTree = "<group>"; };
		B22B7DB81AC77D420026AEDB /* PageViewController.swift */ = {isa = PBXFileReference; fileEncoding = 4; lastKnownFileType = sourcecode.swift; name = PageViewController.swift; path = ../Hoverlytics/PageViewController.swift; sourceTree = "<group>"; };
		B22B7DBA1AC77EF20026AEDB /* Page.storyboard */ = {isa = PBXFileReference; fileEncoding = 4; lastKnownFileType = file.storyboard; name = Page.storyboard; path = ../Hoverlytics/Page.storyboard; sourceTree = "<group>"; };
		B22B7DBC1AC782DD0026AEDB /* insertHoverlytics.js */ = {isa = PBXFileReference; fileEncoding = 4; lastKnownFileType = sourcecode.javascript; name = insertHoverlytics.js; path = ../Hoverlytics/insertHoverlytics.js; sourceTree = "<group>"; };
		B22B7DBE1AC785B20026AEDB /* Hoverlytics.entitlements */ = {isa = PBXFileReference; lastKnownFileType = text.xml; path = Hoverlytics.entitlements; sourceTree = "<group>"; };
		B23966DF1ACD316E00C6A420 /* windowClose.js */ = {isa = PBXFileReference; fileEncoding = 4; lastKnownFileType = sourcecode.javascript; name = windowClose.js; path = ../Hoverlytics/windowClose.js; sourceTree = "<group>"; };
		B23966E11ACD36FF00C6A420 /* userAgent.js */ = {isa = PBXFileReference; fileEncoding = 4; lastKnownFileType = sourcecode.javascript; name = userAgent.js; path = ../Hoverlytics/userAgent.js; sourceTree = "<group>"; };
		B23966E91ACD45BC00C6A420 /* panelAuthorizationChanged.js */ = {isa = PBXFileReference; fileEncoding = 4; lastKnownFileType = sourcecode.javascript; name = panelAuthorizationChanged.js; path = ../Hoverlytics/panelAuthorizationChanged.js; sourceTree = "<group>"; };
		B23966EB1ACD518E00C6A420 /* setPanelAuthorizationToken.js */ = {isa = PBXFileReference; fileEncoding = 4; lastKnownFileType = sourcecode.javascript; name = setPanelAuthorizationToken.js; path = ../Hoverlytics/setPanelAuthorizationToken.js; sourceTree = "<group>"; };
		B23E29E91AE73DF6009A94E5 /* console.js */ = {isa = PBXFileReference; fileEncoding = 4; lastKnownFileType = sourcecode.javascript; name = console.js; path = ../Hoverlytics/console.js; sourceTree = "<group>"; };
		B23E29EB1AE73F03009A94E5 /* WKUserContentController+bundledScripts.swift */ = {isa = PBXFileReference; fileEncoding = 4; lastKnownFileType = sourcecode.swift; name = "WKUserContentController+bundledScripts.swift"; path = "../Hoverlytics/WKUserContentController+bundledScripts.swift"; sourceTree = "<group>"; };
		B23EA59D1ACA5F6A009B4032 /* ValueValidation.swift */ = {isa = PBXFileReference; fileEncoding = 4; lastKnownFileType = sourcecode.swift; path = ValueValidation.swift; sourceTree = "<group>"; };
		B25020581B01AD3600ABAE96 /* CrawlerPreferences.swift */ = {isa = PBXFileReference; fileEncoding = 4; lastKnownFileType = sourcecode.swift; path = CrawlerPreferences.swift; sourceTree = "<group>"; };
		B250205E1B01B3AE00ABAE96 /* CrawlerMenuController.swift */ = {isa = PBXFileReference; fileEncoding = 4; lastKnownFileType = sourcecode.swift; path = CrawlerMenuController.swift; sourceTree = "<group>"; };
		B25033111AF5C2C7006A2AE7 /* Ono.framework */ = {isa = PBXFileReference; lastKnownFileType = wrapper.framework; name = Ono.framework; path = Carthage/Build/Mac/Ono.framework; sourceTree = "<group>"; };
		B25033131AF5C2D0006A2AE7 /* libxml2.dylib */ = {isa = PBXFileReference; lastKnownFileType = "compiled.mach-o.dylib"; name = libxml2.dylib; path = usr/lib/libxml2.dylib; sourceTree = SDKROOT; };
		B25033541AF5E5B0006A2AE7 /* Lantern.app */ = {isa = PBXFileReference; explicitFileType = wrapper.application; includeInIndex = 0; path = Lantern.app; sourceTree = BUILT_PRODUCTS_DIR; };
		B268DC961B1B569C0095BBB9 /* EnabledFeatures.swift */ = {isa = PBXFileReference; fileEncoding = 4; lastKnownFileType = sourcecode.swift; path = EnabledFeatures.swift; sourceTree = "<group>"; };
		B27F48C81B64D25B003F1215 /* ValueStorable.swift */ = {isa = PBXFileReference; fileEncoding = 4; lastKnownFileType = sourcecode.swift; path = ValueStorable.swift; sourceTree = "<group>"; };
		B27F48CA1B64DF8A003F1215 /* BurntCocoaUI.framework */ = {isa = PBXFileReference; lastKnownFileType = wrapper.framework; name = BurntCocoaUI.framework; path = Carthage/Build/Mac/BurntCocoaUI.framework; sourceTree = "<group>"; };
		B27F48CB1B64DF8A003F1215 /* BurntFoundation.framework */ = {isa = PBXFileReference; lastKnownFileType = wrapper.framework; name = BurntFoundation.framework; path = Carthage/Build/Mac/BurntFoundation.framework; sourceTree = "<group>"; };
		B2A63B5E1AC8DAA0004CEBE1 /* SiteSettings.storyboard */ = {isa = PBXFileReference; fileEncoding = 4; lastKnownFileType = file.storyboard; name = SiteSettings.storyboard; path = ../Hoverlytics/SiteSettings.storyboard; sourceTree = "<group>"; };
		B2A63B601AC8DACD004CEBE1 /* SiteSettingsViewController.swift */ = {isa = PBXFileReference; fileEncoding = 4; lastKnownFileType = sourcecode.swift; name = SiteSettingsViewController.swift; path = ../Hoverlytics/SiteSettingsViewController.swift; sourceTree = "<group>"; };
		B2B542C01AF0980E00073464 /* NSData+ONOXMLDocument.swift */ = {isa = PBXFileReference; fileEncoding = 4; lastKnownFileType = sourcecode.swift; path = "NSData+ONOXMLDocument.swift"; sourceTree = "<group>"; };
		B2B542C21AF09C0000073464 /* ONOXMLDocument+StringEncoding.swift */ = {isa = PBXFileReference; fileEncoding = 4; lastKnownFileType = sourcecode.swift; path = "ONOXMLDocument+StringEncoding.swift"; sourceTree = "<group>"; };
		B2B542C61AF0A09600073464 /* ContentPreview.storyboard */ = {isa = PBXFileReference; fileEncoding = 4; lastKnownFileType = file.storyboard; path = ContentPreview.storyboard; sourceTree = "<group>"; };
		B2C4A93E1ACA31F0000F1566 /* ModelManager.swift */ = {isa = PBXFileReference; fileEncoding = 4; lastKnownFileType = sourcecode.swift; path = ModelManager.swift; sourceTree = "<group>"; };
		B2C4A9401ACA3203000F1566 /* MainState.swift */ = {isa = PBXFileReference; fileEncoding = 4; lastKnownFileType = sourcecode.swift; name = MainState.swift; path = Hoverlytics/MainState.swift; sourceTree = SOURCE_ROOT; };
		B2D24FB41B738FA30001B557 /* Cartfile */ = {isa = PBXFileReference; lastKnownFileType = text; path = Cartfile; sourceTree = "<group>"; };
		B2D39B081AF601C7003D6738 /* code-sign-frameworks.sh */ = {isa = PBXFileReference; lastKnownFileType = text.script.sh; path = "code-sign-frameworks.sh"; sourceTree = "<group>"; };
		B2D39B0A1AF64533003D6738 /* PageMapper+LinkFiltering.swift */ = {isa = PBXFileReference; fileEncoding = 4; lastKnownFileType = sourcecode.swift; path = "PageMapper+LinkFiltering.swift"; sourceTree = "<group>"; };
		B2D39B0C1AF64EB5003D6738 /* ContentPreview.swift */ = {isa = PBXFileReference; fileEncoding = 4; lastKnownFileType = sourcecode.swift; path = ContentPreview.swift; sourceTree = "<group>"; };
		B2D39B0F1AF64FB6003D6738 /* MultipleStringPreviewViewController.swift */ = {isa = PBXFileReference; fileEncoding = 4; lastKnownFileType = sourcecode.swift; path = MultipleStringPreviewViewController.swift; sourceTree = "<group>"; };
		B2D39B121AF65188003D6738 /* ValidatedStringValue+Presentation.swift */ = {isa = PBXFileReference; fileEncoding = 4; lastKnownFileType = sourcecode.swift; name = "ValidatedStringValue+Presentation.swift"; path = "../Hoverlytics/ValidatedStringValue+Presentation.swift"; sourceTree = "<group>"; };
		B2D39B151AF665D5003D6738 /* TableView-OutlineView-Subclass.swift */ = {isa = PBXFileReference; fileEncoding = 4; lastKnownFileType = sourcecode.swift; name = "TableView-OutlineView-Subclass.swift"; path = "../Hoverlytics/TableView-OutlineView-Subclass.swift"; sourceTree = "<group>"; };
		B2D39B451AF6F494003D6738 /* ImagePreviewViewController.swift */ = {isa = PBXFileReference; fileEncoding = 4; lastKnownFileType = sourcecode.swift; path = ImagePreviewViewController.swift; sourceTree = "<group>"; };
		B2D563221AF5BF8A006DE202 /* Alamofire.framework */ = {isa = PBXFileReference; lastKnownFileType = wrapper.framework; name = Alamofire.framework; path = Carthage/Build/Mac/Alamofire.framework; sourceTree = "<group>"; };
		B2E0FFFB1AFB37580073CB8A /* SiteEssentialsInfo.swift */ = {isa = PBXFileReference; fileEncoding = 4; lastKnownFileType = sourcecode.swift; path = SiteEssentialsInfo.swift; sourceTree = "<group>"; };
		B2E0FFFD1B0078580073CB8A /* BrowserPreferences.swift */ = {isa = PBXFileReference; fileEncoding = 4; lastKnownFileType = sourcecode.swift; path = BrowserPreferences.swift; sourceTree = "<group>"; };
		B2E0FFFF1B007F500073CB8A /* BrowserMenuController.swift */ = {isa = PBXFileReference; fileEncoding = 4; lastKnownFileType = sourcecode.swift; path = BrowserMenuController.swift; sourceTree = "<group>"; };
		B2E2693A1AE9E5130044BE04 /* MainSection.swift */ = {isa = PBXFileReference; fileEncoding = 4; lastKnownFileType = sourcecode.swift; name = MainSection.swift; path = ../Hoverlytics/MainSection.swift; sourceTree = "<group>"; };
		B2E2693C1AE9E9200044BE04 /* MainView.storyboard */ = {isa = PBXFileReference; fileEncoding = 4; lastKnownFileType = file.storyboard; name = MainView.storyboard; path = ../Hoverlytics/MainView.storyboard; sourceTree = "<group>"; };
		B2EAB9111AF74D8000A1F185 /* NSEvent+extension.swift */ = {isa = PBXFileReference; fileEncoding = 4; lastKnownFileType = sourcecode.swift; name = "NSEvent+extension.swift"; path = "../Hoverlytics/NSEvent+extension.swift"; sourceTree = "<group>"; };
		B2EAB9141AF7A12F00A1F185 /* Credits.rtf */ = {isa = PBXFileReference; fileEncoding = 4; lastKnownFileType = text.rtf; path = Credits.rtf; sourceTree = "<group>"; };
		B2ECF3221B1B523800A96024 /* BurntList.framework */ = {isa = PBXFileReference; lastKnownFileType = wrapper.framework; name = BurntList.framework; path = Carthage/Build/Mac/BurntList.framework; sourceTree = "<group>"; };
/* End PBXFileReference section */

/* Begin PBXFrameworksBuildPhase section */
		B2054D791AF477C700DC2C00 /* Frameworks */ = {
			isa = PBXFrameworksBuildPhase;
			buildActionMask = 2147483647;
			files = (
			);
			runOnlyForDeploymentPostprocessing = 0;
		};
		B22425EF1AC8F8B200809EF0 /* Frameworks */ = {
			isa = PBXFrameworksBuildPhase;
			buildActionMask = 2147483647;
			files = (
				B25033181AF5C9A5006A2AE7 /* libxml2.dylib in Frameworks */,
				B2D563241AF5BF8A006DE202 /* Alamofire.framework in Frameworks */,
				B25033121AF5C2C7006A2AE7 /* Ono.framework in Frameworks */,
			);
			runOnlyForDeploymentPostprocessing = 0;
		};
		B22425FA1AC8F8B200809EF0 /* Frameworks */ = {
			isa = PBXFrameworksBuildPhase;
			buildActionMask = 2147483647;
			files = (
				B22425FE1AC8F8B200809EF0 /* LanternModel.framework in Frameworks */,
			);
			runOnlyForDeploymentPostprocessing = 0;
		};
		B22B7D8C1AC6B9090026AEDB /* Frameworks */ = {
			isa = PBXFrameworksBuildPhase;
			buildActionMask = 2147483647;
			files = (
				B224260A1AC8F8B200809EF0 /* LanternModel.framework in Frameworks */,
				B20DB38A1B0F020500E57532 /* Crashlytics.framework in Frameworks */,
				B20DB3881B0F020500E57532 /* Fabric.framework in Frameworks */,
			);
			runOnlyForDeploymentPostprocessing = 0;
		};
		B22B7D9E1AC6B9090026AEDB /* Frameworks */ = {
			isa = PBXFrameworksBuildPhase;
			buildActionMask = 2147483647;
			files = (
			);
			runOnlyForDeploymentPostprocessing = 0;
		};
		B25033421AF5E5B0006A2AE7 /* Frameworks */ = {
			isa = PBXFrameworksBuildPhase;
			buildActionMask = 2147483647;
			files = (
				B2ECF3231B1B523800A96024 /* BurntList.framework in Frameworks */,
				B27F48CE1B64E452003F1215 /* BurntCocoaUI.framework in Frameworks */,
				B25020631B01C15900ABAE96 /* LanternModel.framework in Frameworks */,
				B20DB38B1B0F020500E57532 /* Crashlytics.framework in Frameworks */,
				B27F48CD1B64DF8A003F1215 /* BurntFoundation.framework in Frameworks */,
				B20DB3891B0F020500E57532 /* Fabric.framework in Frameworks */,
			);
			runOnlyForDeploymentPostprocessing = 0;
		};
/* End PBXFrameworksBuildPhase section */

/* Begin PBXGroup section */
		B2054D6C1AF477C700DC2C00 /* Lantern */ = {
			isa = PBXGroup;
			children = (
				B2054D8F1AF4780500DC2C00 /* Lantern.entitlements */,
				B22B7D941AC6B9090026AEDB /* AppDelegate.swift */,
				B22B7D9A1AC6B9090026AEDB /* Main.storyboard */,
				B2E2693C1AE9E9200044BE04 /* MainView.storyboard */,
				B2C4A9401ACA3203000F1566 /* MainState.swift */,
				B25020601B01B3B200ABAE96 /* Preferences */,
				B2E2693A1AE9E5130044BE04 /* MainSection.swift */,
				B22876261AF3A4D800A8A4A2 /* SiteMenuItem.swift */,
				B22B7DB61AC77CAC0026AEDB /* MainWindowController.swift */,
				B22B7D961AC6B9090026AEDB /* ViewController.swift */,
				B2A63B5E1AC8DAA0004CEBE1 /* SiteSettings.storyboard */,
				B2A63B601AC8DACD004CEBE1 /* SiteSettingsViewController.swift */,
				B2EAB9111AF74D8000A1F185 /* NSEvent+extension.swift */,
				B2D39B121AF65188003D6738 /* ValidatedStringValue+Presentation.swift */,
				B22B7DBA1AC77EF20026AEDB /* Page.storyboard */,
				B2D39B151AF665D5003D6738 /* TableView-OutlineView-Subclass.swift */,
				B22B7DB81AC77D420026AEDB /* PageViewController.swift */,
				B2134AAB1AE9F5D800ACDDE3 /* StatsViewController.swift */,
				B2D39B441AF6F482003D6738 /* Preview */,
				B23E29EB1AE73F03009A94E5 /* WKUserContentController+bundledScripts.swift */,
				B22B7DBC1AC782DD0026AEDB /* insertHoverlytics.js */,
				B23966E11ACD36FF00C6A420 /* userAgent.js */,
				B23966DF1ACD316E00C6A420 /* windowClose.js */,
				B23966E91ACD45BC00C6A420 /* panelAuthorizationChanged.js */,
				B23966EB1ACD518E00C6A420 /* setPanelAuthorizationToken.js */,
				B23E29E91AE73DF6009A94E5 /* console.js */,
				B22B7DB51AC6B98A0026AEDB /* Categories */,
				B22B7DB11AC6B9860026AEDB /* Lantern-Bridging-Header.h */,
				B2054D731AF477C700DC2C00 /* Images.xcassets */,
				B2054D6D1AF477C700DC2C00 /* Supporting Files */,
				B2D39B081AF601C7003D6738 /* code-sign-frameworks.sh */,
			);
			path = Lantern;
			sourceTree = "<group>";
		};
		B2054D6D1AF477C700DC2C00 /* Supporting Files */ = {
			isa = PBXGroup;
			children = (
				B2054D6E1AF477C700DC2C00 /* Info.plist */,
				B2EAB9141AF7A12F00A1F185 /* Credits.rtf */,
			);
			name = "Supporting Files";
			sourceTree = "<group>";
		};
		B2054D7F1AF477C700DC2C00 /* LanternTests */ = {
			isa = PBXGroup;
			children = (
				B2054D821AF477C700DC2C00 /* LanternTests.swift */,
				B2054D801AF477C700DC2C00 /* Supporting Files */,
			);
			path = LanternTests;
			sourceTree = "<group>";
		};
		B2054D801AF477C700DC2C00 /* Supporting Files */ = {
			isa = PBXGroup;
			children = (
				B2054D811AF477C700DC2C00 /* Info.plist */,
			);
			name = "Supporting Files";
			sourceTree = "<group>";
		};
		B22425F41AC8F8B200809EF0 /* LanternModel */ = {
			isa = PBXGroup;
			children = (
				B268DC961B1B569C0095BBB9 /* EnabledFeatures.swift */,
				B27F48C81B64D25B003F1215 /* ValueStorable.swift */,
				B2C4A93E1ACA31F0000F1566 /* ModelManager.swift */,
				B23EA59D1ACA5F6A009B4032 /* ValueValidation.swift */,
				B22426131AC8F8DB00809EF0 /* Site.swift */,
				B22766341AEF67920083FE8C /* UniqueURLArray.swift */,
				B22766391AEFB6DB0083FE8C /* Dictionary+UpdateClosure.swift */,
				B2B542C21AF09C0000073464 /* ONOXMLDocument+StringEncoding.swift */,
				B2B542C01AF0980E00073464 /* NSData+ONOXMLDocument.swift */,
				B227662E1AEF42A90083FE8C /* ValidatedStringValue.swift */,
				B22766321AEF51430083FE8C /* PageInfo.swift */,
				B2054DB01AF494A300DC2C00 /* PageInfoRequest.swift */,
				B2134AAD1AE9F97F00ACDDE3 /* PageMapper.swift */,
				B22766271AEF36DA0083FE8C /* PageMapper+Filtering.swift */,
				B2D39B0A1AF64533003D6738 /* PageMapper+LinkFiltering.swift */,
				B22766301AEF4DFC0083FE8C /* PageMapper+Validating.swift */,
				B227662C1AEF382E0083FE8C /* PageMapper+InfoPresenting.swift */,
				B2E0FFFB1AFB37580073CB8A /* SiteEssentialsInfo.swift */,
				B22425F71AC8F8B200809EF0 /* HoverlyticsModel.h */,
				B22425F51AC8F8B200809EF0 /* Supporting Files */,
			);
			path = LanternModel;
			sourceTree = "<group>";
		};
		B22425F51AC8F8B200809EF0 /* Supporting Files */ = {
			isa = PBXGroup;
			children = (
				B22425F61AC8F8B200809EF0 /* Info.plist */,
			);
			name = "Supporting Files";
			sourceTree = "<group>";
		};
		B22426031AC8F8B200809EF0 /* LanternModelTests */ = {
			isa = PBXGroup;
			children = (
				B22426061AC8F8B200809EF0 /* HoverlyticsModelTests.swift */,
				B22426041AC8F8B200809EF0 /* Supporting Files */,
			);
			path = LanternModelTests;
			sourceTree = "<group>";
		};
		B22426041AC8F8B200809EF0 /* Supporting Files */ = {
			isa = PBXGroup;
			children = (
				B22426051AC8F8B200809EF0 /* Info.plist */,
			);
			name = "Supporting Files";
			sourceTree = "<group>";
		};
		B22B7D861AC6B9090026AEDB = {
			isa = PBXGroup;
			children = (
				B2D9D8881B253D3100217300 /* Frameworks */,
				B22B7D911AC6B9090026AEDB /* Hoverlytics */,
				B22B7DA41AC6B9090026AEDB /* HoverlyticsTests */,
				B22425F41AC8F8B200809EF0 /* LanternModel */,
				B22426031AC8F8B200809EF0 /* LanternModelTests */,
				B2054D6C1AF477C700DC2C00 /* Lantern */,
				B2054D7F1AF477C700DC2C00 /* LanternTests */,
				B22B7D901AC6B9090026AEDB /* Products */,
			);
			sourceTree = "<group>";
		};
		B22B7D901AC6B9090026AEDB /* Products */ = {
			isa = PBXGroup;
			children = (
				B22B7D8F1AC6B9090026AEDB /* Hoverlytics.app */,
				B22B7DA11AC6B9090026AEDB /* HoverlyticsTests.xctest */,
				B22425F31AC8F8B200809EF0 /* LanternModel.framework */,
				B22425FD1AC8F8B200809EF0 /* LanternModelTests.xctest */,
				B2054D7C1AF477C700DC2C00 /* LanternTests.xctest */,
				B25033541AF5E5B0006A2AE7 /* Lantern.app */,
			);
			name = Products;
			sourceTree = "<group>";
		};
		B22B7D911AC6B9090026AEDB /* Hoverlytics */ = {
			isa = PBXGroup;
			children = (
				B22B7DBE1AC785B20026AEDB /* Hoverlytics.entitlements */,
				B22B7D981AC6B9090026AEDB /* Images.xcassets */,
				B22B7D921AC6B9090026AEDB /* Supporting Files */,
			);
			path = Hoverlytics;
			sourceTree = "<group>";
		};
		B22B7D921AC6B9090026AEDB /* Supporting Files */ = {
			isa = PBXGroup;
			children = (
				B22B7D931AC6B9090026AEDB /* Info.plist */,
			);
			name = "Supporting Files";
			sourceTree = "<group>";
		};
		B22B7DA41AC6B9090026AEDB /* HoverlyticsTests */ = {
			isa = PBXGroup;
			children = (
				B22B7DA71AC6B9090026AEDB /* Hoverlytics_for_MacTests.swift */,
				B22B7DA51AC6B9090026AEDB /* Supporting Files */,
			);
			path = HoverlyticsTests;
			sourceTree = "<group>";
		};
		B22B7DA51AC6B9090026AEDB /* Supporting Files */ = {
			isa = PBXGroup;
			children = (
				B22B7DA61AC6B9090026AEDB /* Info.plist */,
			);
			name = "Supporting Files";
			sourceTree = "<group>";
		};
		B22B7DB51AC6B98A0026AEDB /* Categories */ = {
			isa = PBXGroup;
			children = (
				B22B7DB21AC6B9870026AEDB /* NSViewController+PGWSConstraintConvenience.h */,
				B22B7DB31AC6B9870026AEDB /* NSViewController+PGWSConstraintConvenience.m */,
			);
			name = Categories;
			path = ../Hoverlytics;
			sourceTree = "<group>";
		};
		B25020601B01B3B200ABAE96 /* Preferences */ = {
			isa = PBXGroup;
			children = (
				B25020581B01AD3600ABAE96 /* CrawlerPreferences.swift */,
				B250205E1B01B3AE00ABAE96 /* CrawlerMenuController.swift */,
				B2E0FFFD1B0078580073CB8A /* BrowserPreferences.swift */,
				B2E0FFFF1B007F500073CB8A /* BrowserMenuController.swift */,
			);
			name = Preferences;
			path = ../Hoverlytics;
			sourceTree = "<group>";
		};
		B2D39B441AF6F482003D6738 /* Preview */ = {
			isa = PBXGroup;
			children = (
				B2B542C61AF0A09600073464 /* ContentPreview.storyboard */,
				B2D39B0C1AF64EB5003D6738 /* ContentPreview.swift */,
				B22766251AEE62060083FE8C /* SourcePreviewViewController.swift */,
				B2D39B0F1AF64FB6003D6738 /* MultipleStringPreviewViewController.swift */,
				B2D39B451AF6F494003D6738 /* ImagePreviewViewController.swift */,
			);
			name = Preview;
			path = ../Hoverlytics;
			sourceTree = "<group>";
		};
		B2D9D8881B253D3100217300 /* Frameworks */ = {
			isa = PBXGroup;
			children = (
				B2D24FB41B738FA30001B557 /* Cartfile */,
				B27F48CA1B64DF8A003F1215 /* BurntCocoaUI.framework */,
				B27F48CB1B64DF8A003F1215 /* BurntFoundation.framework */,
				B2ECF3221B1B523800A96024 /* BurntList.framework */,
				B20DB3861B0F020500E57532 /* Fabric.framework */,
				B20DB3871B0F020500E57532 /* Crashlytics.framework */,
				B25033131AF5C2D0006A2AE7 /* libxml2.dylib */,
				B25033111AF5C2C7006A2AE7 /* Ono.framework */,
				B2D563221AF5BF8A006DE202 /* Alamofire.framework */,
			);
			name = Frameworks;
			sourceTree = "<group>";
		};
/* End PBXGroup section */

/* Begin PBXHeadersBuildPhase section */
		B22425F01AC8F8B200809EF0 /* Headers */ = {
			isa = PBXHeadersBuildPhase;
			buildActionMask = 2147483647;
			files = (
				B22425F81AC8F8B200809EF0 /* HoverlyticsModel.h in Headers */,
			);
			runOnlyForDeploymentPostprocessing = 0;
		};
/* End PBXHeadersBuildPhase section */

/* Begin PBXNativeTarget section */
		B2054D7B1AF477C700DC2C00 /* LanternTests */ = {
			isa = PBXNativeTarget;
			buildConfigurationList = B2054D891AF477C700DC2C00 /* Build configuration list for PBXNativeTarget "LanternTests" */;
			buildPhases = (
				B2054D781AF477C700DC2C00 /* Sources */,
				B2054D791AF477C700DC2C00 /* Frameworks */,
				B2054D7A1AF477C700DC2C00 /* Resources */,
			);
			buildRules = (
			);
			dependencies = (
				B25033581AF5E73E006A2AE7 /* PBXTargetDependency */,
			);
			name = LanternTests;
			productName = LanternTests;
			productReference = B2054D7C1AF477C700DC2C00 /* LanternTests.xctest */;
			productType = "com.apple.product-type.bundle.unit-test";
		};
		B22425F21AC8F8B200809EF0 /* LanternModel */ = {
			isa = PBXNativeTarget;
			buildConfigurationList = B224260C1AC8F8B200809EF0 /* Build configuration list for PBXNativeTarget "LanternModel" */;
			buildPhases = (
				B22425EE1AC8F8B200809EF0 /* Sources */,
				B22425EF1AC8F8B200809EF0 /* Frameworks */,
				B22425F01AC8F8B200809EF0 /* Headers */,
				B22425F11AC8F8B200809EF0 /* Resources */,
				B250331C1AF5E2F0006A2AE7 /* CopyFiles */,
			);
			buildRules = (
			);
			dependencies = (
				B2D39AFF1AF5EBA3003D6738 /* PBXTargetDependency */,
			);
			name = LanternModel;
			productName = HoverlyticsModel;
			productReference = B22425F31AC8F8B200809EF0 /* LanternModel.framework */;
			productType = "com.apple.product-type.framework";
		};
		B22425FC1AC8F8B200809EF0 /* LanternModelTests */ = {
			isa = PBXNativeTarget;
			buildConfigurationList = B224260F1AC8F8B200809EF0 /* Build configuration list for PBXNativeTarget "LanternModelTests" */;
			buildPhases = (
				B22425F91AC8F8B200809EF0 /* Sources */,
				B22425FA1AC8F8B200809EF0 /* Frameworks */,
				B22425FB1AC8F8B200809EF0 /* Resources */,
			);
			buildRules = (
			);
			dependencies = (
				B22426001AC8F8B200809EF0 /* PBXTargetDependency */,
				B22426021AC8F8B200809EF0 /* PBXTargetDependency */,
			);
			name = LanternModelTests;
			productName = HoverlyticsModelTests;
			productReference = B22425FD1AC8F8B200809EF0 /* LanternModelTests.xctest */;
			productType = "com.apple.product-type.bundle.unit-test";
		};
		B22B7D8E1AC6B9090026AEDB /* Hoverlytics */ = {
			isa = PBXNativeTarget;
			buildConfigurationList = B22B7DAB1AC6B9090026AEDB /* Build configuration list for PBXNativeTarget "Hoverlytics" */;
			buildPhases = (
				B22B7D8B1AC6B9090026AEDB /* Sources */,
				B22B7D8C1AC6B9090026AEDB /* Frameworks */,
				B22B7D8D1AC6B9090026AEDB /* Resources */,
				B22425E91AC8F7CB00809EF0 /* Embed Frameworks */,
			);
			buildRules = (
			);
			dependencies = (
				B22426091AC8F8B200809EF0 /* PBXTargetDependency */,
			);
			name = Hoverlytics;
			productName = "Hoverlytics for Mac";
			productReference = B22B7D8F1AC6B9090026AEDB /* Hoverlytics.app */;
			productType = "com.apple.product-type.application";
		};
		B22B7DA01AC6B9090026AEDB /* HoverlyticsTests */ = {
			isa = PBXNativeTarget;
			buildConfigurationList = B22B7DAE1AC6B9090026AEDB /* Build configuration list for PBXNativeTarget "HoverlyticsTests" */;
			buildPhases = (
				B22B7D9D1AC6B9090026AEDB /* Sources */,
				B22B7D9E1AC6B9090026AEDB /* Frameworks */,
				B22B7D9F1AC6B9090026AEDB /* Resources */,
			);
			buildRules = (
			);
			dependencies = (
				B22B7DA31AC6B9090026AEDB /* PBXTargetDependency */,
			);
			name = HoverlyticsTests;
			productName = "Hoverlytics for MacTests";
			productReference = B22B7DA11AC6B9090026AEDB /* HoverlyticsTests.xctest */;
			productType = "com.apple.product-type.bundle.unit-test";
		};
		B25033301AF5E5B0006A2AE7 /* Lantern */ = {
			isa = PBXNativeTarget;
			buildConfigurationList = B25033511AF5E5B0006A2AE7 /* Build configuration list for PBXNativeTarget "Lantern" */;
			buildPhases = (
				B25033311AF5E5B0006A2AE7 /* Sources */,
				B25033421AF5E5B0006A2AE7 /* Frameworks */,
				B25033451AF5E5B0006A2AE7 /* Resources */,
				B25020671B01C15A00ABAE96 /* Embed Frameworks */,
				B2D39B091AF60213003D6738 /* Code Sign Embedded Frameworks */,
				B20DB3851B0F019800E57532 /* Run Fabric Script */,
			);
			buildRules = (
			);
			dependencies = (
				B25020661B01C15900ABAE96 /* PBXTargetDependency */,
			);
			name = Lantern;
			productName = Lantern;
			productReference = B25033541AF5E5B0006A2AE7 /* Lantern.app */;
			productType = "com.apple.product-type.application";
		};
/* End PBXNativeTarget section */

/* Begin PBXProject section */
		B22B7D871AC6B9090026AEDB /* Project object */ = {
			isa = PBXProject;
			attributes = {
				LastUpgradeCheck = 0640;
				ORGANIZATIONNAME = "Burnt Caramel";
				TargetAttributes = {
					B2054D7B1AF477C700DC2C00 = {
						CreatedOnToolsVersion = 6.3.1;
						TestTargetID = B25033301AF5E5B0006A2AE7;
					};
					B22425F21AC8F8B200809EF0 = {
						CreatedOnToolsVersion = 6.2;
						DevelopmentTeam = 5278SPSAPR;
					};
					B22425FC1AC8F8B200809EF0 = {
						CreatedOnToolsVersion = 6.2;
						TestTargetID = B22B7D8E1AC6B9090026AEDB;
					};
					B22B7D8E1AC6B9090026AEDB = {
						CreatedOnToolsVersion = 6.2;
						DevelopmentTeam = 5278SPSAPR;
						SystemCapabilities = {
							com.apple.Sandbox = {
								enabled = 1;
							};
							com.apple.iCloud = {
								enabled = 1;
							};
						};
					};
					B22B7DA01AC6B9090026AEDB = {
						CreatedOnToolsVersion = 6.2;
						TestTargetID = B22B7D8E1AC6B9090026AEDB;
					};
					B25033301AF5E5B0006A2AE7 = {
						DevelopmentTeam = 5278SPSAPR;
						SystemCapabilities = {
							com.apple.Sandbox = {
								enabled = 1;
							};
							com.apple.iCloud = {
								enabled = 1;
							};
						};
					};
				};
			};
			buildConfigurationList = B22B7D8A1AC6B9090026AEDB /* Build configuration list for PBXProject "Lantern" */;
			compatibilityVersion = "Xcode 3.2";
			developmentRegion = English;
			hasScannedForEncodings = 0;
			knownRegions = (
				en,
				Base,
			);
			mainGroup = B22B7D861AC6B9090026AEDB;
			productRefGroup = B22B7D901AC6B9090026AEDB /* Products */;
			projectDirPath = "";
			projectRoot = "";
			targets = (
				B22B7D8E1AC6B9090026AEDB /* Hoverlytics */,
				B22B7DA01AC6B9090026AEDB /* HoverlyticsTests */,
				B22425F21AC8F8B200809EF0 /* LanternModel */,
				B22425FC1AC8F8B200809EF0 /* LanternModelTests */,
				B25033301AF5E5B0006A2AE7 /* Lantern */,
				B2054D7B1AF477C700DC2C00 /* LanternTests */,
			);
		};
/* End PBXProject section */

/* Begin PBXResourcesBuildPhase section */
		B2054D7A1AF477C700DC2C00 /* Resources */ = {
			isa = PBXResourcesBuildPhase;
			buildActionMask = 2147483647;
			files = (
			);
			runOnlyForDeploymentPostprocessing = 0;
		};
		B22425F11AC8F8B200809EF0 /* Resources */ = {
			isa = PBXResourcesBuildPhase;
			buildActionMask = 2147483647;
			files = (
			);
			runOnlyForDeploymentPostprocessing = 0;
		};
		B22425FB1AC8F8B200809EF0 /* Resources */ = {
			isa = PBXResourcesBuildPhase;
			buildActionMask = 2147483647;
			files = (
			);
			runOnlyForDeploymentPostprocessing = 0;
		};
		B22B7D8D1AC6B9090026AEDB /* Resources */ = {
			isa = PBXResourcesBuildPhase;
			buildActionMask = 2147483647;
			files = (
				B22B7DBD1AC782DD0026AEDB /* insertHoverlytics.js in Resources */,
				B22B7D991AC6B9090026AEDB /* Images.xcassets in Resources */,
				B2B542C71AF0A09600073464 /* ContentPreview.storyboard in Resources */,
				B22B7DBB1AC77EF20026AEDB /* Page.storyboard in Resources */,
				B23966E01ACD316E00C6A420 /* windowClose.js in Resources */,
				B23E29EA1AE73DF6009A94E5 /* console.js in Resources */,
				B2E2693D1AE9E9200044BE04 /* MainView.storyboard in Resources */,
				B23966EA1ACD45BD00C6A420 /* panelAuthorizationChanged.js in Resources */,
				B2A63B5F1AC8DAA0004CEBE1 /* SiteSettings.storyboard in Resources */,
				B22B7D9C1AC6B9090026AEDB /* Main.storyboard in Resources */,
				B23966EC1ACD518E00C6A420 /* setPanelAuthorizationToken.js in Resources */,
				B23966E21ACD36FF00C6A420 /* userAgent.js in Resources */,
			);
			runOnlyForDeploymentPostprocessing = 0;
		};
		B22B7D9F1AC6B9090026AEDB /* Resources */ = {
			isa = PBXResourcesBuildPhase;
			buildActionMask = 2147483647;
			files = (
			);
			runOnlyForDeploymentPostprocessing = 0;
		};
		B25033451AF5E5B0006A2AE7 /* Resources */ = {
			isa = PBXResourcesBuildPhase;
			buildActionMask = 2147483647;
			files = (
				B25033461AF5E5B0006A2AE7 /* Main.storyboard in Resources */,
				B25033471AF5E5B0006A2AE7 /* MainView.storyboard in Resources */,
				B25033481AF5E5B0006A2AE7 /* ContentPreview.storyboard in Resources */,
				B25033491AF5E5B0006A2AE7 /* windowClose.js in Resources */,
				B250334A1AF5E5B0006A2AE7 /* Images.xcassets in Resources */,
				B2EAB9151AF7A12F00A1F185 /* Credits.rtf in Resources */,
				B250334B1AF5E5B0006A2AE7 /* SiteSettings.storyboard in Resources */,
				B250334C1AF5E5B0006A2AE7 /* userAgent.js in Resources */,
				B250334D1AF5E5B0006A2AE7 /* console.js in Resources */,
				B250334E1AF5E5B0006A2AE7 /* Page.storyboard in Resources */,
			);
			runOnlyForDeploymentPostprocessing = 0;
		};
/* End PBXResourcesBuildPhase section */

/* Begin PBXShellScriptBuildPhase section */
		B20DB3851B0F019800E57532 /* Run Fabric Script */ = {
			isa = PBXShellScriptBuildPhase;
			buildActionMask = 2147483647;
			files = (
			);
			inputPaths = (
			);
			name = "Run Fabric Script";
			outputPaths = (
			);
			runOnlyForDeploymentPostprocessing = 0;
			shellPath = /bin/sh;
			shellScript = "./Fabric.framework/run d78b0628a95d5798006bf463bd79aea5988e1d50 964de81fc31bf8ad4f53f2d6a8f6e6ef8d5499d21ed3089a3cb8781473da8205";
		};
		B2D39B091AF60213003D6738 /* Code Sign Embedded Frameworks */ = {
			isa = PBXShellScriptBuildPhase;
			buildActionMask = 2147483647;
			files = (
			);
			inputPaths = (
			);
			name = "Code Sign Embedded Frameworks";
			outputPaths = (
			);
			runOnlyForDeploymentPostprocessing = 0;
			shellPath = /bin/sh;
			shellScript = "if [ \"${CONFIGURATION}\" = \"Debug\" ] ; then\n    exit 0\nfi\n\nLOCATION=\"${BUILT_PRODUCTS_DIR}\"/\"${FRAMEWORKS_FOLDER_PATH}\"\nIDENTITY=\"Mac Developer: Patrick Smith (9J837BGA64)\"\ncodesign --verbose --force --sign \"$IDENTITY\" \"$LOCATION/HoverlyticsModel.framework/Versions/A\"\ncodesign --verbose --force --sign \"$IDENTITY\" \"$LOCATION/HoverlyticsModel.framework/Versions/A/Frameworks/Alamofire.framework/Versions/A\"\ncodesign --verbose --force --sign \"$IDENTITY\" \"$LOCATION/HoverlyticsModel.framework/Versions/A/Frameworks/Ono.framework/Versions/A\"";
		};
/* End PBXShellScriptBuildPhase section */

/* Begin PBXSourcesBuildPhase section */
		B2054D781AF477C700DC2C00 /* Sources */ = {
			isa = PBXSourcesBuildPhase;
			buildActionMask = 2147483647;
			files = (
				B2054D831AF477C700DC2C00 /* LanternTests.swift in Sources */,
			);
			runOnlyForDeploymentPostprocessing = 0;
		};
		B22425EE1AC8F8B200809EF0 /* Sources */ = {
			isa = PBXSourcesBuildPhase;
			buildActionMask = 2147483647;
			files = (
				B2B542C11AF0980E00073464 /* NSData+ONOXMLDocument.swift in Sources */,
				B22766331AEF51430083FE8C /* PageInfo.swift in Sources */,
				B2054DB11AF494A300DC2C00 /* PageInfoRequest.swift in Sources */,
				B2E0FFFC1AFB37580073CB8A /* SiteEssentialsInfo.swift in Sources */,
				B22426141AC8F8DB00809EF0 /* Site.swift in Sources */,
				B227663A1AEFB6DB0083FE8C /* Dictionary+UpdateClosure.swift in Sources */,
				B227662F1AEF42A90083FE8C /* ValidatedStringValue.swift in Sources */,
				B22766311AEF4DFC0083FE8C /* PageMapper+Validating.swift in Sources */,
				B22766351AEF67920083FE8C /* UniqueURLArray.swift in Sources */,
				B2D39B0B1AF64533003D6738 /* PageMapper+LinkFiltering.swift in Sources */,
				B23EA59E1ACA5F6A009B4032 /* ValueValidation.swift in Sources */,
				B227662D1AEF382E0083FE8C /* PageMapper+InfoPresenting.swift in Sources */,
				B2C4A93F1ACA31F0000F1566 /* ModelManager.swift in Sources */,
				B22766281AEF36DA0083FE8C /* PageMapper+Filtering.swift in Sources */,
				B22766291AEF37360083FE8C /* PageMapper.swift in Sources */,
				B27F48C91B64D25B003F1215 /* ValueStorable.swift in Sources */,
				B268DC971B1B569C0095BBB9 /* EnabledFeatures.swift in Sources */,
				B2B542C31AF09C0000073464 /* ONOXMLDocument+StringEncoding.swift in Sources */,
			);
			runOnlyForDeploymentPostprocessing = 0;
		};
		B22425F91AC8F8B200809EF0 /* Sources */ = {
			isa = PBXSourcesBuildPhase;
			buildActionMask = 2147483647;
			files = (
				B22426071AC8F8B200809EF0 /* HoverlyticsModelTests.swift in Sources */,
			);
			runOnlyForDeploymentPostprocessing = 0;
		};
		B22B7D8B1AC6B9090026AEDB /* Sources */ = {
			isa = PBXSourcesBuildPhase;
			buildActionMask = 2147483647;
			files = (
				B22876271AF3A4D800A8A4A2 /* SiteMenuItem.swift in Sources */,
				B22876251AF3A3CD00A8A4A2 /* MainState.swift in Sources */,
				B2D39B131AF65188003D6738 /* ValidatedStringValue+Presentation.swift in Sources */,
				B22B7D971AC6B9090026AEDB /* ViewController.swift in Sources */,
				B22B7D951AC6B9090026AEDB /* AppDelegate.swift in Sources */,
				B2A63B611AC8DACD004CEBE1 /* SiteSettingsViewController.swift in Sources */,
				B22B7DB71AC77CAC0026AEDB /* MainWindowController.swift in Sources */,
				B23E29EC1AE73F03009A94E5 /* WKUserContentController+bundledScripts.swift in Sources */,
				B2EAB9121AF74D8000A1F185 /* NSEvent+extension.swift in Sources */,
				B2D39B461AF6F494003D6738 /* ImagePreviewViewController.swift in Sources */,
				B22766261AEE62060083FE8C /* SourcePreviewViewController.swift in Sources */,
				B22B7DB91AC77D420026AEDB /* PageViewController.swift in Sources */,
				B2E2693B1AE9E5130044BE04 /* MainSection.swift in Sources */,
				B2134AAC1AE9F5D800ACDDE3 /* StatsViewController.swift in Sources */,
				B2D39B161AF665D5003D6738 /* TableView-OutlineView-Subclass.swift in Sources */,
				B22B7DB41AC6B9870026AEDB /* NSViewController+PGWSConstraintConvenience.m in Sources */,
			);
			runOnlyForDeploymentPostprocessing = 0;
		};
		B22B7D9D1AC6B9090026AEDB /* Sources */ = {
			isa = PBXSourcesBuildPhase;
			buildActionMask = 2147483647;
			files = (
				B22B7DA81AC6B9090026AEDB /* Hoverlytics_for_MacTests.swift in Sources */,
			);
			runOnlyForDeploymentPostprocessing = 0;
		};
		B25033311AF5E5B0006A2AE7 /* Sources */ = {
			isa = PBXSourcesBuildPhase;
			buildActionMask = 2147483647;
			files = (
				B2E000001B007F500073CB8A /* BrowserMenuController.swift in Sources */,
				B2D39B041AF5F074003D6738 /* NSViewController+PGWSConstraintConvenience.m in Sources */,
				B2D39B001AF5ECEB003D6738 /* StatsViewController.swift in Sources */,
				B25033621AF5E7D7006A2AE7 /* SiteMenuItem.swift in Sources */,
				B25033631AF5E7D7006A2AE7 /* SiteSettingsViewController.swift in Sources */,
				B250205D1B01AE8700ABAE96 /* CrawlerPreferences.swift in Sources */,
				B25033611AF5E7CD006A2AE7 /* WKUserContentController+bundledScripts.swift in Sources */,
				B25033601AF5E7C4006A2AE7 /* SourcePreviewViewController.swift in Sources */,
				B250335E1AF5E7BC006A2AE7 /* PageViewController.swift in Sources */,
				B25020611B01B66400ABAE96 /* CrawlerMenuController.swift in Sources */,
				B250335D1AF5E7B5006A2AE7 /* ViewController.swift in Sources */,
				B250335B1AF5E7AF006A2AE7 /* MainState.swift in Sources */,
				B250335C1AF5E7AF006A2AE7 /* MainSection.swift in Sources */,
				B250335A1AF5E7A7006A2AE7 /* MainWindowController.swift in Sources */,
				B25033591AF5E79F006A2AE7 /* AppDelegate.swift in Sources */,
				B2D39B471AF6F494003D6738 /* ImagePreviewViewController.swift in Sources */,
				B2D39B111AF650A1003D6738 /* MultipleStringPreviewViewController.swift in Sources */,
				B2D39B171AF665D5003D6738 /* TableView-OutlineView-Subclass.swift in Sources */,
				B2D39B0E1AF64F3C003D6738 /* ContentPreview.swift in Sources */,
				B2D39B141AF65188003D6738 /* ValidatedStringValue+Presentation.swift in Sources */,
				B2EAB9131AF74DDD00A1F185 /* NSEvent+extension.swift in Sources */,
				B2E0FFFE1B0078590073CB8A /* BrowserPreferences.swift in Sources */,
			);
			runOnlyForDeploymentPostprocessing = 0;
		};
/* End PBXSourcesBuildPhase section */

/* Begin PBXTargetDependency section */
		B22426001AC8F8B200809EF0 /* PBXTargetDependency */ = {
			isa = PBXTargetDependency;
			target = B22425F21AC8F8B200809EF0 /* LanternModel */;
			targetProxy = B22425FF1AC8F8B200809EF0 /* PBXContainerItemProxy */;
		};
		B22426021AC8F8B200809EF0 /* PBXTargetDependency */ = {
			isa = PBXTargetDependency;
			target = B22B7D8E1AC6B9090026AEDB /* Hoverlytics */;
			targetProxy = B22426011AC8F8B200809EF0 /* PBXContainerItemProxy */;
		};
		B22426091AC8F8B200809EF0 /* PBXTargetDependency */ = {
			isa = PBXTargetDependency;
			target = B22425F21AC8F8B200809EF0 /* LanternModel */;
			targetProxy = B22426081AC8F8B200809EF0 /* PBXContainerItemProxy */;
		};
		B22B7DA31AC6B9090026AEDB /* PBXTargetDependency */ = {
			isa = PBXTargetDependency;
			target = B22B7D8E1AC6B9090026AEDB /* Hoverlytics */;
			targetProxy = B22B7DA21AC6B9090026AEDB /* PBXContainerItemProxy */;
		};
		B25020661B01C15900ABAE96 /* PBXTargetDependency */ = {
			isa = PBXTargetDependency;
			target = B22425F21AC8F8B200809EF0 /* LanternModel */;
			targetProxy = B25020651B01C15900ABAE96 /* PBXContainerItemProxy */;
		};
		B25033581AF5E73E006A2AE7 /* PBXTargetDependency */ = {
			isa = PBXTargetDependency;
			target = B25033301AF5E5B0006A2AE7 /* Lantern */;
			targetProxy = B25033571AF5E73E006A2AE7 /* PBXContainerItemProxy */;
		};
		B2D39AFF1AF5EBA3003D6738 /* PBXTargetDependency */ = {
			isa = PBXTargetDependency;
			target = B25033301AF5E5B0006A2AE7 /* Lantern */;
			targetProxy = B2D39AFE1AF5EBA3003D6738 /* PBXContainerItemProxy */;
		};
/* End PBXTargetDependency section */

/* Begin PBXVariantGroup section */
		B22B7D9A1AC6B9090026AEDB /* Main.storyboard */ = {
			isa = PBXVariantGroup;
			children = (
				B22B7D9B1AC6B9090026AEDB /* Base */,
			);
			name = Main.storyboard;
			path = ../Hoverlytics;
			sourceTree = "<group>";
		};
/* End PBXVariantGroup section */

/* Begin XCBuildConfiguration section */
		B2054D861AF477C700DC2C00 /* Debug */ = {
			isa = XCBuildConfiguration;
			buildSettings = {
				BUNDLE_LOADER = "$(TEST_HOST)";
				COMBINE_HIDPI_IMAGES = YES;
				DEBUG_INFORMATION_FORMAT = dwarf;
				FRAMEWORK_SEARCH_PATHS = (
					"$(DEVELOPER_FRAMEWORKS_DIR)",
					"$(inherited)",
				);
				GCC_NO_COMMON_BLOCKS = YES;
				GCC_PREPROCESSOR_DEFINITIONS = (
					"DEBUG=1",
					"$(inherited)",
				);
				INFOPLIST_FILE = LanternTests/Info.plist;
				LD_RUNPATH_SEARCH_PATHS = "$(inherited) @executable_path/../Frameworks @loader_path/../Frameworks";
				PRODUCT_NAME = "$(TARGET_NAME)";
				TEST_HOST = "$(BUILT_PRODUCTS_DIR)/Lantern copy.app/Contents/MacOS/Lantern copy";
			};
			name = Debug;
		};
		B2054D871AF477C700DC2C00 /* Release */ = {
			isa = XCBuildConfiguration;
			buildSettings = {
				BUNDLE_LOADER = "$(TEST_HOST)";
				COMBINE_HIDPI_IMAGES = YES;
				FRAMEWORK_SEARCH_PATHS = (
					"$(DEVELOPER_FRAMEWORKS_DIR)",
					"$(inherited)",
				);
				GCC_NO_COMMON_BLOCKS = YES;
				INFOPLIST_FILE = LanternTests/Info.plist;
				LD_RUNPATH_SEARCH_PATHS = "$(inherited) @executable_path/../Frameworks @loader_path/../Frameworks";
				PRODUCT_NAME = "$(TARGET_NAME)";
				TEST_HOST = "$(BUILT_PRODUCTS_DIR)/Lantern copy.app/Contents/MacOS/Lantern copy";
			};
			name = Release;
		};
		B224260D1AC8F8B200809EF0 /* Debug */ = {
			isa = XCBuildConfiguration;
			buildSettings = {
				ALWAYS_SEARCH_USER_PATHS = NO;
				CLANG_ENABLE_MODULES = YES;
				CODE_SIGN_ENTITLEMENTS = "";
				CODE_SIGN_IDENTITY = "Mac Developer";
				"CODE_SIGN_IDENTITY[sdk=macosx*]" = "Mac Developer";
				COMBINE_HIDPI_IMAGES = YES;
				CURRENT_PROJECT_VERSION = 1;
				DEFINES_MODULE = YES;
				DYLIB_COMPATIBILITY_VERSION = 1;
				DYLIB_CURRENT_VERSION = 1;
				DYLIB_INSTALL_NAME_BASE = "@rpath";
				FRAMEWORK_SEARCH_PATHS = (
					"$(inherited)",
					"$(PROJECT_DIR)/Carthage/Build/Mac",
					"$(PROJECT_DIR)",
				);
				FRAMEWORK_VERSION = A;
				GCC_PREPROCESSOR_DEFINITIONS = (
					"DEBUG=1",
					"$(inherited)",
				);
				HEADER_SEARCH_PATHS = (
					"$(inherited)",
					/Applications/Xcode.app/Contents/Developer/Toolchains/XcodeDefault.xctoolchain/usr/include,
					"\"${SDK_DIR}\"/usr/include/libxml2",
				);
				INFOPLIST_FILE = LanternModel/Info.plist;
				INSTALL_PATH = "$(LOCAL_LIBRARY_DIR)/Frameworks";
				LD_RUNPATH_SEARCH_PATHS = "$(inherited) @executable_path/../Frameworks @loader_path/Frameworks";
				OTHER_SWIFT_FLAGS = "-D DEBUG";
				PRODUCT_NAME = LanternModel;
				SKIP_INSTALL = YES;
				SWIFT_OPTIMIZATION_LEVEL = "-Onone";
				USER_HEADER_SEARCH_PATHS = "";
				VERSIONING_SYSTEM = "apple-generic";
				VERSION_INFO_PREFIX = "";
			};
			name = Debug;
		};
		B224260E1AC8F8B200809EF0 /* Release */ = {
			isa = XCBuildConfiguration;
			buildSettings = {
				ALWAYS_SEARCH_USER_PATHS = NO;
				CLANG_ENABLE_MODULES = YES;
				CODE_SIGN_ENTITLEMENTS = "";
				CODE_SIGN_IDENTITY = "Mac Developer";
				"CODE_SIGN_IDENTITY[sdk=macosx*]" = "Mac Developer";
				COMBINE_HIDPI_IMAGES = YES;
				CURRENT_PROJECT_VERSION = 1;
				DEFINES_MODULE = YES;
				DYLIB_COMPATIBILITY_VERSION = 1;
				DYLIB_CURRENT_VERSION = 1;
				DYLIB_INSTALL_NAME_BASE = "@rpath";
				FRAMEWORK_SEARCH_PATHS = (
					"$(inherited)",
					"$(PROJECT_DIR)/Carthage/Build/Mac",
					"$(PROJECT_DIR)",
				);
				FRAMEWORK_VERSION = A;
				HEADER_SEARCH_PATHS = (
					"$(inherited)",
					/Applications/Xcode.app/Contents/Developer/Toolchains/XcodeDefault.xctoolchain/usr/include,
					"\"${SDK_DIR}\"/usr/include/libxml2",
				);
				INFOPLIST_FILE = LanternModel/Info.plist;
				INSTALL_PATH = "$(LOCAL_LIBRARY_DIR)/Frameworks";
				LD_RUNPATH_SEARCH_PATHS = "$(inherited) @executable_path/../Frameworks @loader_path/Frameworks";
				PRODUCT_NAME = LanternModel;
				SKIP_INSTALL = YES;
				SWIFT_WHOLE_MODULE_OPTIMIZATION = YES;
				USER_HEADER_SEARCH_PATHS = "";
				VERSIONING_SYSTEM = "apple-generic";
				VERSION_INFO_PREFIX = "";
			};
			name = Release;
		};
		B22426101AC8F8B200809EF0 /* Debug */ = {
			isa = XCBuildConfiguration;
			buildSettings = {
				COMBINE_HIDPI_IMAGES = YES;
				FRAMEWORK_SEARCH_PATHS = (
					"$(DEVELOPER_FRAMEWORKS_DIR)",
					"$(inherited)",
				);
				GCC_PREPROCESSOR_DEFINITIONS = (
					"DEBUG=1",
					"$(inherited)",
				);
				INFOPLIST_FILE = HoverlyticsModelTests/Info.plist;
				LD_RUNPATH_SEARCH_PATHS = "$(inherited) @executable_path/../Frameworks @loader_path/../Frameworks";
				PRODUCT_NAME = LanternModelTests;
				TEST_HOST = "$(BUILT_PRODUCTS_DIR)/Hoverlytics.app/Contents/MacOS/Hoverlytics";
			};
			name = Debug;
		};
		B22426111AC8F8B200809EF0 /* Release */ = {
			isa = XCBuildConfiguration;
			buildSettings = {
				COMBINE_HIDPI_IMAGES = YES;
				FRAMEWORK_SEARCH_PATHS = (
					"$(DEVELOPER_FRAMEWORKS_DIR)",
					"$(inherited)",
				);
				INFOPLIST_FILE = HoverlyticsModelTests/Info.plist;
				LD_RUNPATH_SEARCH_PATHS = "$(inherited) @executable_path/../Frameworks @loader_path/../Frameworks";
				PRODUCT_NAME = LanternModelTests;
				TEST_HOST = "$(BUILT_PRODUCTS_DIR)/Hoverlytics.app/Contents/MacOS/Hoverlytics";
			};
			name = Release;
		};
		B22B7DA91AC6B9090026AEDB /* Debug */ = {
			isa = XCBuildConfiguration;
			buildSettings = {
				ALWAYS_SEARCH_USER_PATHS = NO;
				CLANG_CXX_LANGUAGE_STANDARD = "gnu++0x";
				CLANG_CXX_LIBRARY = "libc++";
				CLANG_ENABLE_MODULES = YES;
				CLANG_ENABLE_OBJC_ARC = YES;
				CLANG_WARN_BOOL_CONVERSION = YES;
				CLANG_WARN_CONSTANT_CONVERSION = YES;
				CLANG_WARN_DIRECT_OBJC_ISA_USAGE = YES_ERROR;
				CLANG_WARN_EMPTY_BODY = YES;
				CLANG_WARN_ENUM_CONVERSION = YES;
				CLANG_WARN_INT_CONVERSION = YES;
				CLANG_WARN_OBJC_ROOT_CLASS = YES_ERROR;
				CLANG_WARN_UNREACHABLE_CODE = YES;
				CLANG_WARN__DUPLICATE_METHOD_MATCH = YES;
				CODE_SIGN_IDENTITY = "-";
				COPY_PHASE_STRIP = NO;
				ENABLE_STRICT_OBJC_MSGSEND = YES;
				GCC_C_LANGUAGE_STANDARD = gnu99;
				GCC_DYNAMIC_NO_PIC = NO;
				GCC_OPTIMIZATION_LEVEL = 0;
				GCC_PREPROCESSOR_DEFINITIONS = (
					"DEBUG=1",
					"$(inherited)",
				);
				GCC_SYMBOLS_PRIVATE_EXTERN = NO;
				GCC_WARN_64_TO_32_BIT_CONVERSION = YES;
				GCC_WARN_ABOUT_RETURN_TYPE = YES_ERROR;
				GCC_WARN_UNDECLARED_SELECTOR = YES;
				GCC_WARN_UNINITIALIZED_AUTOS = YES_AGGRESSIVE;
				GCC_WARN_UNUSED_FUNCTION = YES;
				GCC_WARN_UNUSED_VARIABLE = YES;
				MACOSX_DEPLOYMENT_TARGET = 10.10;
				MTL_ENABLE_DEBUG_INFO = YES;
				ONLY_ACTIVE_ARCH = YES;
				SDKROOT = macosx;
				SWIFT_OPTIMIZATION_LEVEL = "-Onone";
			};
			name = Debug;
		};
		B22B7DAA1AC6B9090026AEDB /* Release */ = {
			isa = XCBuildConfiguration;
			buildSettings = {
				ALWAYS_SEARCH_USER_PATHS = NO;
				CLANG_CXX_LANGUAGE_STANDARD = "gnu++0x";
				CLANG_CXX_LIBRARY = "libc++";
				CLANG_ENABLE_MODULES = YES;
				CLANG_ENABLE_OBJC_ARC = YES;
				CLANG_WARN_BOOL_CONVERSION = YES;
				CLANG_WARN_CONSTANT_CONVERSION = YES;
				CLANG_WARN_DIRECT_OBJC_ISA_USAGE = YES_ERROR;
				CLANG_WARN_EMPTY_BODY = YES;
				CLANG_WARN_ENUM_CONVERSION = YES;
				CLANG_WARN_INT_CONVERSION = YES;
				CLANG_WARN_OBJC_ROOT_CLASS = YES_ERROR;
				CLANG_WARN_UNREACHABLE_CODE = YES;
				CLANG_WARN__DUPLICATE_METHOD_MATCH = YES;
				CODE_SIGN_IDENTITY = "-";
				COPY_PHASE_STRIP = NO;
				DEBUG_INFORMATION_FORMAT = "dwarf-with-dsym";
				ENABLE_NS_ASSERTIONS = NO;
				ENABLE_STRICT_OBJC_MSGSEND = YES;
				GCC_C_LANGUAGE_STANDARD = gnu99;
				GCC_WARN_64_TO_32_BIT_CONVERSION = YES;
				GCC_WARN_ABOUT_RETURN_TYPE = YES_ERROR;
				GCC_WARN_UNDECLARED_SELECTOR = YES;
				GCC_WARN_UNINITIALIZED_AUTOS = YES_AGGRESSIVE;
				GCC_WARN_UNUSED_FUNCTION = YES;
				GCC_WARN_UNUSED_VARIABLE = YES;
				MACOSX_DEPLOYMENT_TARGET = 10.10;
				MTL_ENABLE_DEBUG_INFO = NO;
				SDKROOT = macosx;
			};
			name = Release;
		};
		B22B7DAC1AC6B9090026AEDB /* Debug */ = {
			isa = XCBuildConfiguration;
			buildSettings = {
				ASSETCATALOG_COMPILER_APPICON_NAME = AppIcon;
				CLANG_ENABLE_MODULES = YES;
				CODE_SIGN_ENTITLEMENTS = Hoverlytics/Hoverlytics.entitlements;
				CODE_SIGN_IDENTITY = "Mac Developer";
				"CODE_SIGN_IDENTITY[sdk=macosx*]" = "Mac Developer";
				COMBINE_HIDPI_IMAGES = YES;
				FRAMEWORK_SEARCH_PATHS = (
					"$(inherited)",
					"$(PROJECT_DIR)/Carthage/Build/Mac",
					"$(PROJECT_DIR)",
				);
				INFOPLIST_FILE = Hoverlytics/Info.plist;
				LD_RUNPATH_SEARCH_PATHS = "$(inherited) @executable_path/../Frameworks";
				OTHER_SWIFT_FLAGS = "-D DEBUG";
				PRODUCT_NAME = Hoverlytics;
				PROVISIONING_PROFILE = "";
				SWIFT_OBJC_BRIDGING_HEADER = "Hoverlytics/Hoverlytics-Bridging-Header.h";
				SWIFT_OPTIMIZATION_LEVEL = "-Onone";
			};
			name = Debug;
		};
		B22B7DAD1AC6B9090026AEDB /* Release */ = {
			isa = XCBuildConfiguration;
			buildSettings = {
				ASSETCATALOG_COMPILER_APPICON_NAME = AppIcon;
				CLANG_ENABLE_MODULES = YES;
				CODE_SIGN_ENTITLEMENTS = Hoverlytics/Hoverlytics.entitlements;
				CODE_SIGN_IDENTITY = "Mac Developer";
				"CODE_SIGN_IDENTITY[sdk=macosx*]" = "Mac Developer";
				COMBINE_HIDPI_IMAGES = YES;
				FRAMEWORK_SEARCH_PATHS = (
					"$(inherited)",
					"$(PROJECT_DIR)/Carthage/Build/Mac",
					"$(PROJECT_DIR)",
				);
				INFOPLIST_FILE = Hoverlytics/Info.plist;
				LD_RUNPATH_SEARCH_PATHS = "$(inherited) @executable_path/../Frameworks";
				OTHER_SWIFT_FLAGS = "";
				PRODUCT_NAME = Hoverlytics;
				PROVISIONING_PROFILE = "";
				SWIFT_OBJC_BRIDGING_HEADER = "Hoverlytics/Hoverlytics-Bridging-Header.h";
				SWIFT_WHOLE_MODULE_OPTIMIZATION = YES;
			};
			name = Release;
		};
		B22B7DAF1AC6B9090026AEDB /* Debug */ = {
			isa = XCBuildConfiguration;
			buildSettings = {
				BUNDLE_LOADER = "$(TEST_HOST)";
				COMBINE_HIDPI_IMAGES = YES;
				FRAMEWORK_SEARCH_PATHS = (
					"$(DEVELOPER_FRAMEWORKS_DIR)",
					"$(inherited)",
				);
				GCC_PREPROCESSOR_DEFINITIONS = (
					"DEBUG=1",
					"$(inherited)",
				);
				INFOPLIST_FILE = HoverlyticsTests/Info.plist;
				LD_RUNPATH_SEARCH_PATHS = "$(inherited) @executable_path/../Frameworks @loader_path/../Frameworks";
				PRODUCT_NAME = HoverlyticsTests;
				TEST_HOST = "$(BUILT_PRODUCTS_DIR)/Hoverlytics.app/Contents/MacOS/Hoverlytics";
			};
			name = Debug;
		};
		B22B7DB01AC6B9090026AEDB /* Release */ = {
			isa = XCBuildConfiguration;
			buildSettings = {
				BUNDLE_LOADER = "$(TEST_HOST)";
				COMBINE_HIDPI_IMAGES = YES;
				FRAMEWORK_SEARCH_PATHS = (
					"$(DEVELOPER_FRAMEWORKS_DIR)",
					"$(inherited)",
				);
				INFOPLIST_FILE = HoverlyticsTests/Info.plist;
				LD_RUNPATH_SEARCH_PATHS = "$(inherited) @executable_path/../Frameworks @loader_path/../Frameworks";
				PRODUCT_NAME = HoverlyticsTests;
				TEST_HOST = "$(BUILT_PRODUCTS_DIR)/Hoverlytics.app/Contents/MacOS/Hoverlytics";
			};
			name = Release;
		};
		B25033521AF5E5B0006A2AE7 /* Debug */ = {
			isa = XCBuildConfiguration;
			buildSettings = {
				ASSETCATALOG_COMPILER_APPICON_NAME = AppIcon;
				CLANG_USE_OPTIMIZATION_PROFILE = NO;
				CODE_SIGN_ENTITLEMENTS = Lantern/Lantern.entitlements;
				CODE_SIGN_IDENTITY = "Mac Developer";
				"CODE_SIGN_IDENTITY[sdk=macosx*]" = "Mac Developer";
				COMBINE_HIDPI_IMAGES = YES;
				DEBUG_INFORMATION_FORMAT = "dwarf-with-dsym";
				FRAMEWORK_SEARCH_PATHS = (
					"$(inherited)",
					"$(PROJECT_DIR)/Carthage/Build/Mac",
					"$(PROJECT_DIR)",
				);
				GCC_NO_COMMON_BLOCKS = YES;
				GCC_PREPROCESSOR_DEFINITIONS = (
					"DEBUG=1",
					"$(inherited)",
				);
				INFOPLIST_FILE = "$(SRCROOT)/Lantern/Info.plist";
				LD_RUNPATH_SEARCH_PATHS = "$(inherited) @executable_path/../Frameworks";
				OTHER_SWIFT_FLAGS = "-D DEBUG";
				PRODUCT_NAME = Lantern;
				PROVISIONING_PROFILE = "";
				SWIFT_OBJC_BRIDGING_HEADER = "Lantern/Lantern-Bridging-Header.h";
			};
			name = Debug;
		};
		B25033531AF5E5B0006A2AE7 /* Release */ = {
			isa = XCBuildConfiguration;
			buildSettings = {
				ASSETCATALOG_COMPILER_APPICON_NAME = AppIcon;
				CLANG_USE_OPTIMIZATION_PROFILE = NO;
				CODE_SIGN_ENTITLEMENTS = Lantern/Lantern.entitlements;
				CODE_SIGN_IDENTITY = "Mac Developer";
				"CODE_SIGN_IDENTITY[sdk=macosx*]" = "Mac Developer";
				COMBINE_HIDPI_IMAGES = YES;
				FRAMEWORK_SEARCH_PATHS = (
					"$(inherited)",
					"$(PROJECT_DIR)/Carthage/Build/Mac",
					"$(PROJECT_DIR)",
				);
				GCC_NO_COMMON_BLOCKS = YES;
				INFOPLIST_FILE = "$(SRCROOT)/Lantern/Info.plist";
				LD_RUNPATH_SEARCH_PATHS = "$(inherited) @executable_path/../Frameworks";
				PRODUCT_NAME = Lantern;
				PROVISIONING_PROFILE = "";
				SWIFT_OBJC_BRIDGING_HEADER = "Lantern/Lantern-Bridging-Header.h";
			};
			name = Release;
		};
/* End XCBuildConfiguration section */

/* Begin XCConfigurationList section */
		B2054D891AF477C700DC2C00 /* Build configuration list for PBXNativeTarget "LanternTests" */ = {
			isa = XCConfigurationList;
			buildConfigurations = (
				B2054D861AF477C700DC2C00 /* Debug */,
				B2054D871AF477C700DC2C00 /* Release */,
			);
			defaultConfigurationIsVisible = 0;
			defaultConfigurationName = Release;
		};
		B224260C1AC8F8B200809EF0 /* Build configuration list for PBXNativeTarget "LanternModel" */ = {
			isa = XCConfigurationList;
			buildConfigurations = (
				B224260D1AC8F8B200809EF0 /* Debug */,
				B224260E1AC8F8B200809EF0 /* Release */,
			);
			defaultConfigurationIsVisible = 0;
			defaultConfigurationName = Release;
		};
		B224260F1AC8F8B200809EF0 /* Build configuration list for PBXNativeTarget "LanternModelTests" */ = {
			isa = XCConfigurationList;
			buildConfigurations = (
				B22426101AC8F8B200809EF0 /* Debug */,
				B22426111AC8F8B200809EF0 /* Release */,
			);
			defaultConfigurationIsVisible = 0;
			defaultConfigurationName = Release;
		};
		B22B7D8A1AC6B9090026AEDB /* Build configuration list for PBXProject "Lantern" */ = {
			isa = XCConfigurationList;
			buildConfigurations = (
				B22B7DA91AC6B9090026AEDB /* Debug */,
				B22B7DAA1AC6B9090026AEDB /* Release */,
			);
			defaultConfigurationIsVisible = 0;
			defaultConfigurationName = Release;
		};
		B22B7DAB1AC6B9090026AEDB /* Build configuration list for PBXNativeTarget "Hoverlytics" */ = {
			isa = XCConfigurationList;
			buildConfigurations = (
				B22B7DAC1AC6B9090026AEDB /* Debug */,
				B22B7DAD1AC6B9090026AEDB /* Release */,
			);
			defaultConfigurationIsVisible = 0;
			defaultConfigurationName = Release;
		};
		B22B7DAE1AC6B9090026AEDB /* Build configuration list for PBXNativeTarget "HoverlyticsTests" */ = {
			isa = XCConfigurationList;
			buildConfigurations = (
				B22B7DAF1AC6B9090026AEDB /* Debug */,
				B22B7DB01AC6B9090026AEDB /* Release */,
			);
			defaultConfigurationIsVisible = 0;
			defaultConfigurationName = Release;
		};
		B25033511AF5E5B0006A2AE7 /* Build configuration list for PBXNativeTarget "Lantern" */ = {
			isa = XCConfigurationList;
			buildConfigurations = (
				B25033521AF5E5B0006A2AE7 /* Debug */,
				B25033531AF5E5B0006A2AE7 /* Release */,
			);
			defaultConfigurationIsVisible = 0;
			defaultConfigurationName = Release;
		};
/* End XCConfigurationList section */
	};
	rootObject = B22B7D871AC6B9090026AEDB /* Project object */;
}
