// !$*UTF8*$!
{
	archiveVersion = 1;
	classes = {
	};
	objectVersion = 46;
	objects = {

/* Begin PBXBuildFile section */
		B2134AAC1AE9F5D800ACDDE3 /* StatsViewController.swift in Sources */ = {isa = PBXBuildFile; fileRef = B2134AAB1AE9F5D800ACDDE3 /* StatsViewController.swift */; };
		B22425F81AC8F8B200809EF0 /* HoverlyticsModel.h in Headers */ = {isa = PBXBuildFile; fileRef = B22425F71AC8F8B200809EF0 /* HoverlyticsModel.h */; settings = {ATTRIBUTES = (Public, ); }; };
		B22425FE1AC8F8B200809EF0 /* HoverlyticsModel.framework in Frameworks */ = {isa = PBXBuildFile; fileRef = B22425F31AC8F8B200809EF0 /* HoverlyticsModel.framework */; };
		B22426071AC8F8B200809EF0 /* HoverlyticsModelTests.swift in Sources */ = {isa = PBXBuildFile; fileRef = B22426061AC8F8B200809EF0 /* HoverlyticsModelTests.swift */; };
		B224260A1AC8F8B200809EF0 /* HoverlyticsModel.framework in Frameworks */ = {isa = PBXBuildFile; fileRef = B22425F31AC8F8B200809EF0 /* HoverlyticsModel.framework */; };
		B224260B1AC8F8B200809EF0 /* HoverlyticsModel.framework in Embed Frameworks */ = {isa = PBXBuildFile; fileRef = B22425F31AC8F8B200809EF0 /* HoverlyticsModel.framework */; settings = {ATTRIBUTES = (CodeSignOnCopy, RemoveHeadersOnCopy, ); }; };
		B22426121AC8F8D000809EF0 /* CloudKit.framework in Frameworks */ = {isa = PBXBuildFile; fileRef = B22B7DBF1AC785C90026AEDB /* CloudKit.framework */; };
		B22426141AC8F8DB00809EF0 /* Site.swift in Sources */ = {isa = PBXBuildFile; fileRef = B22426131AC8F8DB00809EF0 /* Site.swift */; };
		B22426161AC8FA2E00809EF0 /* CloudKit+Hoverlytics.swift in Sources */ = {isa = PBXBuildFile; fileRef = B22426151AC8FA2E00809EF0 /* CloudKit+Hoverlytics.swift */; };
		B22766241AEDE9250083FE8C /* NSSegmentedControl+PGWSConvenience.m in Sources */ = {isa = PBXBuildFile; fileRef = B22766231AEDE9250083FE8C /* NSSegmentedControl+PGWSConvenience.m */; };
		B22766261AEE62060083FE8C /* SourcePreviewViewController.swift in Sources */ = {isa = PBXBuildFile; fileRef = B22766251AEE62060083FE8C /* SourcePreviewViewController.swift */; };
		B22766281AEF36DA0083FE8C /* PageMapper+Filtering.swift in Sources */ = {isa = PBXBuildFile; fileRef = B22766271AEF36DA0083FE8C /* PageMapper+Filtering.swift */; };
		B22766291AEF37360083FE8C /* PageMapper.swift in Sources */ = {isa = PBXBuildFile; fileRef = B2134AAD1AE9F97F00ACDDE3 /* PageMapper.swift */; };
		B227662D1AEF382E0083FE8C /* PageMapper+InfoPresenting.swift in Sources */ = {isa = PBXBuildFile; fileRef = B227662C1AEF382E0083FE8C /* PageMapper+InfoPresenting.swift */; };
		B227662F1AEF42A90083FE8C /* ValidatedStringValue.swift in Sources */ = {isa = PBXBuildFile; fileRef = B227662E1AEF42A90083FE8C /* ValidatedStringValue.swift */; };
		B22766311AEF4DFC0083FE8C /* PageMapper+Validating.swift in Sources */ = {isa = PBXBuildFile; fileRef = B22766301AEF4DFC0083FE8C /* PageMapper+Validating.swift */; };
		B22766331AEF51430083FE8C /* PageInfo.swift in Sources */ = {isa = PBXBuildFile; fileRef = B22766321AEF51430083FE8C /* PageInfo.swift */; };
		B22766351AEF67920083FE8C /* UniqueURLArray.swift in Sources */ = {isa = PBXBuildFile; fileRef = B22766341AEF67920083FE8C /* UniqueURLArray.swift */; };
		B22766381AEF9B320083FE8C /* MenuAssistant.swift in Sources */ = {isa = PBXBuildFile; fileRef = B22766361AEF9B2D0083FE8C /* MenuAssistant.swift */; };
		B227663A1AEFB6DB0083FE8C /* Dictionary+UpdateClosure.swift in Sources */ = {isa = PBXBuildFile; fileRef = B22766391AEFB6DB0083FE8C /* Dictionary+UpdateClosure.swift */; };
		B22B7D951AC6B9090026AEDB /* AppDelegate.swift in Sources */ = {isa = PBXBuildFile; fileRef = B22B7D941AC6B9090026AEDB /* AppDelegate.swift */; };
		B22B7D971AC6B9090026AEDB /* ViewController.swift in Sources */ = {isa = PBXBuildFile; fileRef = B22B7D961AC6B9090026AEDB /* ViewController.swift */; };
		B22B7D991AC6B9090026AEDB /* Images.xcassets in Resources */ = {isa = PBXBuildFile; fileRef = B22B7D981AC6B9090026AEDB /* Images.xcassets */; };
		B22B7D9C1AC6B9090026AEDB /* Main.storyboard in Resources */ = {isa = PBXBuildFile; fileRef = B22B7D9A1AC6B9090026AEDB /* Main.storyboard */; };
		B22B7DA81AC6B9090026AEDB /* Hoverlytics_for_MacTests.swift in Sources */ = {isa = PBXBuildFile; fileRef = B22B7DA71AC6B9090026AEDB /* Hoverlytics_for_MacTests.swift */; };
		B22B7DB41AC6B9870026AEDB /* NSViewController+PGWSConstraintConvenience.m in Sources */ = {isa = PBXBuildFile; fileRef = B22B7DB31AC6B9870026AEDB /* NSViewController+PGWSConstraintConvenience.m */; };
		B22B7DB71AC77CAC0026AEDB /* MainWindowController.swift in Sources */ = {isa = PBXBuildFile; fileRef = B22B7DB61AC77CAC0026AEDB /* MainWindowController.swift */; };
		B22B7DB91AC77D420026AEDB /* PageViewController.swift in Sources */ = {isa = PBXBuildFile; fileRef = B22B7DB81AC77D420026AEDB /* PageViewController.swift */; };
		B22B7DBB1AC77EF20026AEDB /* Page.storyboard in Resources */ = {isa = PBXBuildFile; fileRef = B22B7DBA1AC77EF20026AEDB /* Page.storyboard */; };
		B22B7DBD1AC782DD0026AEDB /* insertHoverlytics.js in Resources */ = {isa = PBXBuildFile; fileRef = B22B7DBC1AC782DD0026AEDB /* insertHoverlytics.js */; };
		B22B7DC01AC785C90026AEDB /* CloudKit.framework in Frameworks */ = {isa = PBXBuildFile; fileRef = B22B7DBF1AC785C90026AEDB /* CloudKit.framework */; };
		B23966E01ACD316E00C6A420 /* windowClose.js in Resources */ = {isa = PBXBuildFile; fileRef = B23966DF1ACD316E00C6A420 /* windowClose.js */; };
		B23966E21ACD36FF00C6A420 /* userAgent.js in Resources */ = {isa = PBXBuildFile; fileRef = B23966E11ACD36FF00C6A420 /* userAgent.js */; };
		B23966EA1ACD45BD00C6A420 /* panelAuthorizationChanged.js in Resources */ = {isa = PBXBuildFile; fileRef = B23966E91ACD45BC00C6A420 /* panelAuthorizationChanged.js */; };
		B23966EC1ACD518E00C6A420 /* setPanelAuthorizationToken.js in Resources */ = {isa = PBXBuildFile; fileRef = B23966EB1ACD518E00C6A420 /* setPanelAuthorizationToken.js */; };
		B23BE38C1AEFE062008BEDC0 /* Carthage in Resources */ = {isa = PBXBuildFile; fileRef = B23BE38B1AEFE062008BEDC0 /* Carthage */; };
		B23BE38F1AEFE080008BEDC0 /* Alamofire.framework in Frameworks */ = {isa = PBXBuildFile; fileRef = B23BE38E1AEFE080008BEDC0 /* Alamofire.framework */; };
		B23BE3911AEFE083008BEDC0 /* Ono.framework in Frameworks */ = {isa = PBXBuildFile; fileRef = B23BE3901AEFE083008BEDC0 /* Ono.framework */; };
		B23BE3931AF06AA6008BEDC0 /* SegmentedControlAssistant.swift in Sources */ = {isa = PBXBuildFile; fileRef = B23BE3921AF06AA6008BEDC0 /* SegmentedControlAssistant.swift */; };
		B23E29EA1AE73DF6009A94E5 /* console.js in Resources */ = {isa = PBXBuildFile; fileRef = B23E29E91AE73DF6009A94E5 /* console.js */; };
		B23E29EC1AE73F03009A94E5 /* WKUserContentController+bundledScripts.swift in Sources */ = {isa = PBXBuildFile; fileRef = B23E29EB1AE73F03009A94E5 /* WKUserContentController+bundledScripts.swift */; };
		B23EA59E1ACA5F6A009B4032 /* ValueValidation.swift in Sources */ = {isa = PBXBuildFile; fileRef = B23EA59D1ACA5F6A009B4032 /* ValueValidation.swift */; };
		B2A63B5F1AC8DAA0004CEBE1 /* SiteSettings.storyboard in Resources */ = {isa = PBXBuildFile; fileRef = B2A63B5E1AC8DAA0004CEBE1 /* SiteSettings.storyboard */; };
		B2A63B611AC8DACD004CEBE1 /* SiteSettingsViewController.swift in Sources */ = {isa = PBXBuildFile; fileRef = B2A63B601AC8DACD004CEBE1 /* SiteSettingsViewController.swift */; };
		B2B542C11AF0980E00073464 /* NSData+ONOXMLDocument.swift in Sources */ = {isa = PBXBuildFile; fileRef = B2B542C01AF0980E00073464 /* NSData+ONOXMLDocument.swift */; };
		B2B542C31AF09C0000073464 /* ONOXMLDocument+StringEncoding.swift in Sources */ = {isa = PBXBuildFile; fileRef = B2B542C21AF09C0000073464 /* ONOXMLDocument+StringEncoding.swift */; };
		B2B542C71AF0A09600073464 /* SourcePreview.storyboard in Resources */ = {isa = PBXBuildFile; fileRef = B2B542C61AF0A09600073464 /* SourcePreview.storyboard */; };
		B2C4A93F1ACA31F0000F1566 /* ModelManager.swift in Sources */ = {isa = PBXBuildFile; fileRef = B2C4A93E1ACA31F0000F1566 /* ModelManager.swift */; };
		B2C4A9411ACA3203000F1566 /* MainState.swift in Sources */ = {isa = PBXBuildFile; fileRef = B2C4A9401ACA3203000F1566 /* MainState.swift */; };
		B2E2691C1AE9DD650044BE04 /* AppDelegate.swift in Sources */ = {isa = PBXBuildFile; fileRef = B2E2691B1AE9DD650044BE04 /* AppDelegate.swift */; };
		B2E2691E1AE9DD650044BE04 /* ViewController.swift in Sources */ = {isa = PBXBuildFile; fileRef = B2E2691D1AE9DD650044BE04 /* ViewController.swift */; };
		B2E269201AE9DD650044BE04 /* Images.xcassets in Resources */ = {isa = PBXBuildFile; fileRef = B2E2691F1AE9DD650044BE04 /* Images.xcassets */; };
		B2E269231AE9DD650044BE04 /* Main.storyboard in Resources */ = {isa = PBXBuildFile; fileRef = B2E269211AE9DD650044BE04 /* Main.storyboard */; };
		B2E2692F1AE9DD660044BE04 /* SidetoneTests.swift in Sources */ = {isa = PBXBuildFile; fileRef = B2E2692E1AE9DD660044BE04 /* SidetoneTests.swift */; };
		B2E2693B1AE9E5130044BE04 /* MainSection.swift in Sources */ = {isa = PBXBuildFile; fileRef = B2E2693A1AE9E5130044BE04 /* MainSection.swift */; };
		B2E2693D1AE9E9200044BE04 /* MainView.storyboard in Resources */ = {isa = PBXBuildFile; fileRef = B2E2693C1AE9E9200044BE04 /* MainView.storyboard */; };
/* End PBXBuildFile section */

/* Begin PBXContainerItemProxy section */
		B22425FF1AC8F8B200809EF0 /* PBXContainerItemProxy */ = {
			isa = PBXContainerItemProxy;
			containerPortal = B22B7D871AC6B9090026AEDB /* Project object */;
			proxyType = 1;
			remoteGlobalIDString = B22425F21AC8F8B200809EF0;
			remoteInfo = HoverlyticsModel;
		};
		B22426011AC8F8B200809EF0 /* PBXContainerItemProxy */ = {
			isa = PBXContainerItemProxy;
			containerPortal = B22B7D871AC6B9090026AEDB /* Project object */;
			proxyType = 1;
			remoteGlobalIDString = B22B7D8E1AC6B9090026AEDB;
			remoteInfo = Hoverlytics;
		};
		B22426081AC8F8B200809EF0 /* PBXContainerItemProxy */ = {
			isa = PBXContainerItemProxy;
			containerPortal = B22B7D871AC6B9090026AEDB /* Project object */;
			proxyType = 1;
			remoteGlobalIDString = B22425F21AC8F8B200809EF0;
			remoteInfo = HoverlyticsModel;
		};
		B22B7DA21AC6B9090026AEDB /* PBXContainerItemProxy */ = {
			isa = PBXContainerItemProxy;
			containerPortal = B22B7D871AC6B9090026AEDB /* Project object */;
			proxyType = 1;
			remoteGlobalIDString = B22B7D8E1AC6B9090026AEDB;
			remoteInfo = "Hoverlytics for Mac";
		};
		B2E269291AE9DD650044BE04 /* PBXContainerItemProxy */ = {
			isa = PBXContainerItemProxy;
			containerPortal = B22B7D871AC6B9090026AEDB /* Project object */;
			proxyType = 1;
			remoteGlobalIDString = B2E269161AE9DD650044BE04;
			remoteInfo = Sidetone;
		};
/* End PBXContainerItemProxy section */

/* Begin PBXCopyFilesBuildPhase section */
		B22425E91AC8F7CB00809EF0 /* Embed Frameworks */ = {
			isa = PBXCopyFilesBuildPhase;
			buildActionMask = 2147483647;
			dstPath = "";
			dstSubfolderSpec = 10;
			files = (
				B224260B1AC8F8B200809EF0 /* HoverlyticsModel.framework in Embed Frameworks */,
			);
			name = "Embed Frameworks";
			runOnlyForDeploymentPostprocessing = 0;
		};
		B2E269391AE9DD830044BE04 /* Embed Frameworks */ = {
			isa = PBXCopyFilesBuildPhase;
			buildActionMask = 2147483647;
			dstPath = "";
			dstSubfolderSpec = 10;
			files = (
			);
			name = "Embed Frameworks";
			runOnlyForDeploymentPostprocessing = 0;
		};
/* End PBXCopyFilesBuildPhase section */

/* Begin PBXFileReference section */
		B2134AAB1AE9F5D800ACDDE3 /* StatsViewController.swift */ = {isa = PBXFileReference; fileEncoding = 4; lastKnownFileType = sourcecode.swift; path = StatsViewController.swift; sourceTree = "<group>"; };
		B2134AAD1AE9F97F00ACDDE3 /* PageMapper.swift */ = {isa = PBXFileReference; fileEncoding = 4; lastKnownFileType = sourcecode.swift; path = PageMapper.swift; sourceTree = "<group>"; };
		B22425F31AC8F8B200809EF0 /* HoverlyticsModel.framework */ = {isa = PBXFileReference; explicitFileType = wrapper.framework; includeInIndex = 0; path = HoverlyticsModel.framework; sourceTree = BUILT_PRODUCTS_DIR; };
		B22425F61AC8F8B200809EF0 /* Info.plist */ = {isa = PBXFileReference; lastKnownFileType = text.plist.xml; path = Info.plist; sourceTree = "<group>"; };
		B22425F71AC8F8B200809EF0 /* HoverlyticsModel.h */ = {isa = PBXFileReference; lastKnownFileType = sourcecode.c.h; path = HoverlyticsModel.h; sourceTree = "<group>"; };
		B22425FD1AC8F8B200809EF0 /* HoverlyticsModelTests.xctest */ = {isa = PBXFileReference; explicitFileType = wrapper.cfbundle; includeInIndex = 0; path = HoverlyticsModelTests.xctest; sourceTree = BUILT_PRODUCTS_DIR; };
		B22426051AC8F8B200809EF0 /* Info.plist */ = {isa = PBXFileReference; lastKnownFileType = text.plist.xml; path = Info.plist; sourceTree = "<group>"; };
		B22426061AC8F8B200809EF0 /* HoverlyticsModelTests.swift */ = {isa = PBXFileReference; lastKnownFileType = sourcecode.swift; path = HoverlyticsModelTests.swift; sourceTree = "<group>"; };
		B22426131AC8F8DB00809EF0 /* Site.swift */ = {isa = PBXFileReference; fileEncoding = 4; lastKnownFileType = sourcecode.swift; path = Site.swift; sourceTree = "<group>"; };
		B22426151AC8FA2E00809EF0 /* CloudKit+Hoverlytics.swift */ = {isa = PBXFileReference; fileEncoding = 4; lastKnownFileType = sourcecode.swift; path = "CloudKit+Hoverlytics.swift"; sourceTree = "<group>"; };
		B22766221AEDE9250083FE8C /* NSSegmentedControl+PGWSConvenience.h */ = {isa = PBXFileReference; fileEncoding = 4; lastKnownFileType = sourcecode.c.h; path = "NSSegmentedControl+PGWSConvenience.h"; sourceTree = "<group>"; };
		B22766231AEDE9250083FE8C /* NSSegmentedControl+PGWSConvenience.m */ = {isa = PBXFileReference; fileEncoding = 4; lastKnownFileType = sourcecode.c.objc; path = "NSSegmentedControl+PGWSConvenience.m"; sourceTree = "<group>"; };
		B22766251AEE62060083FE8C /* SourcePreviewViewController.swift */ = {isa = PBXFileReference; fileEncoding = 4; lastKnownFileType = sourcecode.swift; path = SourcePreviewViewController.swift; sourceTree = "<group>"; };
		B22766271AEF36DA0083FE8C /* PageMapper+Filtering.swift */ = {isa = PBXFileReference; fileEncoding = 4; lastKnownFileType = sourcecode.swift; path = "PageMapper+Filtering.swift"; sourceTree = "<group>"; };
		B227662C1AEF382E0083FE8C /* PageMapper+InfoPresenting.swift */ = {isa = PBXFileReference; fileEncoding = 4; lastKnownFileType = sourcecode.swift; path = "PageMapper+InfoPresenting.swift"; sourceTree = "<group>"; };
		B227662E1AEF42A90083FE8C /* ValidatedStringValue.swift */ = {isa = PBXFileReference; fileEncoding = 4; lastKnownFileType = sourcecode.swift; path = ValidatedStringValue.swift; sourceTree = "<group>"; };
		B22766301AEF4DFC0083FE8C /* PageMapper+Validating.swift */ = {isa = PBXFileReference; fileEncoding = 4; lastKnownFileType = sourcecode.swift; path = "PageMapper+Validating.swift"; sourceTree = "<group>"; };
		B22766321AEF51430083FE8C /* PageInfo.swift */ = {isa = PBXFileReference; fileEncoding = 4; lastKnownFileType = sourcecode.swift; path = PageInfo.swift; sourceTree = "<group>"; };
		B22766341AEF67920083FE8C /* UniqueURLArray.swift */ = {isa = PBXFileReference; fileEncoding = 4; lastKnownFileType = sourcecode.swift; path = UniqueURLArray.swift; sourceTree = "<group>"; };
		B22766361AEF9B2D0083FE8C /* MenuAssistant.swift */ = {isa = PBXFileReference; fileEncoding = 4; lastKnownFileType = sourcecode.swift; name = MenuAssistant.swift; path = HoverlyticsModel/MenuAssistant.swift; sourceTree = SOURCE_ROOT; };
		B22766391AEFB6DB0083FE8C /* Dictionary+UpdateClosure.swift */ = {isa = PBXFileReference; fileEncoding = 4; lastKnownFileType = sourcecode.swift; path = "Dictionary+UpdateClosure.swift"; sourceTree = "<group>"; };
		B22B7D8F1AC6B9090026AEDB /* Hoverlytics.app */ = {isa = PBXFileReference; explicitFileType = wrapper.application; includeInIndex = 0; path = Hoverlytics.app; sourceTree = BUILT_PRODUCTS_DIR; };
		B22B7D931AC6B9090026AEDB /* Info.plist */ = {isa = PBXFileReference; lastKnownFileType = text.plist.xml; path = Info.plist; sourceTree = "<group>"; };
		B22B7D941AC6B9090026AEDB /* AppDelegate.swift */ = {isa = PBXFileReference; lastKnownFileType = sourcecode.swift; path = AppDelegate.swift; sourceTree = "<group>"; };
		B22B7D961AC6B9090026AEDB /* ViewController.swift */ = {isa = PBXFileReference; lastKnownFileType = sourcecode.swift; path = ViewController.swift; sourceTree = "<group>"; };
		B22B7D981AC6B9090026AEDB /* Images.xcassets */ = {isa = PBXFileReference; lastKnownFileType = folder.assetcatalog; path = Images.xcassets; sourceTree = "<group>"; };
		B22B7D9B1AC6B9090026AEDB /* Base */ = {isa = PBXFileReference; lastKnownFileType = file.storyboard; name = Base; path = Base.lproj/Main.storyboard; sourceTree = "<group>"; };
		B22B7DA11AC6B9090026AEDB /* HoverlyticsTests.xctest */ = {isa = PBXFileReference; explicitFileType = wrapper.cfbundle; includeInIndex = 0; path = HoverlyticsTests.xctest; sourceTree = BUILT_PRODUCTS_DIR; };
		B22B7DA61AC6B9090026AEDB /* Info.plist */ = {isa = PBXFileReference; lastKnownFileType = text.plist.xml; path = Info.plist; sourceTree = "<group>"; };
		B22B7DA71AC6B9090026AEDB /* Hoverlytics_for_MacTests.swift */ = {isa = PBXFileReference; lastKnownFileType = sourcecode.swift; path = Hoverlytics_for_MacTests.swift; sourceTree = "<group>"; };
		B22B7DB11AC6B9860026AEDB /* Hoverlytics-Bridging-Header.h */ = {isa = PBXFileReference; lastKnownFileType = sourcecode.c.h; path = "Hoverlytics-Bridging-Header.h"; sourceTree = "<group>"; };
		B22B7DB21AC6B9870026AEDB /* NSViewController+PGWSConstraintConvenience.h */ = {isa = PBXFileReference; fileEncoding = 4; lastKnownFileType = sourcecode.c.h; path = "NSViewController+PGWSConstraintConvenience.h"; sourceTree = "<group>"; };
		B22B7DB31AC6B9870026AEDB /* NSViewController+PGWSConstraintConvenience.m */ = {isa = PBXFileReference; fileEncoding = 4; lastKnownFileType = sourcecode.c.objc; path = "NSViewController+PGWSConstraintConvenience.m"; sourceTree = "<group>"; };
		B22B7DB61AC77CAC0026AEDB /* MainWindowController.swift */ = {isa = PBXFileReference; fileEncoding = 4; lastKnownFileType = sourcecode.swift; path = MainWindowController.swift; sourceTree = "<group>"; };
		B22B7DB81AC77D420026AEDB /* PageViewController.swift */ = {isa = PBXFileReference; fileEncoding = 4; lastKnownFileType = sourcecode.swift; path = PageViewController.swift; sourceTree = "<group>"; };
		B22B7DBA1AC77EF20026AEDB /* Page.storyboard */ = {isa = PBXFileReference; fileEncoding = 4; lastKnownFileType = file.storyboard; path = Page.storyboard; sourceTree = "<group>"; };
		B22B7DBC1AC782DD0026AEDB /* insertHoverlytics.js */ = {isa = PBXFileReference; fileEncoding = 4; lastKnownFileType = sourcecode.javascript; path = insertHoverlytics.js; sourceTree = "<group>"; };
		B22B7DBE1AC785B20026AEDB /* Hoverlytics.entitlements */ = {isa = PBXFileReference; lastKnownFileType = text.xml; path = Hoverlytics.entitlements; sourceTree = "<group>"; };
		B22B7DBF1AC785C90026AEDB /* CloudKit.framework */ = {isa = PBXFileReference; lastKnownFileType = wrapper.framework; name = CloudKit.framework; path = System/Library/Frameworks/CloudKit.framework; sourceTree = SDKROOT; };
		B23966DF1ACD316E00C6A420 /* windowClose.js */ = {isa = PBXFileReference; fileEncoding = 4; lastKnownFileType = sourcecode.javascript; path = windowClose.js; sourceTree = "<group>"; };
		B23966E11ACD36FF00C6A420 /* userAgent.js */ = {isa = PBXFileReference; fileEncoding = 4; lastKnownFileType = sourcecode.javascript; path = userAgent.js; sourceTree = "<group>"; };
		B23966E91ACD45BC00C6A420 /* panelAuthorizationChanged.js */ = {isa = PBXFileReference; fileEncoding = 4; lastKnownFileType = sourcecode.javascript; path = panelAuthorizationChanged.js; sourceTree = "<group>"; };
		B23966EB1ACD518E00C6A420 /* setPanelAuthorizationToken.js */ = {isa = PBXFileReference; fileEncoding = 4; lastKnownFileType = sourcecode.javascript; path = setPanelAuthorizationToken.js; sourceTree = "<group>"; };
		B23BE38B1AEFE062008BEDC0 /* Carthage */ = {isa = PBXFileReference; lastKnownFileType = folder; path = Carthage; sourceTree = "<group>"; };
		B23BE38E1AEFE080008BEDC0 /* Alamofire.framework */ = {isa = PBXFileReference; lastKnownFileType = wrapper.framework; name = Alamofire.framework; path = Carthage/Build/Mac/Alamofire.framework; sourceTree = "<group>"; };
		B23BE3901AEFE083008BEDC0 /* Ono.framework */ = {isa = PBXFileReference; lastKnownFileType = wrapper.framework; name = Ono.framework; path = "Carthage/Build/Mac-Manual/Ono.framework"; sourceTree = "<group>"; };
		B23BE3921AF06AA6008BEDC0 /* SegmentedControlAssistant.swift */ = {isa = PBXFileReference; fileEncoding = 4; lastKnownFileType = sourcecode.swift; path = SegmentedControlAssistant.swift; sourceTree = "<group>"; };
		B23E29E91AE73DF6009A94E5 /* console.js */ = {isa = PBXFileReference; fileEncoding = 4; lastKnownFileType = sourcecode.javascript; path = console.js; sourceTree = "<group>"; };
		B23E29EB1AE73F03009A94E5 /* WKUserContentController+bundledScripts.swift */ = {isa = PBXFileReference; fileEncoding = 4; lastKnownFileType = sourcecode.swift; path = "WKUserContentController+bundledScripts.swift"; sourceTree = "<group>"; };
		B23EA59D1ACA5F6A009B4032 /* ValueValidation.swift */ = {isa = PBXFileReference; fileEncoding = 4; lastKnownFileType = sourcecode.swift; path = ValueValidation.swift; sourceTree = "<group>"; };
		B2A63B5E1AC8DAA0004CEBE1 /* SiteSettings.storyboard */ = {isa = PBXFileReference; fileEncoding = 4; lastKnownFileType = file.storyboard; path = SiteSettings.storyboard; sourceTree = "<group>"; };
		B2A63B601AC8DACD004CEBE1 /* SiteSettingsViewController.swift */ = {isa = PBXFileReference; fileEncoding = 4; lastKnownFileType = sourcecode.swift; path = SiteSettingsViewController.swift; sourceTree = "<group>"; };
		B2B542C01AF0980E00073464 /* NSData+ONOXMLDocument.swift */ = {isa = PBXFileReference; fileEncoding = 4; lastKnownFileType = sourcecode.swift; path = "NSData+ONOXMLDocument.swift"; sourceTree = "<group>"; };
		B2B542C21AF09C0000073464 /* ONOXMLDocument+StringEncoding.swift */ = {isa = PBXFileReference; fileEncoding = 4; lastKnownFileType = sourcecode.swift; path = "ONOXMLDocument+StringEncoding.swift"; sourceTree = "<group>"; };
		B2B542C61AF0A09600073464 /* SourcePreview.storyboard */ = {isa = PBXFileReference; fileEncoding = 4; lastKnownFileType = file.storyboard; path = SourcePreview.storyboard; sourceTree = "<group>"; };
		B2C4A93E1ACA31F0000F1566 /* ModelManager.swift */ = {isa = PBXFileReference; fileEncoding = 4; lastKnownFileType = sourcecode.swift; path = ModelManager.swift; sourceTree = "<group>"; };
		B2C4A9401ACA3203000F1566 /* MainState.swift */ = {isa = PBXFileReference; fileEncoding = 4; lastKnownFileType = sourcecode.swift; path = MainState.swift; sourceTree = "<group>"; };
		B2E269171AE9DD650044BE04 /* Sidetone.app */ = {isa = PBXFileReference; explicitFileType = wrapper.application; includeInIndex = 0; path = Sidetone.app; sourceTree = BUILT_PRODUCTS_DIR; };
		B2E2691A1AE9DD650044BE04 /* Info.plist */ = {isa = PBXFileReference; lastKnownFileType = text.plist.xml; path = Info.plist; sourceTree = "<group>"; };
		B2E2691B1AE9DD650044BE04 /* AppDelegate.swift */ = {isa = PBXFileReference; lastKnownFileType = sourcecode.swift; path = AppDelegate.swift; sourceTree = "<group>"; };
		B2E2691D1AE9DD650044BE04 /* ViewController.swift */ = {isa = PBXFileReference; lastKnownFileType = sourcecode.swift; path = ViewController.swift; sourceTree = "<group>"; };
		B2E2691F1AE9DD650044BE04 /* Images.xcassets */ = {isa = PBXFileReference; lastKnownFileType = folder.assetcatalog; path = Images.xcassets; sourceTree = "<group>"; };
		B2E269221AE9DD650044BE04 /* Base */ = {isa = PBXFileReference; lastKnownFileType = file.storyboard; name = Base; path = Base.lproj/Main.storyboard; sourceTree = "<group>"; };
		B2E269281AE9DD650044BE04 /* SidetoneTests.xctest */ = {isa = PBXFileReference; explicitFileType = wrapper.cfbundle; includeInIndex = 0; path = SidetoneTests.xctest; sourceTree = BUILT_PRODUCTS_DIR; };
		B2E2692D1AE9DD660044BE04 /* Info.plist */ = {isa = PBXFileReference; lastKnownFileType = text.plist.xml; path = Info.plist; sourceTree = "<group>"; };
		B2E2692E1AE9DD660044BE04 /* SidetoneTests.swift */ = {isa = PBXFileReference; lastKnownFileType = sourcecode.swift; path = SidetoneTests.swift; sourceTree = "<group>"; };
		B2E2693A1AE9E5130044BE04 /* MainSection.swift */ = {isa = PBXFileReference; fileEncoding = 4; lastKnownFileType = sourcecode.swift; path = MainSection.swift; sourceTree = "<group>"; };
		B2E2693C1AE9E9200044BE04 /* MainView.storyboard */ = {isa = PBXFileReference; fileEncoding = 4; lastKnownFileType = file.storyboard; path = MainView.storyboard; sourceTree = "<group>"; };
/* End PBXFileReference section */

/* Begin PBXFrameworksBuildPhase section */
		B22425EF1AC8F8B200809EF0 /* Frameworks */ = {
			isa = PBXFrameworksBuildPhase;
			buildActionMask = 2147483647;
			files = (
				B22426121AC8F8D000809EF0 /* CloudKit.framework in Frameworks */,
				B23BE38F1AEFE080008BEDC0 /* Alamofire.framework in Frameworks */,
				B23BE3911AEFE083008BEDC0 /* Ono.framework in Frameworks */,
			);
			runOnlyForDeploymentPostprocessing = 0;
		};
		B22425FA1AC8F8B200809EF0 /* Frameworks */ = {
			isa = PBXFrameworksBuildPhase;
			buildActionMask = 2147483647;
			files = (
				B22425FE1AC8F8B200809EF0 /* HoverlyticsModel.framework in Frameworks */,
			);
			runOnlyForDeploymentPostprocessing = 0;
		};
		B22B7D8C1AC6B9090026AEDB /* Frameworks */ = {
			isa = PBXFrameworksBuildPhase;
			buildActionMask = 2147483647;
			files = (
				B22B7DC01AC785C90026AEDB /* CloudKit.framework in Frameworks */,
				B224260A1AC8F8B200809EF0 /* HoverlyticsModel.framework in Frameworks */,
			);
			runOnlyForDeploymentPostprocessing = 0;
		};
		B22B7D9E1AC6B9090026AEDB /* Frameworks */ = {
			isa = PBXFrameworksBuildPhase;
			buildActionMask = 2147483647;
			files = (
			);
			runOnlyForDeploymentPostprocessing = 0;
		};
		B2E269141AE9DD650044BE04 /* Frameworks */ = {
			isa = PBXFrameworksBuildPhase;
			buildActionMask = 2147483647;
			files = (
			);
			runOnlyForDeploymentPostprocessing = 0;
		};
		B2E269251AE9DD650044BE04 /* Frameworks */ = {
			isa = PBXFrameworksBuildPhase;
			buildActionMask = 2147483647;
			files = (
			);
			runOnlyForDeploymentPostprocessing = 0;
		};
/* End PBXFrameworksBuildPhase section */

/* Begin PBXGroup section */
		B22425F41AC8F8B200809EF0 /* HoverlyticsModel */ = {
			isa = PBXGroup;
			children = (
				B22426151AC8FA2E00809EF0 /* CloudKit+Hoverlytics.swift */,
				B2C4A93E1ACA31F0000F1566 /* ModelManager.swift */,
				B2C4A9401ACA3203000F1566 /* MainState.swift */,
				B23EA59D1ACA5F6A009B4032 /* ValueValidation.swift */,
				B22426131AC8F8DB00809EF0 /* Site.swift */,
				B22766341AEF67920083FE8C /* UniqueURLArray.swift */,
				B22766391AEFB6DB0083FE8C /* Dictionary+UpdateClosure.swift */,
				B2B542C21AF09C0000073464 /* ONOXMLDocument+StringEncoding.swift */,
				B2B542C01AF0980E00073464 /* NSData+ONOXMLDocument.swift */,
				B227662E1AEF42A90083FE8C /* ValidatedStringValue.swift */,
				B22766321AEF51430083FE8C /* PageInfo.swift */,
				B2134AAD1AE9F97F00ACDDE3 /* PageMapper.swift */,
				B22766271AEF36DA0083FE8C /* PageMapper+Filtering.swift */,
				B22766301AEF4DFC0083FE8C /* PageMapper+Validating.swift */,
				B227662C1AEF382E0083FE8C /* PageMapper+InfoPresenting.swift */,
				B22425F71AC8F8B200809EF0 /* HoverlyticsModel.h */,
				B22425F51AC8F8B200809EF0 /* Supporting Files */,
			);
			path = HoverlyticsModel;
			sourceTree = "<group>";
		};
		B22425F51AC8F8B200809EF0 /* Supporting Files */ = {
			isa = PBXGroup;
			children = (
				B22425F61AC8F8B200809EF0 /* Info.plist */,
			);
			name = "Supporting Files";
			sourceTree = "<group>";
		};
		B22426031AC8F8B200809EF0 /* HoverlyticsModelTests */ = {
			isa = PBXGroup;
			children = (
				B22426061AC8F8B200809EF0 /* HoverlyticsModelTests.swift */,
				B22426041AC8F8B200809EF0 /* Supporting Files */,
			);
			path = HoverlyticsModelTests;
			sourceTree = "<group>";
		};
		B22426041AC8F8B200809EF0 /* Supporting Files */ = {
			isa = PBXGroup;
			children = (
				B22426051AC8F8B200809EF0 /* Info.plist */,
			);
			name = "Supporting Files";
			sourceTree = "<group>";
		};
		B22B7D861AC6B9090026AEDB = {
			isa = PBXGroup;
			children = (
				B23BE3901AEFE083008BEDC0 /* Ono.framework */,
				B23BE38E1AEFE080008BEDC0 /* Alamofire.framework */,
				B22B7DBF1AC785C90026AEDB /* CloudKit.framework */,
				B22B7D911AC6B9090026AEDB /* Hoverlytics */,
				B22B7DA41AC6B9090026AEDB /* HoverlyticsTests */,
				B23BE38B1AEFE062008BEDC0 /* Carthage */,
				B22425F41AC8F8B200809EF0 /* HoverlyticsModel */,
				B22426031AC8F8B200809EF0 /* HoverlyticsModelTests */,
				B2E269181AE9DD650044BE04 /* Sidetone */,
				B2E2692B1AE9DD660044BE04 /* SidetoneTests */,
				B22B7D901AC6B9090026AEDB /* Products */,
			);
			sourceTree = "<group>";
		};
		B22B7D901AC6B9090026AEDB /* Products */ = {
			isa = PBXGroup;
			children = (
				B22B7D8F1AC6B9090026AEDB /* Hoverlytics.app */,
				B22B7DA11AC6B9090026AEDB /* HoverlyticsTests.xctest */,
				B22425F31AC8F8B200809EF0 /* HoverlyticsModel.framework */,
				B22425FD1AC8F8B200809EF0 /* HoverlyticsModelTests.xctest */,
				B2E269171AE9DD650044BE04 /* Sidetone.app */,
				B2E269281AE9DD650044BE04 /* SidetoneTests.xctest */,
			);
			name = Products;
			sourceTree = "<group>";
		};
		B22B7D911AC6B9090026AEDB /* Hoverlytics */ = {
			isa = PBXGroup;
			children = (
				B22B7DBE1AC785B20026AEDB /* Hoverlytics.entitlements */,
				B22B7D941AC6B9090026AEDB /* AppDelegate.swift */,
				B22B7D981AC6B9090026AEDB /* Images.xcassets */,
				B22B7D9A1AC6B9090026AEDB /* Main.storyboard */,
				B2E2693C1AE9E9200044BE04 /* MainView.storyboard */,
				B2E2693A1AE9E5130044BE04 /* MainSection.swift */,
				B22B7DB61AC77CAC0026AEDB /* MainWindowController.swift */,
				B22B7D961AC6B9090026AEDB /* ViewController.swift */,
				B2A63B5E1AC8DAA0004CEBE1 /* SiteSettings.storyboard */,
				B2A63B601AC8DACD004CEBE1 /* SiteSettingsViewController.swift */,
				B23BE3941AF078EC008BEDC0 /* UI Assistants */,
				B22B7DBA1AC77EF20026AEDB /* Page.storyboard */,
				B22B7DB81AC77D420026AEDB /* PageViewController.swift */,
				B2134AAB1AE9F5D800ACDDE3 /* StatsViewController.swift */,
				B2B542C61AF0A09600073464 /* SourcePreview.storyboard */,
				B22766251AEE62060083FE8C /* SourcePreviewViewController.swift */,
				B23E29EB1AE73F03009A94E5 /* WKUserContentController+bundledScripts.swift */,
				B22B7DBC1AC782DD0026AEDB /* insertHoverlytics.js */,
				B23966E11ACD36FF00C6A420 /* userAgent.js */,
				B23966DF1ACD316E00C6A420 /* windowClose.js */,
				B23966E91ACD45BC00C6A420 /* panelAuthorizationChanged.js */,
				B23966EB1ACD518E00C6A420 /* setPanelAuthorizationToken.js */,
				B23E29E91AE73DF6009A94E5 /* console.js */,
				B22B7DB51AC6B98A0026AEDB /* Categories */,
				B22B7D921AC6B9090026AEDB /* Supporting Files */,
				B22B7DB11AC6B9860026AEDB /* Hoverlytics-Bridging-Header.h */,
			);
			path = Hoverlytics;
			sourceTree = "<group>";
		};
		B22B7D921AC6B9090026AEDB /* Supporting Files */ = {
			isa = PBXGroup;
			children = (
				B22B7D931AC6B9090026AEDB /* Info.plist */,
			);
			name = "Supporting Files";
			sourceTree = "<group>";
		};
		B22B7DA41AC6B9090026AEDB /* HoverlyticsTests */ = {
			isa = PBXGroup;
			children = (
				B22B7DA71AC6B9090026AEDB /* Hoverlytics_for_MacTests.swift */,
				B22B7DA51AC6B9090026AEDB /* Supporting Files */,
			);
			path = HoverlyticsTests;
			sourceTree = "<group>";
		};
		B22B7DA51AC6B9090026AEDB /* Supporting Files */ = {
			isa = PBXGroup;
			children = (
				B22B7DA61AC6B9090026AEDB /* Info.plist */,
			);
			name = "Supporting Files";
			sourceTree = "<group>";
		};
		B22B7DB51AC6B98A0026AEDB /* Categories */ = {
			isa = PBXGroup;
			children = (
				B22B7DB21AC6B9870026AEDB /* NSViewController+PGWSConstraintConvenience.h */,
				B22B7DB31AC6B9870026AEDB /* NSViewController+PGWSConstraintConvenience.m */,
				B22766221AEDE9250083FE8C /* NSSegmentedControl+PGWSConvenience.h */,
				B22766231AEDE9250083FE8C /* NSSegmentedControl+PGWSConvenience.m */,
			);
			name = Categories;
			sourceTree = "<group>";
		};
		B23BE3941AF078EC008BEDC0 /* UI Assistants */ = {
			isa = PBXGroup;
			children = (
				B22766361AEF9B2D0083FE8C /* MenuAssistant.swift */,
				B23BE3921AF06AA6008BEDC0 /* SegmentedControlAssistant.swift */,
			);
			name = "UI Assistants";
			sourceTree = "<group>";
		};
		B2E269181AE9DD650044BE04 /* Sidetone */ = {
			isa = PBXGroup;
			children = (
				B2E2691B1AE9DD650044BE04 /* AppDelegate.swift */,
				B2E2691D1AE9DD650044BE04 /* ViewController.swift */,
				B2E2691F1AE9DD650044BE04 /* Images.xcassets */,
				B2E269211AE9DD650044BE04 /* Main.storyboard */,
				B2E269191AE9DD650044BE04 /* Supporting Files */,
			);
			path = Sidetone;
			sourceTree = "<group>";
		};
		B2E269191AE9DD650044BE04 /* Supporting Files */ = {
			isa = PBXGroup;
			children = (
				B2E2691A1AE9DD650044BE04 /* Info.plist */,
			);
			name = "Supporting Files";
			sourceTree = "<group>";
		};
		B2E2692B1AE9DD660044BE04 /* SidetoneTests */ = {
			isa = PBXGroup;
			children = (
				B2E2692E1AE9DD660044BE04 /* SidetoneTests.swift */,
				B2E2692C1AE9DD660044BE04 /* Supporting Files */,
			);
			path = SidetoneTests;
			sourceTree = "<group>";
		};
		B2E2692C1AE9DD660044BE04 /* Supporting Files */ = {
			isa = PBXGroup;
			children = (
				B2E2692D1AE9DD660044BE04 /* Info.plist */,
			);
			name = "Supporting Files";
			sourceTree = "<group>";
		};
/* End PBXGroup section */

/* Begin PBXHeadersBuildPhase section */
		B22425F01AC8F8B200809EF0 /* Headers */ = {
			isa = PBXHeadersBuildPhase;
			buildActionMask = 2147483647;
			files = (
				B22425F81AC8F8B200809EF0 /* HoverlyticsModel.h in Headers */,
			);
			runOnlyForDeploymentPostprocessing = 0;
		};
/* End PBXHeadersBuildPhase section */

/* Begin PBXNativeTarget section */
		B22425F21AC8F8B200809EF0 /* HoverlyticsModel */ = {
			isa = PBXNativeTarget;
			buildConfigurationList = B224260C1AC8F8B200809EF0 /* Build configuration list for PBXNativeTarget "HoverlyticsModel" */;
			buildPhases = (
				B22425EE1AC8F8B200809EF0 /* Sources */,
				B22425EF1AC8F8B200809EF0 /* Frameworks */,
				B22425F01AC8F8B200809EF0 /* Headers */,
				B22425F11AC8F8B200809EF0 /* Resources */,
			);
			buildRules = (
			);
			dependencies = (
			);
			name = HoverlyticsModel;
			productName = HoverlyticsModel;
			productReference = B22425F31AC8F8B200809EF0 /* HoverlyticsModel.framework */;
			productType = "com.apple.product-type.framework";
		};
		B22425FC1AC8F8B200809EF0 /* HoverlyticsModelTests */ = {
			isa = PBXNativeTarget;
			buildConfigurationList = B224260F1AC8F8B200809EF0 /* Build configuration list for PBXNativeTarget "HoverlyticsModelTests" */;
			buildPhases = (
				B22425F91AC8F8B200809EF0 /* Sources */,
				B22425FA1AC8F8B200809EF0 /* Frameworks */,
				B22425FB1AC8F8B200809EF0 /* Resources */,
			);
			buildRules = (
			);
			dependencies = (
				B22426001AC8F8B200809EF0 /* PBXTargetDependency */,
				B22426021AC8F8B200809EF0 /* PBXTargetDependency */,
			);
			name = HoverlyticsModelTests;
			productName = HoverlyticsModelTests;
			productReference = B22425FD1AC8F8B200809EF0 /* HoverlyticsModelTests.xctest */;
			productType = "com.apple.product-type.bundle.unit-test";
		};
		B22B7D8E1AC6B9090026AEDB /* Hoverlytics */ = {
			isa = PBXNativeTarget;
			buildConfigurationList = B22B7DAB1AC6B9090026AEDB /* Build configuration list for PBXNativeTarget "Hoverlytics" */;
			buildPhases = (
				B22B7D8B1AC6B9090026AEDB /* Sources */,
				B22B7D8C1AC6B9090026AEDB /* Frameworks */,
				B22B7D8D1AC6B9090026AEDB /* Resources */,
				B22425E91AC8F7CB00809EF0 /* Embed Frameworks */,
			);
			buildRules = (
			);
			dependencies = (
				B22426091AC8F8B200809EF0 /* PBXTargetDependency */,
			);
			name = Hoverlytics;
			productName = "Hoverlytics for Mac";
			productReference = B22B7D8F1AC6B9090026AEDB /* Hoverlytics.app */;
			productType = "com.apple.product-type.application";
		};
		B22B7DA01AC6B9090026AEDB /* HoverlyticsTests */ = {
			isa = PBXNativeTarget;
			buildConfigurationList = B22B7DAE1AC6B9090026AEDB /* Build configuration list for PBXNativeTarget "HoverlyticsTests" */;
			buildPhases = (
				B22B7D9D1AC6B9090026AEDB /* Sources */,
				B22B7D9E1AC6B9090026AEDB /* Frameworks */,
				B22B7D9F1AC6B9090026AEDB /* Resources */,
			);
			buildRules = (
			);
			dependencies = (
				B22B7DA31AC6B9090026AEDB /* PBXTargetDependency */,
			);
			name = HoverlyticsTests;
			productName = "Hoverlytics for MacTests";
			productReference = B22B7DA11AC6B9090026AEDB /* HoverlyticsTests.xctest */;
			productType = "com.apple.product-type.bundle.unit-test";
		};
		B2E269161AE9DD650044BE04 /* Sidetone */ = {
			isa = PBXNativeTarget;
			buildConfigurationList = B2E269341AE9DD660044BE04 /* Build configuration list for PBXNativeTarget "Sidetone" */;
			buildPhases = (
				B2E269131AE9DD650044BE04 /* Sources */,
				B2E269141AE9DD650044BE04 /* Frameworks */,
				B2E269151AE9DD650044BE04 /* Resources */,
				B2E269391AE9DD830044BE04 /* Embed Frameworks */,
			);
			buildRules = (
			);
			dependencies = (
			);
			name = Sidetone;
			productName = Sidetone;
			productReference = B2E269171AE9DD650044BE04 /* Sidetone.app */;
			productType = "com.apple.product-type.application";
		};
		B2E269271AE9DD650044BE04 /* SidetoneTests */ = {
			isa = PBXNativeTarget;
			buildConfigurationList = B2E269351AE9DD660044BE04 /* Build configuration list for PBXNativeTarget "SidetoneTests" */;
			buildPhases = (
				B2E269241AE9DD650044BE04 /* Sources */,
				B2E269251AE9DD650044BE04 /* Frameworks */,
				B2E269261AE9DD650044BE04 /* Resources */,
			);
			buildRules = (
			);
			dependencies = (
				B2E2692A1AE9DD650044BE04 /* PBXTargetDependency */,
			);
			name = SidetoneTests;
			productName = SidetoneTests;
			productReference = B2E269281AE9DD650044BE04 /* SidetoneTests.xctest */;
			productType = "com.apple.product-type.bundle.unit-test";
		};
/* End PBXNativeTarget section */

/* Begin PBXProject section */
		B22B7D871AC6B9090026AEDB /* Project object */ = {
			isa = PBXProject;
			attributes = {
				LastUpgradeCheck = 0620;
				ORGANIZATIONNAME = "Burnt Caramel";
				TargetAttributes = {
					B22425F21AC8F8B200809EF0 = {
						CreatedOnToolsVersion = 6.2;
						DevelopmentTeam = 5278SPSAPR;
					};
					B22425FC1AC8F8B200809EF0 = {
						CreatedOnToolsVersion = 6.2;
						TestTargetID = B22B7D8E1AC6B9090026AEDB;
					};
					B22B7D8E1AC6B9090026AEDB = {
						CreatedOnToolsVersion = 6.2;
						DevelopmentTeam = 5278SPSAPR;
						SystemCapabilities = {
							com.apple.Sandbox = {
								enabled = 1;
							};
							com.apple.iCloud = {
								enabled = 1;
							};
						};
					};
					B22B7DA01AC6B9090026AEDB = {
						CreatedOnToolsVersion = 6.2;
						TestTargetID = B22B7D8E1AC6B9090026AEDB;
					};
					B2E269161AE9DD650044BE04 = {
						CreatedOnToolsVersion = 6.3.1;
						DevelopmentTeam = 5278SPSAPR;
					};
					B2E269271AE9DD650044BE04 = {
						CreatedOnToolsVersion = 6.3.1;
						TestTargetID = B2E269161AE9DD650044BE04;
					};
				};
			};
			buildConfigurationList = B22B7D8A1AC6B9090026AEDB /* Build configuration list for PBXProject "Hoverlytics" */;
			compatibilityVersion = "Xcode 3.2";
			developmentRegion = English;
			hasScannedForEncodings = 0;
			knownRegions = (
				en,
				Base,
			);
			mainGroup = B22B7D861AC6B9090026AEDB;
			productRefGroup = B22B7D901AC6B9090026AEDB /* Products */;
			projectDirPath = "";
			projectRoot = "";
			targets = (
				B22B7D8E1AC6B9090026AEDB /* Hoverlytics */,
				B22B7DA01AC6B9090026AEDB /* HoverlyticsTests */,
				B22425F21AC8F8B200809EF0 /* HoverlyticsModel */,
				B22425FC1AC8F8B200809EF0 /* HoverlyticsModelTests */,
				B2E269161AE9DD650044BE04 /* Sidetone */,
				B2E269271AE9DD650044BE04 /* SidetoneTests */,
			);
		};
/* End PBXProject section */

/* Begin PBXResourcesBuildPhase section */
		B22425F11AC8F8B200809EF0 /* Resources */ = {
			isa = PBXResourcesBuildPhase;
			buildActionMask = 2147483647;
			files = (
				B23BE38C1AEFE062008BEDC0 /* Carthage in Resources */,
			);
			runOnlyForDeploymentPostprocessing = 0;
		};
		B22425FB1AC8F8B200809EF0 /* Resources */ = {
			isa = PBXResourcesBuildPhase;
			buildActionMask = 2147483647;
			files = (
			);
			runOnlyForDeploymentPostprocessing = 0;
		};
		B22B7D8D1AC6B9090026AEDB /* Resources */ = {
			isa = PBXResourcesBuildPhase;
			buildActionMask = 2147483647;
			files = (
				B22B7DBD1AC782DD0026AEDB /* insertHoverlytics.js in Resources */,
				B22B7D991AC6B9090026AEDB /* Images.xcassets in Resources */,
				B2B542C71AF0A09600073464 /* SourcePreview.storyboard in Resources */,
				B22B7DBB1AC77EF20026AEDB /* Page.storyboard in Resources */,
				B23966E01ACD316E00C6A420 /* windowClose.js in Resources */,
				B23E29EA1AE73DF6009A94E5 /* console.js in Resources */,
				B2E2693D1AE9E9200044BE04 /* MainView.storyboard in Resources */,
				B23966EA1ACD45BD00C6A420 /* panelAuthorizationChanged.js in Resources */,
				B2A63B5F1AC8DAA0004CEBE1 /* SiteSettings.storyboard in Resources */,
				B22B7D9C1AC6B9090026AEDB /* Main.storyboard in Resources */,
				B23966EC1ACD518E00C6A420 /* setPanelAuthorizationToken.js in Resources */,
				B23966E21ACD36FF00C6A420 /* userAgent.js in Resources */,
			);
			runOnlyForDeploymentPostprocessing = 0;
		};
		B22B7D9F1AC6B9090026AEDB /* Resources */ = {
			isa = PBXResourcesBuildPhase;
			buildActionMask = 2147483647;
			files = (
			);
			runOnlyForDeploymentPostprocessing = 0;
		};
		B2E269151AE9DD650044BE04 /* Resources */ = {
			isa = PBXResourcesBuildPhase;
			buildActionMask = 2147483647;
			files = (
				B2E269201AE9DD650044BE04 /* Images.xcassets in Resources */,
				B2E269231AE9DD650044BE04 /* Main.storyboard in Resources */,
			);
			runOnlyForDeploymentPostprocessing = 0;
		};
		B2E269261AE9DD650044BE04 /* Resources */ = {
			isa = PBXResourcesBuildPhase;
			buildActionMask = 2147483647;
			files = (
			);
			runOnlyForDeploymentPostprocessing = 0;
		};
/* End PBXResourcesBuildPhase section */

/* Begin PBXSourcesBuildPhase section */
		B22425EE1AC8F8B200809EF0 /* Sources */ = {
			isa = PBXSourcesBuildPhase;
			buildActionMask = 2147483647;
			files = (
				B2B542C11AF0980E00073464 /* NSData+ONOXMLDocument.swift in Sources */,
				B22766331AEF51430083FE8C /* PageInfo.swift in Sources */,
				B22426141AC8F8DB00809EF0 /* Site.swift in Sources */,
				B227663A1AEFB6DB0083FE8C /* Dictionary+UpdateClosure.swift in Sources */,
				B227662F1AEF42A90083FE8C /* ValidatedStringValue.swift in Sources */,
				B22766311AEF4DFC0083FE8C /* PageMapper+Validating.swift in Sources */,
				B22766351AEF67920083FE8C /* UniqueURLArray.swift in Sources */,
				B23EA59E1ACA5F6A009B4032 /* ValueValidation.swift in Sources */,
				B227662D1AEF382E0083FE8C /* PageMapper+InfoPresenting.swift in Sources */,
				B2C4A9411ACA3203000F1566 /* MainState.swift in Sources */,
				B2C4A93F1ACA31F0000F1566 /* ModelManager.swift in Sources */,
				B22426161AC8FA2E00809EF0 /* CloudKit+Hoverlytics.swift in Sources */,
				B22766281AEF36DA0083FE8C /* PageMapper+Filtering.swift in Sources */,
				B22766291AEF37360083FE8C /* PageMapper.swift in Sources */,
				B2B542C31AF09C0000073464 /* ONOXMLDocument+StringEncoding.swift in Sources */,
			);
			runOnlyForDeploymentPostprocessing = 0;
		};
		B22425F91AC8F8B200809EF0 /* Sources */ = {
			isa = PBXSourcesBuildPhase;
			buildActionMask = 2147483647;
			files = (
				B22426071AC8F8B200809EF0 /* HoverlyticsModelTests.swift in Sources */,
			);
			runOnlyForDeploymentPostprocessing = 0;
		};
		B22B7D8B1AC6B9090026AEDB /* Sources */ = {
			isa = PBXSourcesBuildPhase;
			buildActionMask = 2147483647;
			files = (
				B23BE3931AF06AA6008BEDC0 /* SegmentedControlAssistant.swift in Sources */,
				B22B7D971AC6B9090026AEDB /* ViewController.swift in Sources */,
				B22766381AEF9B320083FE8C /* MenuAssistant.swift in Sources */,
				B22B7D951AC6B9090026AEDB /* AppDelegate.swift in Sources */,
				B2A63B611AC8DACD004CEBE1 /* SiteSettingsViewController.swift in Sources */,
				B22B7DB71AC77CAC0026AEDB /* MainWindowController.swift in Sources */,
				B23E29EC1AE73F03009A94E5 /* WKUserContentController+bundledScripts.swift in Sources */,
				B22766261AEE62060083FE8C /* SourcePreviewViewController.swift in Sources */,
				B22B7DB91AC77D420026AEDB /* PageViewController.swift in Sources */,
				B2E2693B1AE9E5130044BE04 /* MainSection.swift in Sources */,
				B22766241AEDE9250083FE8C /* NSSegmentedControl+PGWSConvenience.m in Sources */,
				B2134AAC1AE9F5D800ACDDE3 /* StatsViewController.swift in Sources */,
				B22B7DB41AC6B9870026AEDB /* NSViewController+PGWSConstraintConvenience.m in Sources */,
			);
			runOnlyForDeploymentPostprocessing = 0;
		};
		B22B7D9D1AC6B9090026AEDB /* Sources */ = {
			isa = PBXSourcesBuildPhase;
			buildActionMask = 2147483647;
			files = (
				B22B7DA81AC6B9090026AEDB /* Hoverlytics_for_MacTests.swift in Sources */,
			);
			runOnlyForDeploymentPostprocessing = 0;
		};
		B2E269131AE9DD650044BE04 /* Sources */ = {
			isa = PBXSourcesBuildPhase;
			buildActionMask = 2147483647;
			files = (
				B2E2691E1AE9DD650044BE04 /* ViewController.swift in Sources */,
				B2E2691C1AE9DD650044BE04 /* AppDelegate.swift in Sources */,
			);
			runOnlyForDeploymentPostprocessing = 0;
		};
		B2E269241AE9DD650044BE04 /* Sources */ = {
			isa = PBXSourcesBuildPhase;
			buildActionMask = 2147483647;
			files = (
				B2E2692F1AE9DD660044BE04 /* SidetoneTests.swift in Sources */,
			);
			runOnlyForDeploymentPostprocessing = 0;
		};
/* End PBXSourcesBuildPhase section */

/* Begin PBXTargetDependency section */
		B22426001AC8F8B200809EF0 /* PBXTargetDependency */ = {
			isa = PBXTargetDependency;
			target = B22425F21AC8F8B200809EF0 /* HoverlyticsModel */;
			targetProxy = B22425FF1AC8F8B200809EF0 /* PBXContainerItemProxy */;
		};
		B22426021AC8F8B200809EF0 /* PBXTargetDependency */ = {
			isa = PBXTargetDependency;
			target = B22B7D8E1AC6B9090026AEDB /* Hoverlytics */;
			targetProxy = B22426011AC8F8B200809EF0 /* PBXContainerItemProxy */;
		};
		B22426091AC8F8B200809EF0 /* PBXTargetDependency */ = {
			isa = PBXTargetDependency;
			target = B22425F21AC8F8B200809EF0 /* HoverlyticsModel */;
			targetProxy = B22426081AC8F8B200809EF0 /* PBXContainerItemProxy */;
		};
		B22B7DA31AC6B9090026AEDB /* PBXTargetDependency */ = {
			isa = PBXTargetDependency;
			target = B22B7D8E1AC6B9090026AEDB /* Hoverlytics */;
			targetProxy = B22B7DA21AC6B9090026AEDB /* PBXContainerItemProxy */;
		};
		B2E2692A1AE9DD650044BE04 /* PBXTargetDependency */ = {
			isa = PBXTargetDependency;
			target = B2E269161AE9DD650044BE04 /* Sidetone */;
			targetProxy = B2E269291AE9DD650044BE04 /* PBXContainerItemProxy */;
		};
/* End PBXTargetDependency section */

/* Begin PBXVariantGroup section */
		B22B7D9A1AC6B9090026AEDB /* Main.storyboard */ = {
			isa = PBXVariantGroup;
			children = (
				B22B7D9B1AC6B9090026AEDB /* Base */,
			);
			name = Main.storyboard;
			sourceTree = "<group>";
		};
		B2E269211AE9DD650044BE04 /* Main.storyboard */ = {
			isa = PBXVariantGroup;
			children = (
				B2E269221AE9DD650044BE04 /* Base */,
			);
			name = Main.storyboard;
			sourceTree = "<group>";
		};
/* End PBXVariantGroup section */

/* Begin XCBuildConfiguration section */
		B224260D1AC8F8B200809EF0 /* Debug */ = {
			isa = XCBuildConfiguration;
			buildSettings = {
				CLANG_ENABLE_MODULES = YES;
				CODE_SIGN_IDENTITY = "Mac Developer";
				"CODE_SIGN_IDENTITY[sdk=macosx*]" = "Mac Developer";
				COMBINE_HIDPI_IMAGES = YES;
				CURRENT_PROJECT_VERSION = 1;
				DEFINES_MODULE = YES;
				DYLIB_COMPATIBILITY_VERSION = 1;
				DYLIB_CURRENT_VERSION = 1;
				DYLIB_INSTALL_NAME_BASE = "@rpath";
				FRAMEWORK_SEARCH_PATHS = (
					"$(inherited)",
					"$(PROJECT_DIR)/Carthage/Build/Mac",
					"$(PROJECT_DIR)/Carthage/Build/Mac",
					"(Manual)",
					"$(PROJECT_DIR)/Carthage/Build/Mac",
					"(Manual)",
					"$(PROJECT_DIR)/Carthage/Build/Mac-Manual",
				);
				FRAMEWORK_VERSION = A;
				GCC_PREPROCESSOR_DEFINITIONS = (
					"DEBUG=1",
					"$(inherited)",
				);
				INFOPLIST_FILE = HoverlyticsModel/Info.plist;
				INSTALL_PATH = "$(LOCAL_LIBRARY_DIR)/Frameworks";
				LD_RUNPATH_SEARCH_PATHS = "$(inherited) @executable_path/../Frameworks @loader_path/Frameworks";
				PRODUCT_NAME = "$(TARGET_NAME)";
				SKIP_INSTALL = YES;
				SWIFT_OPTIMIZATION_LEVEL = "-Onone";
				VERSIONING_SYSTEM = "apple-generic";
				VERSION_INFO_PREFIX = "";
			};
			name = Debug;
		};
		B224260E1AC8F8B200809EF0 /* Release */ = {
			isa = XCBuildConfiguration;
			buildSettings = {
				CLANG_ENABLE_MODULES = YES;
				CODE_SIGN_IDENTITY = "Mac Developer";
				"CODE_SIGN_IDENTITY[sdk=macosx*]" = "Mac Developer";
				COMBINE_HIDPI_IMAGES = YES;
				CURRENT_PROJECT_VERSION = 1;
				DEFINES_MODULE = YES;
				DYLIB_COMPATIBILITY_VERSION = 1;
				DYLIB_CURRENT_VERSION = 1;
				DYLIB_INSTALL_NAME_BASE = "@rpath";
				FRAMEWORK_SEARCH_PATHS = (
					"$(inherited)",
					"$(PROJECT_DIR)/Carthage/Build/Mac",
					"$(PROJECT_DIR)/Carthage/Build/Mac",
					"(Manual)",
					"$(PROJECT_DIR)/Carthage/Build/Mac",
					"(Manual)",
					"$(PROJECT_DIR)/Carthage/Build/Mac-Manual",
				);
				FRAMEWORK_VERSION = A;
				INFOPLIST_FILE = HoverlyticsModel/Info.plist;
				INSTALL_PATH = "$(LOCAL_LIBRARY_DIR)/Frameworks";
				LD_RUNPATH_SEARCH_PATHS = "$(inherited) @executable_path/../Frameworks @loader_path/Frameworks";
				PRODUCT_NAME = "$(TARGET_NAME)";
				SKIP_INSTALL = YES;
				VERSIONING_SYSTEM = "apple-generic";
				VERSION_INFO_PREFIX = "";
			};
			name = Release;
		};
		B22426101AC8F8B200809EF0 /* Debug */ = {
			isa = XCBuildConfiguration;
			buildSettings = {
				COMBINE_HIDPI_IMAGES = YES;
				FRAMEWORK_SEARCH_PATHS = (
					"$(DEVELOPER_FRAMEWORKS_DIR)",
					"$(inherited)",
				);
				GCC_PREPROCESSOR_DEFINITIONS = (
					"DEBUG=1",
					"$(inherited)",
				);
				INFOPLIST_FILE = HoverlyticsModelTests/Info.plist;
				LD_RUNPATH_SEARCH_PATHS = "$(inherited) @executable_path/../Frameworks @loader_path/../Frameworks";
				PRODUCT_NAME = "$(TARGET_NAME)";
				TEST_HOST = "$(BUILT_PRODUCTS_DIR)/Hoverlytics.app/Contents/MacOS/Hoverlytics";
			};
			name = Debug;
		};
		B22426111AC8F8B200809EF0 /* Release */ = {
			isa = XCBuildConfiguration;
			buildSettings = {
				COMBINE_HIDPI_IMAGES = YES;
				FRAMEWORK_SEARCH_PATHS = (
					"$(DEVELOPER_FRAMEWORKS_DIR)",
					"$(inherited)",
				);
				INFOPLIST_FILE = HoverlyticsModelTests/Info.plist;
				LD_RUNPATH_SEARCH_PATHS = "$(inherited) @executable_path/../Frameworks @loader_path/../Frameworks";
				PRODUCT_NAME = "$(TARGET_NAME)";
				TEST_HOST = "$(BUILT_PRODUCTS_DIR)/Hoverlytics.app/Contents/MacOS/Hoverlytics";
			};
			name = Release;
		};
		B22B7DA91AC6B9090026AEDB /* Debug */ = {
			isa = XCBuildConfiguration;
			buildSettings = {
				ALWAYS_SEARCH_USER_PATHS = NO;
				CLANG_CXX_LANGUAGE_STANDARD = "gnu++0x";
				CLANG_CXX_LIBRARY = "libc++";
				CLANG_ENABLE_MODULES = YES;
				CLANG_ENABLE_OBJC_ARC = YES;
				CLANG_WARN_BOOL_CONVERSION = YES;
				CLANG_WARN_CONSTANT_CONVERSION = YES;
				CLANG_WARN_DIRECT_OBJC_ISA_USAGE = YES_ERROR;
				CLANG_WARN_EMPTY_BODY = YES;
				CLANG_WARN_ENUM_CONVERSION = YES;
				CLANG_WARN_INT_CONVERSION = YES;
				CLANG_WARN_OBJC_ROOT_CLASS = YES_ERROR;
				CLANG_WARN_UNREACHABLE_CODE = YES;
				CLANG_WARN__DUPLICATE_METHOD_MATCH = YES;
				CODE_SIGN_IDENTITY = "-";
				COPY_PHASE_STRIP = NO;
				ENABLE_STRICT_OBJC_MSGSEND = YES;
				GCC_C_LANGUAGE_STANDARD = gnu99;
				GCC_DYNAMIC_NO_PIC = NO;
				GCC_OPTIMIZATION_LEVEL = 0;
				GCC_PREPROCESSOR_DEFINITIONS = (
					"DEBUG=1",
					"$(inherited)",
				);
				GCC_SYMBOLS_PRIVATE_EXTERN = NO;
				GCC_WARN_64_TO_32_BIT_CONVERSION = YES;
				GCC_WARN_ABOUT_RETURN_TYPE = YES_ERROR;
				GCC_WARN_UNDECLARED_SELECTOR = YES;
				GCC_WARN_UNINITIALIZED_AUTOS = YES_AGGRESSIVE;
				GCC_WARN_UNUSED_FUNCTION = YES;
				GCC_WARN_UNUSED_VARIABLE = YES;
				MACOSX_DEPLOYMENT_TARGET = 10.10;
				MTL_ENABLE_DEBUG_INFO = YES;
				ONLY_ACTIVE_ARCH = YES;
				SDKROOT = macosx;
				SWIFT_OPTIMIZATION_LEVEL = "-Onone";
			};
			name = Debug;
		};
		B22B7DAA1AC6B9090026AEDB /* Release */ = {
			isa = XCBuildConfiguration;
			buildSettings = {
				ALWAYS_SEARCH_USER_PATHS = NO;
				CLANG_CXX_LANGUAGE_STANDARD = "gnu++0x";
				CLANG_CXX_LIBRARY = "libc++";
				CLANG_ENABLE_MODULES = YES;
				CLANG_ENABLE_OBJC_ARC = YES;
				CLANG_WARN_BOOL_CONVERSION = YES;
				CLANG_WARN_CONSTANT_CONVERSION = YES;
				CLANG_WARN_DIRECT_OBJC_ISA_USAGE = YES_ERROR;
				CLANG_WARN_EMPTY_BODY = YES;
				CLANG_WARN_ENUM_CONVERSION = YES;
				CLANG_WARN_INT_CONVERSION = YES;
				CLANG_WARN_OBJC_ROOT_CLASS = YES_ERROR;
				CLANG_WARN_UNREACHABLE_CODE = YES;
				CLANG_WARN__DUPLICATE_METHOD_MATCH = YES;
				CODE_SIGN_IDENTITY = "-";
				COPY_PHASE_STRIP = NO;
				DEBUG_INFORMATION_FORMAT = "dwarf-with-dsym";
				ENABLE_NS_ASSERTIONS = NO;
				ENABLE_STRICT_OBJC_MSGSEND = YES;
				GCC_C_LANGUAGE_STANDARD = gnu99;
				GCC_WARN_64_TO_32_BIT_CONVERSION = YES;
				GCC_WARN_ABOUT_RETURN_TYPE = YES_ERROR;
				GCC_WARN_UNDECLARED_SELECTOR = YES;
				GCC_WARN_UNINITIALIZED_AUTOS = YES_AGGRESSIVE;
				GCC_WARN_UNUSED_FUNCTION = YES;
				GCC_WARN_UNUSED_VARIABLE = YES;
				MACOSX_DEPLOYMENT_TARGET = 10.10;
				MTL_ENABLE_DEBUG_INFO = NO;
				SDKROOT = macosx;
			};
			name = Release;
		};
		B22B7DAC1AC6B9090026AEDB /* Debug */ = {
			isa = XCBuildConfiguration;
			buildSettings = {
				ASSETCATALOG_COMPILER_APPICON_NAME = AppIcon;
				CLANG_ENABLE_MODULES = YES;
				CODE_SIGN_ENTITLEMENTS = Hoverlytics/Hoverlytics.entitlements;
				CODE_SIGN_IDENTITY = "Mac Developer";
				"CODE_SIGN_IDENTITY[sdk=macosx*]" = "Mac Developer";
				COMBINE_HIDPI_IMAGES = YES;
				FRAMEWORK_SEARCH_PATHS = (
					"$(inherited)",
					"$(PROJECT_DIR)/Carthage/Build/Mac",
					"$(PROJECT_DIR)/Carthage/Build/Mac",
					"(Manual)",
					"$(PROJECT_DIR)/Carthage/Build/Mac",
					"(Manual)",
				);
				INFOPLIST_FILE = Hoverlytics/Info.plist;
				LD_RUNPATH_SEARCH_PATHS = "$(inherited) @executable_path/../Frameworks";
				OTHER_SWIFT_FLAGS = "-D DEBUG";
				PRODUCT_NAME = Hoverlytics;
				PROVISIONING_PROFILE = "";
				SWIFT_OBJC_BRIDGING_HEADER = "Hoverlytics/Hoverlytics-Bridging-Header.h";
				SWIFT_OPTIMIZATION_LEVEL = "-Onone";
			};
			name = Debug;
		};
		B22B7DAD1AC6B9090026AEDB /* Release */ = {
			isa = XCBuildConfiguration;
			buildSettings = {
				ASSETCATALOG_COMPILER_APPICON_NAME = AppIcon;
				CLANG_ENABLE_MODULES = YES;
				CODE_SIGN_ENTITLEMENTS = Hoverlytics/Hoverlytics.entitlements;
				CODE_SIGN_IDENTITY = "Mac Developer";
				"CODE_SIGN_IDENTITY[sdk=macosx*]" = "Mac Developer";
				COMBINE_HIDPI_IMAGES = YES;
				FRAMEWORK_SEARCH_PATHS = (
					"$(inherited)",
					"$(PROJECT_DIR)/Carthage/Build/Mac",
					"$(PROJECT_DIR)/Carthage/Build/Mac",
					"(Manual)",
					"$(PROJECT_DIR)/Carthage/Build/Mac",
					"(Manual)",
				);
				INFOPLIST_FILE = Hoverlytics/Info.plist;
				LD_RUNPATH_SEARCH_PATHS = "$(inherited) @executable_path/../Frameworks";
				OTHER_SWIFT_FLAGS = "";
				PRODUCT_NAME = Hoverlytics;
				PROVISIONING_PROFILE = "";
				SWIFT_OBJC_BRIDGING_HEADER = "Hoverlytics/Hoverlytics-Bridging-Header.h";
			};
			name = Release;
		};
		B22B7DAF1AC6B9090026AEDB /* Debug */ = {
			isa = XCBuildConfiguration;
			buildSettings = {
				BUNDLE_LOADER = "$(TEST_HOST)";
				COMBINE_HIDPI_IMAGES = YES;
				FRAMEWORK_SEARCH_PATHS = (
					"$(DEVELOPER_FRAMEWORKS_DIR)",
					"$(inherited)",
				);
				GCC_PREPROCESSOR_DEFINITIONS = (
					"DEBUG=1",
					"$(inherited)",
				);
				INFOPLIST_FILE = HoverlyticsTests/Info.plist;
				LD_RUNPATH_SEARCH_PATHS = "$(inherited) @executable_path/../Frameworks @loader_path/../Frameworks";
				PRODUCT_NAME = HoverlyticsTests;
				TEST_HOST = "$(BUILT_PRODUCTS_DIR)/Hoverlytics.app/Contents/MacOS/Hoverlytics";
			};
			name = Debug;
		};
		B22B7DB01AC6B9090026AEDB /* Release */ = {
			isa = XCBuildConfiguration;
			buildSettings = {
				BUNDLE_LOADER = "$(TEST_HOST)";
				COMBINE_HIDPI_IMAGES = YES;
				FRAMEWORK_SEARCH_PATHS = (
					"$(DEVELOPER_FRAMEWORKS_DIR)",
					"$(inherited)",
				);
				INFOPLIST_FILE = HoverlyticsTests/Info.plist;
				LD_RUNPATH_SEARCH_PATHS = "$(inherited) @executable_path/../Frameworks @loader_path/../Frameworks";
				PRODUCT_NAME = HoverlyticsTests;
				TEST_HOST = "$(BUILT_PRODUCTS_DIR)/Hoverlytics.app/Contents/MacOS/Hoverlytics";
			};
			name = Release;
		};
		B2E269301AE9DD660044BE04 /* Debug */ = {
			isa = XCBuildConfiguration;
			buildSettings = {
				ASSETCATALOG_COMPILER_APPICON_NAME = AppIcon;
				CODE_SIGN_IDENTITY = "Mac Developer";
				COMBINE_HIDPI_IMAGES = YES;
				DEBUG_INFORMATION_FORMAT = dwarf;
				FRAMEWORK_SEARCH_PATHS = (
					"$(inherited)",
					"$(PROJECT_DIR)/Carthage/Build/Mac",
				);
				GCC_NO_COMMON_BLOCKS = YES;
				GCC_PREPROCESSOR_DEFINITIONS = (
					"DEBUG=1",
					"$(inherited)",
				);
				INFOPLIST_FILE = Sidetone/Info.plist;
				LD_RUNPATH_SEARCH_PATHS = "$(inherited) @executable_path/../Frameworks";
				PRODUCT_NAME = "$(TARGET_NAME)";
			};
			name = Debug;
		};
		B2E269311AE9DD660044BE04 /* Release */ = {
			isa = XCBuildConfiguration;
			buildSettings = {
				ASSETCATALOG_COMPILER_APPICON_NAME = AppIcon;
				CODE_SIGN_IDENTITY = "Mac Developer";
				COMBINE_HIDPI_IMAGES = YES;
				FRAMEWORK_SEARCH_PATHS = (
					"$(inherited)",
					"$(PROJECT_DIR)/Carthage/Build/Mac",
				);
				GCC_NO_COMMON_BLOCKS = YES;
				INFOPLIST_FILE = Sidetone/Info.plist;
				LD_RUNPATH_SEARCH_PATHS = "$(inherited) @executable_path/../Frameworks";
				PRODUCT_NAME = "$(TARGET_NAME)";
			};
			name = Release;
		};
		B2E269321AE9DD660044BE04 /* Debug */ = {
			isa = XCBuildConfiguration;
			buildSettings = {
				BUNDLE_LOADER = "$(TEST_HOST)";
				COMBINE_HIDPI_IMAGES = YES;
				DEBUG_INFORMATION_FORMAT = dwarf;
				FRAMEWORK_SEARCH_PATHS = (
					"$(DEVELOPER_FRAMEWORKS_DIR)",
					"$(inherited)",
				);
				GCC_NO_COMMON_BLOCKS = YES;
				GCC_PREPROCESSOR_DEFINITIONS = (
					"DEBUG=1",
					"$(inherited)",
				);
				INFOPLIST_FILE = SidetoneTests/Info.plist;
				LD_RUNPATH_SEARCH_PATHS = "$(inherited) @executable_path/../Frameworks @loader_path/../Frameworks";
				PRODUCT_NAME = "$(TARGET_NAME)";
				TEST_HOST = "$(BUILT_PRODUCTS_DIR)/Sidetone.app/Contents/MacOS/Sidetone";
			};
			name = Debug;
		};
		B2E269331AE9DD660044BE04 /* Release */ = {
			isa = XCBuildConfiguration;
			buildSettings = {
				BUNDLE_LOADER = "$(TEST_HOST)";
				COMBINE_HIDPI_IMAGES = YES;
				FRAMEWORK_SEARCH_PATHS = (
					"$(DEVELOPER_FRAMEWORKS_DIR)",
					"$(inherited)",
				);
				GCC_NO_COMMON_BLOCKS = YES;
				INFOPLIST_FILE = SidetoneTests/Info.plist;
				LD_RUNPATH_SEARCH_PATHS = "$(inherited) @executable_path/../Frameworks @loader_path/../Frameworks";
				PRODUCT_NAME = "$(TARGET_NAME)";
				TEST_HOST = "$(BUILT_PRODUCTS_DIR)/Sidetone.app/Contents/MacOS/Sidetone";
			};
			name = Release;
		};
/* End XCBuildConfiguration section */

/* Begin XCConfigurationList section */
		B224260C1AC8F8B200809EF0 /* Build configuration list for PBXNativeTarget "HoverlyticsModel" */ = {
			isa = XCConfigurationList;
			buildConfigurations = (
				B224260D1AC8F8B200809EF0 /* Debug */,
				B224260E1AC8F8B200809EF0 /* Release */,
			);
			defaultConfigurationIsVisible = 0;
			defaultConfigurationName = Release;
		};
		B224260F1AC8F8B200809EF0 /* Build configuration list for PBXNativeTarget "HoverlyticsModelTests" */ = {
			isa = XCConfigurationList;
			buildConfigurations = (
				B22426101AC8F8B200809EF0 /* Debug */,
				B22426111AC8F8B200809EF0 /* Release */,
			);
			defaultConfigurationIsVisible = 0;
			defaultConfigurationName = Release;
		};
		B22B7D8A1AC6B9090026AEDB /* Build configuration list for PBXProject "Hoverlytics" */ = {
			isa = XCConfigurationList;
			buildConfigurations = (
				B22B7DA91AC6B9090026AEDB /* Debug */,
				B22B7DAA1AC6B9090026AEDB /* Release */,
			);
			defaultConfigurationIsVisible = 0;
			defaultConfigurationName = Release;
		};
		B22B7DAB1AC6B9090026AEDB /* Build configuration list for PBXNativeTarget "Hoverlytics" */ = {
			isa = XCConfigurationList;
			buildConfigurations = (
				B22B7DAC1AC6B9090026AEDB /* Debug */,
				B22B7DAD1AC6B9090026AEDB /* Release */,
			);
			defaultConfigurationIsVisible = 0;
			defaultConfigurationName = Release;
		};
		B22B7DAE1AC6B9090026AEDB /* Build configuration list for PBXNativeTarget "HoverlyticsTests" */ = {
			isa = XCConfigurationList;
			buildConfigurations = (
				B22B7DAF1AC6B9090026AEDB /* Debug */,
				B22B7DB01AC6B9090026AEDB /* Release */,
			);
			defaultConfigurationIsVisible = 0;
			defaultConfigurationName = Release;
		};
		B2E269341AE9DD660044BE04 /* Build configuration list for PBXNativeTarget "Sidetone" */ = {
			isa = XCConfigurationList;
			buildConfigurations = (
				B2E269301AE9DD660044BE04 /* Debug */,
				B2E269311AE9DD660044BE04 /* Release */,
			);
			defaultConfigurationIsVisible = 0;
			defaultConfigurationName = Release;
		};
		B2E269351AE9DD660044BE04 /* Build configuration list for PBXNativeTarget "SidetoneTests" */ = {
			isa = XCConfigurationList;
			buildConfigurations = (
				B2E269321AE9DD660044BE04 /* Debug */,
				B2E269331AE9DD660044BE04 /* Release */,
			);
			defaultConfigurationIsVisible = 0;
			defaultConfigurationName = Release;
		};
/* End XCConfigurationList section */
	};
	rootObject = B22B7D871AC6B9090026AEDB /* Project object */;
}
