// !$*UTF8*$!
{
	archiveVersion = 1;
	classes = {
	};
	objectVersion = 46;
	objects = {

/* Begin PBXBuildFile section */
		B22B7D951AC6B9090026AEDB /* AppDelegate.swift in Sources */ = {isa = PBXBuildFile; fileRef = B22B7D941AC6B9090026AEDB /* AppDelegate.swift */; };
		B22B7D971AC6B9090026AEDB /* ViewController.swift in Sources */ = {isa = PBXBuildFile; fileRef = B22B7D961AC6B9090026AEDB /* ViewController.swift */; };
		B22B7D991AC6B9090026AEDB /* Images.xcassets in Resources */ = {isa = PBXBuildFile; fileRef = B22B7D981AC6B9090026AEDB /* Images.xcassets */; };
		B22B7D9C1AC6B9090026AEDB /* Main.storyboard in Resources */ = {isa = PBXBuildFile; fileRef = B22B7D9A1AC6B9090026AEDB /* Main.storyboard */; };
		B22B7DA81AC6B9090026AEDB /* Hoverlytics_for_MacTests.swift in Sources */ = {isa = PBXBuildFile; fileRef = B22B7DA71AC6B9090026AEDB /* Hoverlytics_for_MacTests.swift */; };
/* End PBXBuildFile section */

/* Begin PBXContainerItemProxy section */
		B22B7DA21AC6B9090026AEDB /* PBXContainerItemProxy */ = {
			isa = PBXContainerItemProxy;
			containerPortal = B22B7D871AC6B9090026AEDB /* Project object */;
			proxyType = 1;
			remoteGlobalIDString = B22B7D8E1AC6B9090026AEDB;
			remoteInfo = "Hoverlytics for Mac";
		};
/* End PBXContainerItemProxy section */

/* Begin PBXFileReference section */
		B22B7D8F1AC6B9090026AEDB /* Hoverlytics for Mac.app */ = {isa = PBXFileReference; explicitFileType = wrapper.application; includeInIndex = 0; path = "Hoverlytics for Mac.app"; sourceTree = BUILT_PRODUCTS_DIR; };
		B22B7D931AC6B9090026AEDB /* Info.plist */ = {isa = PBXFileReference; lastKnownFileType = text.plist.xml; path = Info.plist; sourceTree = "<group>"; };
		B22B7D941AC6B9090026AEDB /* AppDelegate.swift */ = {isa = PBXFileReference; lastKnownFileType = sourcecode.swift; path = AppDelegate.swift; sourceTree = "<group>"; };
		B22B7D961AC6B9090026AEDB /* ViewController.swift */ = {isa = PBXFileReference; lastKnownFileType = sourcecode.swift; path = ViewController.swift; sourceTree = "<group>"; };
		B22B7D981AC6B9090026AEDB /* Images.xcassets */ = {isa = PBXFileReference; lastKnownFileType = folder.assetcatalog; path = Images.xcassets; sourceTree = "<group>"; };
		B22B7D9B1AC6B9090026AEDB /* Base */ = {isa = PBXFileReference; lastKnownFileType = file.storyboard; name = Base; path = Base.lproj/Main.storyboard; sourceTree = "<group>"; };
		B22B7DA11AC6B9090026AEDB /* Hoverlytics for MacTests.xctest */ = {isa = PBXFileReference; explicitFileType = wrapper.cfbundle; includeInIndex = 0; path = "Hoverlytics for MacTests.xctest"; sourceTree = BUILT_PRODUCTS_DIR; };
		B22B7DA61AC6B9090026AEDB /* Info.plist */ = {isa = PBXFileReference; lastKnownFileType = text.plist.xml; path = Info.plist; sourceTree = "<group>"; };
		B22B7DA71AC6B9090026AEDB /* Hoverlytics_for_MacTests.swift */ = {isa = PBXFileReference; lastKnownFileType = sourcecode.swift; path = Hoverlytics_for_MacTests.swift; sourceTree = "<group>"; };
/* End PBXFileReference section */

/* Begin PBXFrameworksBuildPhase section */
		B22B7D8C1AC6B9090026AEDB /* Frameworks */ = {
			isa = PBXFrameworksBuildPhase;
			buildActionMask = 2147483647;
			files = (
			);
			runOnlyForDeploymentPostprocessing = 0;
		};
		B22B7D9E1AC6B9090026AEDB /* Frameworks */ = {
			isa = PBXFrameworksBuildPhase;
			buildActionMask = 2147483647;
			files = (
			);
			runOnlyForDeploymentPostprocessing = 0;
		};
/* End PBXFrameworksBuildPhase section */

/* Begin PBXGroup section */
		B22B7D861AC6B9090026AEDB = {
			isa = PBXGroup;
			children = (
				B22B7D911AC6B9090026AEDB /* Hoverlytics for Mac */,
				B22B7DA41AC6B9090026AEDB /* Hoverlytics for MacTests */,
				B22B7D901AC6B9090026AEDB /* Products */,
			);
			sourceTree = "<group>";
		};
		B22B7D901AC6B9090026AEDB /* Products */ = {
			isa = PBXGroup;
			children = (
				B22B7D8F1AC6B9090026AEDB /* Hoverlytics for Mac.app */,
				B22B7DA11AC6B9090026AEDB /* Hoverlytics for MacTests.xctest */,
			);
			name = Products;
			sourceTree = "<group>";
		};
		B22B7D911AC6B9090026AEDB /* Hoverlytics for Mac */ = {
			isa = PBXGroup;
			children = (
				B22B7D941AC6B9090026AEDB /* AppDelegate.swift */,
				B22B7D961AC6B9090026AEDB /* ViewController.swift */,
				B22B7D981AC6B9090026AEDB /* Images.xcassets */,
				B22B7D9A1AC6B9090026AEDB /* Main.storyboard */,
				B22B7D921AC6B9090026AEDB /* Supporting Files */,
			);
			path = "Hoverlytics for Mac";
			sourceTree = "<group>";
		};
		B22B7D921AC6B9090026AEDB /* Supporting Files */ = {
			isa = PBXGroup;
			children = (
				B22B7D931AC6B9090026AEDB /* Info.plist */,
			);
			name = "Supporting Files";
			sourceTree = "<group>";
		};
		B22B7DA41AC6B9090026AEDB /* Hoverlytics for MacTests */ = {
			isa = PBXGroup;
			children = (
				B22B7DA71AC6B9090026AEDB /* Hoverlytics_for_MacTests.swift */,
				B22B7DA51AC6B9090026AEDB /* Supporting Files */,
			);
			path = "Hoverlytics for MacTests";
			sourceTree = "<group>";
		};
		B22B7DA51AC6B9090026AEDB /* Supporting Files */ = {
			isa = PBXGroup;
			children = (
				B22B7DA61AC6B9090026AEDB /* Info.plist */,
			);
			name = "Supporting Files";
			sourceTree = "<group>";
		};
/* End PBXGroup section */

/* Begin PBXNativeTarget section */
		B22B7D8E1AC6B9090026AEDB /* Hoverlytics for Mac */ = {
			isa = PBXNativeTarget;
			buildConfigurationList = B22B7DAB1AC6B9090026AEDB /* Build configuration list for PBXNativeTarget "Hoverlytics for Mac" */;
			buildPhases = (
				B22B7D8B1AC6B9090026AEDB /* Sources */,
				B22B7D8C1AC6B9090026AEDB /* Frameworks */,
				B22B7D8D1AC6B9090026AEDB /* Resources */,
			);
			buildRules = (
			);
			dependencies = (
			);
			name = "Hoverlytics for Mac";
			productName = "Hoverlytics for Mac";
			productReference = B22B7D8F1AC6B9090026AEDB /* Hoverlytics for Mac.app */;
			productType = "com.apple.product-type.application";
		};
		B22B7DA01AC6B9090026AEDB /* Hoverlytics for MacTests */ = {
			isa = PBXNativeTarget;
			buildConfigurationList = B22B7DAE1AC6B9090026AEDB /* Build configuration list for PBXNativeTarget "Hoverlytics for MacTests" */;
			buildPhases = (
				B22B7D9D1AC6B9090026AEDB /* Sources */,
				B22B7D9E1AC6B9090026AEDB /* Frameworks */,
				B22B7D9F1AC6B9090026AEDB /* Resources */,
			);
			buildRules = (
			);
			dependencies = (
				B22B7DA31AC6B9090026AEDB /* PBXTargetDependency */,
			);
			name = "Hoverlytics for MacTests";
			productName = "Hoverlytics for MacTests";
			productReference = B22B7DA11AC6B9090026AEDB /* Hoverlytics for MacTests.xctest */;
			productType = "com.apple.product-type.bundle.unit-test";
		};
/* End PBXNativeTarget section */

/* Begin PBXProject section */
		B22B7D871AC6B9090026AEDB /* Project object */ = {
			isa = PBXProject;
			attributes = {
				LastUpgradeCheck = 0620;
				ORGANIZATIONNAME = "Burnt Caramel";
				TargetAttributes = {
					B22B7D8E1AC6B9090026AEDB = {
						CreatedOnToolsVersion = 6.2;
					};
					B22B7DA01AC6B9090026AEDB = {
						CreatedOnToolsVersion = 6.2;
						TestTargetID = B22B7D8E1AC6B9090026AEDB;
					};
				};
			};
			buildConfigurationList = B22B7D8A1AC6B9090026AEDB /* Build configuration list for PBXProject "Hoverlytics for Mac" */;
			compatibilityVersion = "Xcode 3.2";
			developmentRegion = English;
			hasScannedForEncodings = 0;
			knownRegions = (
				en,
				Base,
			);
			mainGroup = B22B7D861AC6B9090026AEDB;
			productRefGroup = B22B7D901AC6B9090026AEDB /* Products */;
			projectDirPath = "";
			projectRoot = "";
			targets = (
				B22B7D8E1AC6B9090026AEDB /* Hoverlytics for Mac */,
				B22B7DA01AC6B9090026AEDB /* Hoverlytics for MacTests */,
			);
		};
/* End PBXProject section */

/* Begin PBXResourcesBuildPhase section */
		B22B7D8D1AC6B9090026AEDB /* Resources */ = {
			isa = PBXResourcesBuildPhase;
			buildActionMask = 2147483647;
			files = (
				B22B7D991AC6B9090026AEDB /* Images.xcassets in Resources */,
				B22B7D9C1AC6B9090026AEDB /* Main.storyboard in Resources */,
			);
			runOnlyForDeploymentPostprocessing = 0;
		};
		B22B7D9F1AC6B9090026AEDB /* Resources */ = {
			isa = PBXResourcesBuildPhase;
			buildActionMask = 2147483647;
			files = (
			);
			runOnlyForDeploymentPostprocessing = 0;
		};
/* End PBXResourcesBuildPhase section */

/* Begin PBXSourcesBuildPhase section */
		B22B7D8B1AC6B9090026AEDB /* Sources */ = {
			isa = PBXSourcesBuildPhase;
			buildActionMask = 2147483647;
			files = (
				B22B7D971AC6B9090026AEDB /* ViewController.swift in Sources */,
				B22B7D951AC6B9090026AEDB /* AppDelegate.swift in Sources */,
			);
			runOnlyForDeploymentPostprocessing = 0;
		};
		B22B7D9D1AC6B9090026AEDB /* Sources */ = {
			isa = PBXSourcesBuildPhase;
			buildActionMask = 2147483647;
			files = (
				B22B7DA81AC6B9090026AEDB /* Hoverlytics_for_MacTests.swift in Sources */,
			);
			runOnlyForDeploymentPostprocessing = 0;
		};
/* End PBXSourcesBuildPhase section */

/* Begin PBXTargetDependency section */
		B22B7DA31AC6B9090026AEDB /* PBXTargetDependency */ = {
			isa = PBXTargetDependency;
			target = B22B7D8E1AC6B9090026AEDB /* Hoverlytics for Mac */;
			targetProxy = B22B7DA21AC6B9090026AEDB /* PBXContainerItemProxy */;
		};
/* End PBXTargetDependency section */

/* Begin PBXVariantGroup section */
		B22B7D9A1AC6B9090026AEDB /* Main.storyboard */ = {
			isa = PBXVariantGroup;
			children = (
				B22B7D9B1AC6B9090026AEDB /* Base */,
			);
			name = Main.storyboard;
			sourceTree = "<group>";
		};
/* End PBXVariantGroup section */

/* Begin XCBuildConfiguration section */
		B22B7DA91AC6B9090026AEDB /* Debug */ = {
			isa = XCBuildConfiguration;
			buildSettings = {
				ALWAYS_SEARCH_USER_PATHS = NO;
				CLANG_CXX_LANGUAGE_STANDARD = "gnu++0x";
				CLANG_CXX_LIBRARY = "libc++";
				CLANG_ENABLE_MODULES = YES;
				CLANG_ENABLE_OBJC_ARC = YES;
				CLANG_WARN_BOOL_CONVERSION = YES;
				CLANG_WARN_CONSTANT_CONVERSION = YES;
				CLANG_WARN_DIRECT_OBJC_ISA_USAGE = YES_ERROR;
				CLANG_WARN_EMPTY_BODY = YES;
				CLANG_WARN_ENUM_CONVERSION = YES;
				CLANG_WARN_INT_CONVERSION = YES;
				CLANG_WARN_OBJC_ROOT_CLASS = YES_ERROR;
				CLANG_WARN_UNREACHABLE_CODE = YES;
				CLANG_WARN__DUPLICATE_METHOD_MATCH = YES;
				CODE_SIGN_IDENTITY = "-";
				COPY_PHASE_STRIP = NO;
				ENABLE_STRICT_OBJC_MSGSEND = YES;
				GCC_C_LANGUAGE_STANDARD = gnu99;
				GCC_DYNAMIC_NO_PIC = NO;
				GCC_OPTIMIZATION_LEVEL = 0;
				GCC_PREPROCESSOR_DEFINITIONS = (
					"DEBUG=1",
					"$(inherited)",
				);
				GCC_SYMBOLS_PRIVATE_EXTERN = NO;
				GCC_WARN_64_TO_32_BIT_CONVERSION = YES;
				GCC_WARN_ABOUT_RETURN_TYPE = YES_ERROR;
				GCC_WARN_UNDECLARED_SELECTOR = YES;
				GCC_WARN_UNINITIALIZED_AUTOS = YES_AGGRESSIVE;
				GCC_WARN_UNUSED_FUNCTION = YES;
				GCC_WARN_UNUSED_VARIABLE = YES;
				MACOSX_DEPLOYMENT_TARGET = 10.10;
				MTL_ENABLE_DEBUG_INFO = YES;
				ONLY_ACTIVE_ARCH = YES;
				SDKROOT = macosx;
				SWIFT_OPTIMIZATION_LEVEL = "-Onone";
			};
			name = Debug;
		};
		B22B7DAA1AC6B9090026AEDB /* Release */ = {
			isa = XCBuildConfiguration;
			buildSettings = {
				ALWAYS_SEARCH_USER_PATHS = NO;
				CLANG_CXX_LANGUAGE_STANDARD = "gnu++0x";
				CLANG_CXX_LIBRARY = "libc++";
				CLANG_ENABLE_MODULES = YES;
				CLANG_ENABLE_OBJC_ARC = YES;
				CLANG_WARN_BOOL_CONVERSION = YES;
				CLANG_WARN_CONSTANT_CONVERSION = YES;
				CLANG_WARN_DIRECT_OBJC_ISA_USAGE = YES_ERROR;
				CLANG_WARN_EMPTY_BODY = YES;
				CLANG_WARN_ENUM_CONVERSION = YES;
				CLANG_WARN_INT_CONVERSION = YES;
				CLANG_WARN_OBJC_ROOT_CLASS = YES_ERROR;
				CLANG_WARN_UNREACHABLE_CODE = YES;
				CLANG_WARN__DUPLICATE_METHOD_MATCH = YES;
				CODE_SIGN_IDENTITY = "-";
				COPY_PHASE_STRIP = NO;
				DEBUG_INFORMATION_FORMAT = "dwarf-with-dsym";
				ENABLE_NS_ASSERTIONS = NO;
				ENABLE_STRICT_OBJC_MSGSEND = YES;
				GCC_C_LANGUAGE_STANDARD = gnu99;
				GCC_WARN_64_TO_32_BIT_CONVERSION = YES;
				GCC_WARN_ABOUT_RETURN_TYPE = YES_ERROR;
				GCC_WARN_UNDECLARED_SELECTOR = YES;
				GCC_WARN_UNINITIALIZED_AUTOS = YES_AGGRESSIVE;
				GCC_WARN_UNUSED_FUNCTION = YES;
				GCC_WARN_UNUSED_VARIABLE = YES;
				MACOSX_DEPLOYMENT_TARGET = 10.10;
				MTL_ENABLE_DEBUG_INFO = NO;
				SDKROOT = macosx;
			};
			name = Release;
		};
		B22B7DAC1AC6B9090026AEDB /* Debug */ = {
			isa = XCBuildConfiguration;
			buildSettings = {
				ASSETCATALOG_COMPILER_APPICON_NAME = AppIcon;
				COMBINE_HIDPI_IMAGES = YES;
				INFOPLIST_FILE = "Hoverlytics for Mac/Info.plist";
				LD_RUNPATH_SEARCH_PATHS = "$(inherited) @executable_path/../Frameworks";
				PRODUCT_NAME = "$(TARGET_NAME)";
			};
			name = Debug;
		};
		B22B7DAD1AC6B9090026AEDB /* Release */ = {
			isa = XCBuildConfiguration;
			buildSettings = {
				ASSETCATALOG_COMPILER_APPICON_NAME = AppIcon;
				COMBINE_HIDPI_IMAGES = YES;
				INFOPLIST_FILE = "Hoverlytics for Mac/Info.plist";
				LD_RUNPATH_SEARCH_PATHS = "$(inherited) @executable_path/../Frameworks";
				PRODUCT_NAME = "$(TARGET_NAME)";
			};
			name = Release;
		};
		B22B7DAF1AC6B9090026AEDB /* Debug */ = {
			isa = XCBuildConfiguration;
			buildSettings = {
				BUNDLE_LOADER = "$(TEST_HOST)";
				COMBINE_HIDPI_IMAGES = YES;
				FRAMEWORK_SEARCH_PATHS = (
					"$(DEVELOPER_FRAMEWORKS_DIR)",
					"$(inherited)",
				);
				GCC_PREPROCESSOR_DEFINITIONS = (
					"DEBUG=1",
					"$(inherited)",
				);
				INFOPLIST_FILE = "Hoverlytics for MacTests/Info.plist";
				LD_RUNPATH_SEARCH_PATHS = "$(inherited) @executable_path/../Frameworks @loader_path/../Frameworks";
				PRODUCT_NAME = "$(TARGET_NAME)";
				TEST_HOST = "$(BUILT_PRODUCTS_DIR)/Hoverlytics for Mac.app/Contents/MacOS/Hoverlytics for Mac";
			};
			name = Debug;
		};
		B22B7DB01AC6B9090026AEDB /* Release */ = {
			isa = XCBuildConfiguration;
			buildSettings = {
				BUNDLE_LOADER = "$(TEST_HOST)";
				COMBINE_HIDPI_IMAGES = YES;
				FRAMEWORK_SEARCH_PATHS = (
					"$(DEVELOPER_FRAMEWORKS_DIR)",
					"$(inherited)",
				);
				INFOPLIST_FILE = "Hoverlytics for MacTests/Info.plist";
				LD_RUNPATH_SEARCH_PATHS = "$(inherited) @executable_path/../Frameworks @loader_path/../Frameworks";
				PRODUCT_NAME = "$(TARGET_NAME)";
				TEST_HOST = "$(BUILT_PRODUCTS_DIR)/Hoverlytics for Mac.app/Contents/MacOS/Hoverlytics for Mac";
			};
			name = Release;
		};
/* End XCBuildConfiguration section */

/* Begin XCConfigurationList section */
		B22B7D8A1AC6B9090026AEDB /* Build configuration list for PBXProject "Hoverlytics for Mac" */ = {
			isa = XCConfigurationList;
			buildConfigurations = (
				B22B7DA91AC6B9090026AEDB /* Debug */,
				B22B7DAA1AC6B9090026AEDB /* Release */,
			);
			defaultConfigurationIsVisible = 0;
			defaultConfigurationName = Release;
		};
		B22B7DAB1AC6B9090026AEDB /* Build configuration list for PBXNativeTarget "Hoverlytics for Mac" */ = {
			isa = XCConfigurationList;
			buildConfigurations = (
				B22B7DAC1AC6B9090026AEDB /* Debug */,
				B22B7DAD1AC6B9090026AEDB /* Release */,
			);
			defaultConfigurationIsVisible = 0;
		};
		B22B7DAE1AC6B9090026AEDB /* Build configuration list for PBXNativeTarget "Hoverlytics for MacTests" */ = {
			isa = XCConfigurationList;
			buildConfigurations = (
				B22B7DAF1AC6B9090026AEDB /* Debug */,
				B22B7DB01AC6B9090026AEDB /* Release */,
			);
			defaultConfigurationIsVisible = 0;
		};
/* End XCConfigurationList section */
	};
	rootObject = B22B7D871AC6B9090026AEDB /* Project object */;
}
